// !$*UTF8*$!
{
	archiveVersion = 1;
	classes = {
	};
	objectVersion = 77;
	objects = {

/* Begin PBXBuildFile section */
		038D33A76FD33375D84DF1F7 /* TemplateEditorView.swift in Sources */ = {isa = PBXBuildFile; fileRef = E35F2324667B2198591F1248 /* TemplateEditorView.swift */; };
		04BBBD2BBE8DB272DD5F2FC4 /* SessionDetailView.swift in Sources */ = {isa = PBXBuildFile; fileRef = 6565D058E37C07C56629E7B2 /* SessionDetailView.swift */; };
		062B6E6B41EB25488FED4633 /* ContentView.swift in Sources */ = {isa = PBXBuildFile; fileRef = 8BD7455B710EB61F888086FB /* ContentView.swift */; };
		06FBD7A1F8F1A0FBA3132FBD /* TemplateRepository.swift in Sources */ = {isa = PBXBuildFile; fileRef = EDB80A73183417D034A5D9D2 /* TemplateRepository.swift */; };
		09BFB0A77ACFC387278D25C5 /* TimerView.swift in Sources */ = {isa = PBXBuildFile; fileRef = 387251250D1DD666C6844AAC /* TimerView.swift */; };
		0C760D8506EBA74648EA1BB4 /* StoreKitService.swift in Sources */ = {isa = PBXBuildFile; fileRef = ADF1DA552648ECCD05618F51 /* StoreKitService.swift */; };
		0E664DF9549AF328EB74A573 /* ExercisePickerView.swift in Sources */ = {isa = PBXBuildFile; fileRef = D79BE6144853D40CA5D38FD1 /* ExercisePickerView.swift */; };
		0ECE953A0A23DCCCDE44F25A /* WatchMusicControlsView.swift in Sources */ = {isa = PBXBuildFile; fileRef = 6901B93667A3C3D9B984366E /* WatchMusicControlsView.swift */; };
		0F50DC9198A037F47E361C4A /* HistoryListView.swift in Sources */ = {isa = PBXBuildFile; fileRef = F3C86AD890D5AC68C5F53E84 /* HistoryListView.swift */; };
		105A27C2A3A69FFF10D627C4 /* WatchSetFaceView.swift in Sources */ = {isa = PBXBuildFile; fileRef = 4DEF6DAE67B23F6A04C9957D /* WatchSetFaceView.swift */; };
		153B0343F21920C963816BFE /* iCloudService.swift in Sources */ = {isa = PBXBuildFile; fileRef = 1361A089FD7C2E49A0E14D60 /* iCloudService.swift */; };
		16BC10CAD08A56BBD8E8340C /* WorkoutSimulationTests.swift in Sources */ = {isa = PBXBuildFile; fileRef = 78A4CBF76D0A244572B64FB5 /* WorkoutSimulationTests.swift */; };
		17432195F5AAA6AE4BEB7943 /* IroniqUITests.swift in Sources */ = {isa = PBXBuildFile; fileRef = 56BF140B18843850BCCCEAA7 /* IroniqUITests.swift */; };
		1BA76E77E8BC0B70132A3815 /* SessionEngine.swift in Sources */ = {isa = PBXBuildFile; fileRef = D071584FD49D0024E05D6309 /* SessionEngine.swift */; };
		1C9C979C16DFA2FF6ED9DC23 /* CloudRestoreService.swift in Sources */ = {isa = PBXBuildFile; fileRef = 26FBCF97A9A747E03EBE0C1F /* CloudRestoreService.swift */; };
		275BADD1E2CA8C9EC5F30D00 /* SettingsViewModel.swift in Sources */ = {isa = PBXBuildFile; fileRef = C1B8A937908F8160DBAD4D42 /* SettingsViewModel.swift */; };
		290F973AA38C62D94BA3CAD8 /* WatchRestFaceView.swift in Sources */ = {isa = PBXBuildFile; fileRef = 73ACC37DF11305CC81F4E799 /* WatchRestFaceView.swift */; };
		3131CBB80BF36F81A196168E /* PendingExportQueue.swift in Sources */ = {isa = PBXBuildFile; fileRef = 3EC4B688F793CE5094CEB2B4 /* PendingExportQueue.swift */; };
		348056BA014EBDA5D17D6180 /* SessionViewModel.swift in Sources */ = {isa = PBXBuildFile; fileRef = C0B5B6F3FD34E843C1EC9361 /* SessionViewModel.swift */; };
		389C1F56AB31C7B1CE0F737E /* SessionRepository.swift in Sources */ = {isa = PBXBuildFile; fileRef = F8297E774BF25DBEE88C81E8 /* SessionRepository.swift */; };
		391FC2655DEF887CCCC7687F /* TemplateViewModel.swift in Sources */ = {isa = PBXBuildFile; fileRef = 062DDC3BE39B2F6503A898F0 /* TemplateViewModel.swift */; };
		3A67C1B30A291551D91D441A /* FeatureGateTests.swift in Sources */ = {isa = PBXBuildFile; fileRef = DF6B1CB7226C0C79D18C8792 /* FeatureGateTests.swift */; };
		40CD44E1B717ECE4CECDF51B /* WorkoutHistoryExport.swift in Sources */ = {isa = PBXBuildFile; fileRef = DC4E069FF30AD8D0EE11A0DD /* WorkoutHistoryExport.swift */; };
		41C83F5CDEA224130E56A4C7 /* ReviewBeforeSavingView.swift in Sources */ = {isa = PBXBuildFile; fileRef = F7D993ED147696DFD41D7BF9 /* ReviewBeforeSavingView.swift */; };
		427CC231B313D07435948EAB /* WatchConnectivityService.swift in Sources */ = {isa = PBXBuildFile; fileRef = 5D578322B0C74C2BBD018EED /* WatchConnectivityService.swift */; };
		44BD42958CF2DB3F7F8E0C00 /* Exercise.swift in Sources */ = {isa = PBXBuildFile; fileRef = C9F819B9C9BB2A034F4F7162 /* Exercise.swift */; };
		45C4ACC7A86D1D64095CA33C /* SettingsView.swift in Sources */ = {isa = PBXBuildFile; fileRef = 4A52165A302C4D28A9FA48BA /* SettingsView.swift */; };
		46135B16308F6A622BA84901 /* HistoryUITests.swift in Sources */ = {isa = PBXBuildFile; fileRef = C44BCFDDC06302EF5223ACE6 /* HistoryUITests.swift */; };
		46651DC90DA301610C7DCB33 /* WatchActiveSessionView.swift in Sources */ = {isa = PBXBuildFile; fileRef = 390328042A93E5460BF3975F /* WatchActiveSessionView.swift */; };
		48232E7B17AB997D2D9956FC /* ExerciseModelTests.swift in Sources */ = {isa = PBXBuildFile; fileRef = 98D5919D68C63220F6976A58 /* ExerciseModelTests.swift */; };
		4A3EE550FB220CC99030689F /* ProGateView.swift in Sources */ = {isa = PBXBuildFile; fileRef = 07CCE4C69BA908105F220973 /* ProGateView.swift */; };
		50A70766DCBAA13CF6E74187 /* Enums.swift in Sources */ = {isa = PBXBuildFile; fileRef = C9C32F9371D92793E080643C /* Enums.swift */; };
		53CC4B87FC80E1CD61C69638 /* Data+GZip.swift in Sources */ = {isa = PBXBuildFile; fileRef = F1ED28655EBA06C0703915B0 /* Data+GZip.swift */; };
		53F72F244AA268F9B4ED861C /* Phase3Tests.swift in Sources */ = {isa = PBXBuildFile; fileRef = D3E52A71C34B4834C6B66DDB /* Phase3Tests.swift */; };
		54DFCD406754C3CD4178D931 /* TemplateListView.swift in Sources */ = {isa = PBXBuildFile; fileRef = 006324428AF2C299AEC89139 /* TemplateListView.swift */; };
		5793B18AA8EE8BB2D9BB518F /* WeightFormatter.swift in Sources */ = {isa = PBXBuildFile; fileRef = 5971FD9B2E205546E1933DE2 /* WeightFormatter.swift */; };
		59540898DEE585609E433B35 /* IroniqWatchTests.swift in Sources */ = {isa = PBXBuildFile; fileRef = 20338929AB8FCA252E0E51EC /* IroniqWatchTests.swift */; };
		59A79CC80E9F6D0DE2274043 /* WatchInputFaceView.swift in Sources */ = {isa = PBXBuildFile; fileRef = D5D05EA76A8E755F92579400 /* WatchInputFaceView.swift */; };
		59DCB370C96EDB9E594C817E /* TemplateUITests.swift in Sources */ = {isa = PBXBuildFile; fileRef = 7F4AA0354DF0D361840BB57E /* TemplateUITests.swift */; };
		5A2340B3AAD9D87EE70FDC1A /* InputFaceView.swift in Sources */ = {isa = PBXBuildFile; fileRef = AF2069B2A7DBA9F15CD2188C /* InputFaceView.swift */; };
		5B872CBCC9012697230DEBE2 /* AppState.swift in Sources */ = {isa = PBXBuildFile; fileRef = 2F8F2C2A811EAA0E2E84A9D0 /* AppState.swift */; };
		5C89C9C0BBE12A51489C5E94 /* TimeInterval+Format.swift in Sources */ = {isa = PBXBuildFile; fileRef = 4D6E30399A165B01368DC4E0 /* TimeInterval+Format.swift */; };
		5F45AEC97AEBCC50CCA9E6AF /* SessionModelTests.swift in Sources */ = {isa = PBXBuildFile; fileRef = 005AC8EAD8B038D605BE280D /* SessionModelTests.swift */; };
		602573A7D01CA9DF0F0A7C6F /* PerformanceTests.swift in Sources */ = {isa = PBXBuildFile; fileRef = BCC9EA8970148102DE7FFBA2 /* PerformanceTests.swift */; };
		61E21BA186D0E58E6BE0FA28 /* WatchSessionViewModel.swift in Sources */ = {isa = PBXBuildFile; fileRef = 7DA845306677005381A938C3 /* WatchSessionViewModel.swift */; };
		65AD0802D7754F1252717D72 /* Products.storekit in Resources */ = {isa = PBXBuildFile; fileRef = 259D3EBDC38D32FA017CE637 /* Products.storekit */; };
		6BE1D53B4C5479F5922B4431 /* WatchComplicationTests.swift in Sources */ = {isa = PBXBuildFile; fileRef = 114A42DC2386CB45870B20E8 /* WatchComplicationTests.swift */; };
		6D35E397CA9F8AF63425695B /* ModelContainerFactory.swift in Sources */ = {isa = PBXBuildFile; fileRef = 1008033AE101F0DF5A23BB40 /* ModelContainerFactory.swift */; };
		71E66081D24C20BFB94EAE97 /* SessionIntents.swift in Sources */ = {isa = PBXBuildFile; fileRef = 990B3A34E0F62867BC58523D /* SessionIntents.swift */; };
		78BE34BD96271A131C0938C6 /* ExerciseRepository.swift in Sources */ = {isa = PBXBuildFile; fileRef = DCBD701FE5C97F209A328C9C /* ExerciseRepository.swift */; };
		7AEDD67AD67F3771DA5ADBC3 /* Color+Ironiq.swift in Sources */ = {isa = PBXBuildFile; fileRef = 7457024152949C0C32CA06FF /* Color+Ironiq.swift */; };
		7D7D3DC22CBC68DCB689FA37 /* TimerSystemTests.swift in Sources */ = {isa = PBXBuildFile; fileRef = 52BAC6D1CD0BB01DDDED61C8 /* TimerSystemTests.swift */; };
		7F629806C95DBA49BFEB69E0 /* IroniqNavigationTests.swift in Sources */ = {isa = PBXBuildFile; fileRef = EE83FAC75699D62DD467DBB7 /* IroniqNavigationTests.swift */; };
		80355F14E593EC9FB73FCB56 /* Assets.xcassets in Resources */ = {isa = PBXBuildFile; fileRef = FEA9519F689ED2E014ADA4F9 /* Assets.xcassets */; };
		8166C8F7E42E5DCF70E8918B /* PreviewRepositories.swift in Sources */ = {isa = PBXBuildFile; fileRef = 123A962B2EC0D8523957DC6C /* PreviewRepositories.swift */; };
		81EDF955B1F8493D60A07AAC /* IroniqWidgetBundle.swift in Sources */ = {isa = PBXBuildFile; fileRef = B2B4D0FCE721C8E5597AC4D4 /* IroniqWidgetBundle.swift */; };
		8512DA6C7BD5F50A4F3029CA /* ModelContainerFactoryTests.swift in Sources */ = {isa = PBXBuildFile; fileRef = D8FA098104B268290ED22CE0 /* ModelContainerFactoryTests.swift */; };
		8672F6CAE86FFB88BEA97932 /* SetFaceView.swift in Sources */ = {isa = PBXBuildFile; fileRef = B493452F2DBA400800077F9E /* SetFaceView.swift */; };
		8E5A80F164D7AEF99919A755 /* SeedDataTests.swift in Sources */ = {isa = PBXBuildFile; fileRef = 0D7EC7F3E915A6748CBFB80E /* SeedDataTests.swift */; };
		8E72609F174855891FE56BA0 /* HealthKitServiceTests.swift in Sources */ = {isa = PBXBuildFile; fileRef = 4526E5CA05F22113E8F944FE /* HealthKitServiceTests.swift */; };
		91F9A2A93920FFB4965AA62C /* WatchHealthKitService.swift in Sources */ = {isa = PBXBuildFile; fileRef = 1DAAC33B02B15B761FC459D5 /* WatchHealthKitService.swift */; };
		94A93B7A02A21F8365DB9D50 /* TemplateRepositoryTests.swift in Sources */ = {isa = PBXBuildFile; fileRef = 649B6EBD0DE8341177F2577D /* TemplateRepositoryTests.swift */; };
		981E3FE7FFD32F272A733070 /* SessionExportModel.swift in Sources */ = {isa = PBXBuildFile; fileRef = FF5860926739E07C50C6C707 /* SessionExportModel.swift */; };
		9886BEED45205F9D02DDF83F /* WatchPausedView.swift in Sources */ = {isa = PBXBuildFile; fileRef = E3131A9285BEAB2F4B7965F5 /* WatchPausedView.swift */; };
		9C722F90C97ED5C19267C002 /* CloudStorageRouter.swift in Sources */ = {isa = PBXBuildFile; fileRef = 891FF4DA0037B8BEB7E604FC /* CloudStorageRouter.swift */; };
		9D1A1A072A4211D06686ABC1 /* AccessibilityModifiers.swift in Sources */ = {isa = PBXBuildFile; fileRef = C8A345E3C35429430B008A50 /* AccessibilityModifiers.swift */; };
		9D82E11E83617CC304C3EB46 /* TemplateDetailView.swift in Sources */ = {isa = PBXBuildFile; fileRef = 25D2922BE9F0AE4EDED44450 /* TemplateDetailView.swift */; };
		A0208896533444A54709965D /* IroniqApp.swift in Sources */ = {isa = PBXBuildFile; fileRef = 6538A217CAF7A4EEA9EBF589 /* IroniqApp.swift */; };
		A234D802F8FB0BA3DE54369A /* MockServices.swift in Sources */ = {isa = PBXBuildFile; fileRef = 37E6BEF43B7F1B69B0CE825C /* MockServices.swift */; };
		A8F763295652F6F6EEBE8248 /* IroniqWatchApp.swift in Sources */ = {isa = PBXBuildFile; fileRef = 2BEED23BFBDFDD0E64B8E727 /* IroniqWatchApp.swift */; };
		A91484DD8A2BF981EB5D0DCB /* StartView.swift in Sources */ = {isa = PBXBuildFile; fileRef = 33D467FDF6C603EA1DF53970 /* StartView.swift */; };
		AAEBE689394DBCEB15A4DD1C /* SettingsUITests.swift in Sources */ = {isa = PBXBuildFile; fileRef = 2CF5A83B83EC64E6E7C77B26 /* SettingsUITests.swift */; };
		AC12F4CF98FB58112B7C56E8 /* SeedDataService.swift in Sources */ = {isa = PBXBuildFile; fileRef = A732CB8886C1F9AB3BDCB56D /* SeedDataService.swift */; };
		AD5F8E16C17EECB94A411AC1 /* WatchEndConfirmView.swift in Sources */ = {isa = PBXBuildFile; fileRef = 06974E01DA7399BE55F9B59D /* WatchEndConfirmView.swift */; };
		AF74A643E7D16567CFA73D14 /* WatchSessionViewModelTests.swift in Sources */ = {isa = PBXBuildFile; fileRef = 9DFB34F5FFA9716C088FD364 /* WatchSessionViewModelTests.swift */; };
		B32B0DB93EFA5D0B783AF4FE /* Session.swift in Sources */ = {isa = PBXBuildFile; fileRef = E63A2C5049BCCB616C571DB7 /* Session.swift */; };
		B6143733AC57235D9A30E5BD /* HomeView.swift in Sources */ = {isa = PBXBuildFile; fileRef = 71DB0A3428F9AA4387C1391B /* HomeView.swift */; };
		B7A9931B07FF59ED08B7C1CC /* IroniqTabView.swift in Sources */ = {isa = PBXBuildFile; fileRef = 5F53A13F015D0D1DCD803095 /* IroniqTabView.swift */; };
		B9AAEDC6F28D2229A076C0D4 /* Template.swift in Sources */ = {isa = PBXBuildFile; fileRef = 853F51012252EB9E1E6F81D2 /* Template.swift */; };
		B9D24BD183EA62F4B19DF941 /* SessionEngineTests.swift in Sources */ = {isa = PBXBuildFile; fileRef = C0ADF518040FD9FCBDBDFFE2 /* SessionEngineTests.swift */; };
		BA0467C6C15A8465014EF0CA /* PausedFaceView.swift in Sources */ = {isa = PBXBuildFile; fileRef = EA02F6F30D96E38D667283D9 /* PausedFaceView.swift */; };
		BBE6DA91332CC9A39D3B230C /* TimerSystem.swift in Sources */ = {isa = PBXBuildFile; fileRef = 2C45E6997379F7242C5ACE61 /* TimerSystem.swift */; };
		C6E361AF60831BE10CD655F2 /* ExerciseRowView.swift in Sources */ = {isa = PBXBuildFile; fileRef = 6640F45218ADFACEDE0C608B /* ExerciseRowView.swift */; };
		C9859BD02D60CE852FFA7A9C /* StoreKitServiceTests.swift in Sources */ = {isa = PBXBuildFile; fileRef = 05F3214F425729E3A93480AA /* StoreKitServiceTests.swift */; };
		D0EADFAD1F1BF99742C438BA /* WatchHomeView.swift in Sources */ = {isa = PBXBuildFile; fileRef = AEB31B0C2445AA248974D000 /* WatchHomeView.swift */; };
		D12386F16B71650DA01B49F7 /* SessionUITests.swift in Sources */ = {isa = PBXBuildFile; fileRef = 8F90BA808FA14C75D5B0A405 /* SessionUITests.swift */; };
		D18BCE1D0E074FF666876472 /* Color+Ironiq.swift in Sources */ = {isa = PBXBuildFile; fileRef = 9DBC5B8CBD2E7CDF721301B0 /* Color+Ironiq.swift */; };
		D32171B09EF5D0B279CF9E47 /* TimeInterval+Format.swift in Sources */ = {isa = PBXBuildFile; fileRef = 4BF3335E1284B9F127380A8B /* TimeInterval+Format.swift */; };
		DB60CAF0DE2D9B9D1ED4C8BB /* iCloudServiceTests.swift in Sources */ = {isa = PBXBuildFile; fileRef = D2173740A038C9ECD080D93C /* iCloudServiceTests.swift */; };
		DC585CDB1B3A598BE875B51E /* HistoryCalendarView.swift in Sources */ = {isa = PBXBuildFile; fileRef = 2806E3D58E907D5B34C65DE6 /* HistoryCalendarView.swift */; };
		DD939C654D2C7FA21CD7637A /* RegressionTests.swift in Sources */ = {isa = PBXBuildFile; fileRef = 12611D69D551924D2B7293B4 /* RegressionTests.swift */; };
		E05B78979AD8E3E5DA4122CE /* MockRepositories.swift in Sources */ = {isa = PBXBuildFile; fileRef = 941CFC5FB06D06236B52970D /* MockRepositories.swift */; };
		E43206AC53A0762A29822375 /* ActiveSessionView.swift in Sources */ = {isa = PBXBuildFile; fileRef = B84CF940066FA505838AC36B /* ActiveSessionView.swift */; };
		E5AB4F9E6C969AD80E82A68F /* SessionSummaryView.swift in Sources */ = {isa = PBXBuildFile; fileRef = 92604713A4B3CA5002B6E30D /* SessionSummaryView.swift */; };
		E6C43C46833E11D5FC677909 /* ExerciseRepositoryTests.swift in Sources */ = {isa = PBXBuildFile; fileRef = 5A3788165789F6DF314DD328 /* ExerciseRepositoryTests.swift */; };
		E88337FC30B0EDA9A8EBB8FA /* IroniqExercises.json in Resources */ = {isa = PBXBuildFile; fileRef = 3B0400050EF952712E894C76 /* IroniqExercises.json */; };
		E8B8774EBDA56943A5D688A1 /* RestFaceView.swift in Sources */ = {isa = PBXBuildFile; fileRef = 864B1ABF402799E5E1502C20 /* RestFaceView.swift */; };
		F0ADEEBDD629835809022896 /* HealthKitService.swift in Sources */ = {isa = PBXBuildFile; fileRef = 5B7DA69825197F97789D3CF9 /* HealthKitService.swift */; };
		F17B375EC6CE0909CFB83572 /* OnboardingView.swift in Sources */ = {isa = PBXBuildFile; fileRef = C2B9093924D899ED1068D9E8 /* OnboardingView.swift */; };
		F3717670996969CBAF88BEBD /* CloudPhase2Tests.swift in Sources */ = {isa = PBXBuildFile; fileRef = F3FE31D24A6CDD24207C2921 /* CloudPhase2Tests.swift */; };
		F54111BBE69A39BC304CF843 /* HistoryViewModel.swift in Sources */ = {isa = PBXBuildFile; fileRef = 08BEE054C30BD219A381D97F /* HistoryViewModel.swift */; };
		F61DED65C261BC961F2D8C13 /* AppModel.swift in Sources */ = {isa = PBXBuildFile; fileRef = F98A460DEFEFAC26E10577A2 /* AppModel.swift */; };
		F81DE5885764D7D3E27A9C23 /* WatchSyncServiceTests.swift in Sources */ = {isa = PBXBuildFile; fileRef = 7F09FB90E86D5ABB374E163C /* WatchSyncServiceTests.swift */; };
		F86536403B290E0F0F838C4D /* WatchSyncService.swift in Sources */ = {isa = PBXBuildFile; fileRef = EB86F378B5E04EA4CE1D0869 /* WatchSyncService.swift */; };
		F9B082819ACA0D1C93E9FD9E /* DTOs.swift in Sources */ = {isa = PBXBuildFile; fileRef = 5B2CDD4379269568F132A7F9 /* DTOs.swift */; };
		FD7236B0A32B3EEFBD73BEA3 /* SessionIntentTests.swift in Sources */ = {isa = PBXBuildFile; fileRef = C7BE5F6CD3CDCCF7BB6A2EA6 /* SessionIntentTests.swift */; };
/* End PBXBuildFile section */

/* Begin PBXContainerItemProxy section */
		2263DF1BBE3D9536C1EC572E /* PBXContainerItemProxy */ = {
			isa = PBXContainerItemProxy;
			containerPortal = 16618C087402DF341C28B176 /* Project object */;
			proxyType = 1;
			remoteGlobalIDString = 5C1880E4956898BA553B58CC;
			remoteInfo = Ironiq;
		};
		3266154E65685B8CEC1F8EA9 /* PBXContainerItemProxy */ = {
			isa = PBXContainerItemProxy;
			containerPortal = 16618C087402DF341C28B176 /* Project object */;
			proxyType = 1;
			remoteGlobalIDString = 1738BF334A62C5C4BD72A940;
			remoteInfo = IroniqWatch;
		};
		DEB1D5E54F0EAA771A844F7D /* PBXContainerItemProxy */ = {
			isa = PBXContainerItemProxy;
			containerPortal = 16618C087402DF341C28B176 /* Project object */;
			proxyType = 1;
			remoteGlobalIDString = 5C1880E4956898BA553B58CC;
			remoteInfo = Ironiq;
		};
/* End PBXContainerItemProxy section */

/* Begin PBXFileReference section */
		005AC8EAD8B038D605BE280D /* SessionModelTests.swift */ = {isa = PBXFileReference; lastKnownFileType = sourcecode.swift; path = SessionModelTests.swift; sourceTree = "<group>"; };
		006324428AF2C299AEC89139 /* TemplateListView.swift */ = {isa = PBXFileReference; lastKnownFileType = sourcecode.swift; path = TemplateListView.swift; sourceTree = "<group>"; };
		05F3214F425729E3A93480AA /* StoreKitServiceTests.swift */ = {isa = PBXFileReference; lastKnownFileType = sourcecode.swift; path = StoreKitServiceTests.swift; sourceTree = "<group>"; };
		062DDC3BE39B2F6503A898F0 /* TemplateViewModel.swift */ = {isa = PBXFileReference; lastKnownFileType = sourcecode.swift; path = TemplateViewModel.swift; sourceTree = "<group>"; };
		06974E01DA7399BE55F9B59D /* WatchEndConfirmView.swift */ = {isa = PBXFileReference; lastKnownFileType = sourcecode.swift; path = WatchEndConfirmView.swift; sourceTree = "<group>"; };
		07CCE4C69BA908105F220973 /* ProGateView.swift */ = {isa = PBXFileReference; lastKnownFileType = sourcecode.swift; path = ProGateView.swift; sourceTree = "<group>"; };
		08BEE054C30BD219A381D97F /* HistoryViewModel.swift */ = {isa = PBXFileReference; lastKnownFileType = sourcecode.swift; path = HistoryViewModel.swift; sourceTree = "<group>"; };
		0D7EC7F3E915A6748CBFB80E /* SeedDataTests.swift */ = {isa = PBXFileReference; lastKnownFileType = sourcecode.swift; path = SeedDataTests.swift; sourceTree = "<group>"; };
		1008033AE101F0DF5A23BB40 /* ModelContainerFactory.swift */ = {isa = PBXFileReference; lastKnownFileType = sourcecode.swift; path = ModelContainerFactory.swift; sourceTree = "<group>"; };
		114A42DC2386CB45870B20E8 /* WatchComplicationTests.swift */ = {isa = PBXFileReference; lastKnownFileType = sourcecode.swift; path = WatchComplicationTests.swift; sourceTree = "<group>"; };
		123A962B2EC0D8523957DC6C /* PreviewRepositories.swift */ = {isa = PBXFileReference; lastKnownFileType = sourcecode.swift; path = PreviewRepositories.swift; sourceTree = "<group>"; };
		12611D69D551924D2B7293B4 /* RegressionTests.swift */ = {isa = PBXFileReference; lastKnownFileType = sourcecode.swift; path = RegressionTests.swift; sourceTree = "<group>"; };
		1361A089FD7C2E49A0E14D60 /* iCloudService.swift */ = {isa = PBXFileReference; lastKnownFileType = sourcecode.swift; path = iCloudService.swift; sourceTree = "<group>"; };
		13A17665EAC24BA46ADA95FA /* IroniqWatchComplication.appex */ = {isa = PBXFileReference; explicitFileType = "wrapper.app-extension"; includeInIndex = 0; path = IroniqWatchComplication.appex; sourceTree = BUILT_PRODUCTS_DIR; };
		1DAAC33B02B15B761FC459D5 /* WatchHealthKitService.swift */ = {isa = PBXFileReference; lastKnownFileType = sourcecode.swift; path = WatchHealthKitService.swift; sourceTree = "<group>"; };
		20338929AB8FCA252E0E51EC /* IroniqWatchTests.swift */ = {isa = PBXFileReference; lastKnownFileType = sourcecode.swift; path = IroniqWatchTests.swift; sourceTree = "<group>"; };
		259D3EBDC38D32FA017CE637 /* Products.storekit */ = {isa = PBXFileReference; path = Products.storekit; sourceTree = "<group>"; };
		25D2922BE9F0AE4EDED44450 /* TemplateDetailView.swift */ = {isa = PBXFileReference; lastKnownFileType = sourcecode.swift; path = TemplateDetailView.swift; sourceTree = "<group>"; };
		26FBCF97A9A747E03EBE0C1F /* CloudRestoreService.swift */ = {isa = PBXFileReference; lastKnownFileType = sourcecode.swift; path = CloudRestoreService.swift; sourceTree = "<group>"; };
		2806E3D58E907D5B34C65DE6 /* HistoryCalendarView.swift */ = {isa = PBXFileReference; lastKnownFileType = sourcecode.swift; path = HistoryCalendarView.swift; sourceTree = "<group>"; };
		2BEED23BFBDFDD0E64B8E727 /* IroniqWatchApp.swift */ = {isa = PBXFileReference; lastKnownFileType = sourcecode.swift; path = IroniqWatchApp.swift; sourceTree = "<group>"; };
		2C45E6997379F7242C5ACE61 /* TimerSystem.swift */ = {isa = PBXFileReference; lastKnownFileType = sourcecode.swift; path = TimerSystem.swift; sourceTree = "<group>"; };
		2CF5A83B83EC64E6E7C77B26 /* SettingsUITests.swift */ = {isa = PBXFileReference; lastKnownFileType = sourcecode.swift; path = SettingsUITests.swift; sourceTree = "<group>"; };
		2F8F2C2A811EAA0E2E84A9D0 /* AppState.swift */ = {isa = PBXFileReference; lastKnownFileType = sourcecode.swift; path = AppState.swift; sourceTree = "<group>"; };
		33D467FDF6C603EA1DF53970 /* StartView.swift */ = {isa = PBXFileReference; lastKnownFileType = sourcecode.swift; path = StartView.swift; sourceTree = "<group>"; };
		37E6BEF43B7F1B69B0CE825C /* MockServices.swift */ = {isa = PBXFileReference; lastKnownFileType = sourcecode.swift; path = MockServices.swift; sourceTree = "<group>"; };
		387251250D1DD666C6844AAC /* TimerView.swift */ = {isa = PBXFileReference; lastKnownFileType = sourcecode.swift; path = TimerView.swift; sourceTree = "<group>"; };
		390328042A93E5460BF3975F /* WatchActiveSessionView.swift */ = {isa = PBXFileReference; lastKnownFileType = sourcecode.swift; path = WatchActiveSessionView.swift; sourceTree = "<group>"; };
		3B0400050EF952712E894C76 /* IroniqExercises.json */ = {isa = PBXFileReference; lastKnownFileType = text.json; path = IroniqExercises.json; sourceTree = "<group>"; };
		3EC4B688F793CE5094CEB2B4 /* PendingExportQueue.swift */ = {isa = PBXFileReference; lastKnownFileType = sourcecode.swift; path = PendingExportQueue.swift; sourceTree = "<group>"; };
		4526E5CA05F22113E8F944FE /* HealthKitServiceTests.swift */ = {isa = PBXFileReference; lastKnownFileType = sourcecode.swift; path = HealthKitServiceTests.swift; sourceTree = "<group>"; };
		4A52165A302C4D28A9FA48BA /* SettingsView.swift */ = {isa = PBXFileReference; lastKnownFileType = sourcecode.swift; path = SettingsView.swift; sourceTree = "<group>"; };
		4BF3335E1284B9F127380A8B /* TimeInterval+Format.swift */ = {isa = PBXFileReference; lastKnownFileType = sourcecode.swift; path = "TimeInterval+Format.swift"; sourceTree = "<group>"; };
		4D6E30399A165B01368DC4E0 /* TimeInterval+Format.swift */ = {isa = PBXFileReference; lastKnownFileType = sourcecode.swift; path = "TimeInterval+Format.swift"; sourceTree = "<group>"; };
		4DEF6DAE67B23F6A04C9957D /* WatchSetFaceView.swift */ = {isa = PBXFileReference; lastKnownFileType = sourcecode.swift; path = WatchSetFaceView.swift; sourceTree = "<group>"; };
		52BAC6D1CD0BB01DDDED61C8 /* TimerSystemTests.swift */ = {isa = PBXFileReference; lastKnownFileType = sourcecode.swift; path = TimerSystemTests.swift; sourceTree = "<group>"; };
		5480D83564F05ADFF37BF07B /* Info.plist */ = {isa = PBXFileReference; lastKnownFileType = text.plist; path = Info.plist; sourceTree = "<group>"; };
		56BF140B18843850BCCCEAA7 /* IroniqUITests.swift */ = {isa = PBXFileReference; lastKnownFileType = sourcecode.swift; path = IroniqUITests.swift; sourceTree = "<group>"; };
		5971FD9B2E205546E1933DE2 /* WeightFormatter.swift */ = {isa = PBXFileReference; lastKnownFileType = sourcecode.swift; path = WeightFormatter.swift; sourceTree = "<group>"; };
		5A3788165789F6DF314DD328 /* ExerciseRepositoryTests.swift */ = {isa = PBXFileReference; lastKnownFileType = sourcecode.swift; path = ExerciseRepositoryTests.swift; sourceTree = "<group>"; };
		5B2CDD4379269568F132A7F9 /* DTOs.swift */ = {isa = PBXFileReference; lastKnownFileType = sourcecode.swift; path = DTOs.swift; sourceTree = "<group>"; };
		5B7DA69825197F97789D3CF9 /* HealthKitService.swift */ = {isa = PBXFileReference; lastKnownFileType = sourcecode.swift; path = HealthKitService.swift; sourceTree = "<group>"; };
		5D578322B0C74C2BBD018EED /* WatchConnectivityService.swift */ = {isa = PBXFileReference; lastKnownFileType = sourcecode.swift; path = WatchConnectivityService.swift; sourceTree = "<group>"; };
		5F53A13F015D0D1DCD803095 /* IroniqTabView.swift */ = {isa = PBXFileReference; lastKnownFileType = sourcecode.swift; path = IroniqTabView.swift; sourceTree = "<group>"; };
		649B6EBD0DE8341177F2577D /* TemplateRepositoryTests.swift */ = {isa = PBXFileReference; lastKnownFileType = sourcecode.swift; path = TemplateRepositoryTests.swift; sourceTree = "<group>"; };
		6538A217CAF7A4EEA9EBF589 /* IroniqApp.swift */ = {isa = PBXFileReference; lastKnownFileType = sourcecode.swift; path = IroniqApp.swift; sourceTree = "<group>"; };
		6565D058E37C07C56629E7B2 /* SessionDetailView.swift */ = {isa = PBXFileReference; lastKnownFileType = sourcecode.swift; path = SessionDetailView.swift; sourceTree = "<group>"; };
		6640F45218ADFACEDE0C608B /* ExerciseRowView.swift */ = {isa = PBXFileReference; lastKnownFileType = sourcecode.swift; path = ExerciseRowView.swift; sourceTree = "<group>"; };
		6901B93667A3C3D9B984366E /* WatchMusicControlsView.swift */ = {isa = PBXFileReference; lastKnownFileType = sourcecode.swift; path = WatchMusicControlsView.swift; sourceTree = "<group>"; };
		71DB0A3428F9AA4387C1391B /* HomeView.swift */ = {isa = PBXFileReference; lastKnownFileType = sourcecode.swift; path = HomeView.swift; sourceTree = "<group>"; };
		73ACC37DF11305CC81F4E799 /* WatchRestFaceView.swift */ = {isa = PBXFileReference; lastKnownFileType = sourcecode.swift; path = WatchRestFaceView.swift; sourceTree = "<group>"; };
		7457024152949C0C32CA06FF /* Color+Ironiq.swift */ = {isa = PBXFileReference; lastKnownFileType = sourcecode.swift; path = "Color+Ironiq.swift"; sourceTree = "<group>"; };
		78A4CBF76D0A244572B64FB5 /* WorkoutSimulationTests.swift */ = {isa = PBXFileReference; lastKnownFileType = sourcecode.swift; path = WorkoutSimulationTests.swift; sourceTree = "<group>"; };
		7DA845306677005381A938C3 /* WatchSessionViewModel.swift */ = {isa = PBXFileReference; lastKnownFileType = sourcecode.swift; path = WatchSessionViewModel.swift; sourceTree = "<group>"; };
		7F09FB90E86D5ABB374E163C /* WatchSyncServiceTests.swift */ = {isa = PBXFileReference; lastKnownFileType = sourcecode.swift; path = WatchSyncServiceTests.swift; sourceTree = "<group>"; };
		7F4AA0354DF0D361840BB57E /* TemplateUITests.swift */ = {isa = PBXFileReference; lastKnownFileType = sourcecode.swift; path = TemplateUITests.swift; sourceTree = "<group>"; };
		80FDC238EBC39ED54EB3081D /* Info.plist */ = {isa = PBXFileReference; lastKnownFileType = text.plist; path = Info.plist; sourceTree = "<group>"; };
		853F51012252EB9E1E6F81D2 /* Template.swift */ = {isa = PBXFileReference; lastKnownFileType = sourcecode.swift; path = Template.swift; sourceTree = "<group>"; };
		864B1ABF402799E5E1502C20 /* RestFaceView.swift */ = {isa = PBXFileReference; lastKnownFileType = sourcecode.swift; path = RestFaceView.swift; sourceTree = "<group>"; };
		891FF4DA0037B8BEB7E604FC /* CloudStorageRouter.swift */ = {isa = PBXFileReference; lastKnownFileType = sourcecode.swift; path = CloudStorageRouter.swift; sourceTree = "<group>"; };
		8BD7455B710EB61F888086FB /* ContentView.swift */ = {isa = PBXFileReference; lastKnownFileType = sourcecode.swift; path = ContentView.swift; sourceTree = "<group>"; };
		8F90BA808FA14C75D5B0A405 /* SessionUITests.swift */ = {isa = PBXFileReference; lastKnownFileType = sourcecode.swift; path = SessionUITests.swift; sourceTree = "<group>"; };
		92604713A4B3CA5002B6E30D /* SessionSummaryView.swift */ = {isa = PBXFileReference; lastKnownFileType = sourcecode.swift; path = SessionSummaryView.swift; sourceTree = "<group>"; };
		941CFC5FB06D06236B52970D /* MockRepositories.swift */ = {isa = PBXFileReference; lastKnownFileType = sourcecode.swift; path = MockRepositories.swift; sourceTree = "<group>"; };
		98CACA57D21DF52EF41C5E37 /* IroniqTests.xctest */ = {isa = PBXFileReference; includeInIndex = 0; lastKnownFileType = wrapper.cfbundle; path = IroniqTests.xctest; sourceTree = BUILT_PRODUCTS_DIR; };
		98D5919D68C63220F6976A58 /* ExerciseModelTests.swift */ = {isa = PBXFileReference; lastKnownFileType = sourcecode.swift; path = ExerciseModelTests.swift; sourceTree = "<group>"; };
		990B3A34E0F62867BC58523D /* SessionIntents.swift */ = {isa = PBXFileReference; lastKnownFileType = sourcecode.swift; path = SessionIntents.swift; sourceTree = "<group>"; };
		9DBC5B8CBD2E7CDF721301B0 /* Color+Ironiq.swift */ = {isa = PBXFileReference; lastKnownFileType = sourcecode.swift; path = "Color+Ironiq.swift"; sourceTree = "<group>"; };
		9DFB34F5FFA9716C088FD364 /* WatchSessionViewModelTests.swift */ = {isa = PBXFileReference; lastKnownFileType = sourcecode.swift; path = WatchSessionViewModelTests.swift; sourceTree = "<group>"; };
		A732CB8886C1F9AB3BDCB56D /* SeedDataService.swift */ = {isa = PBXFileReference; lastKnownFileType = sourcecode.swift; path = SeedDataService.swift; sourceTree = "<group>"; };
		ADF1DA552648ECCD05618F51 /* StoreKitService.swift */ = {isa = PBXFileReference; lastKnownFileType = sourcecode.swift; path = StoreKitService.swift; sourceTree = "<group>"; };
		AEB31B0C2445AA248974D000 /* WatchHomeView.swift */ = {isa = PBXFileReference; lastKnownFileType = sourcecode.swift; path = WatchHomeView.swift; sourceTree = "<group>"; };
		AF2069B2A7DBA9F15CD2188C /* InputFaceView.swift */ = {isa = PBXFileReference; lastKnownFileType = sourcecode.swift; path = InputFaceView.swift; sourceTree = "<group>"; };
		B2B4D0FCE721C8E5597AC4D4 /* IroniqWidgetBundle.swift */ = {isa = PBXFileReference; lastKnownFileType = sourcecode.swift; path = IroniqWidgetBundle.swift; sourceTree = "<group>"; };
		B493452F2DBA400800077F9E /* SetFaceView.swift */ = {isa = PBXFileReference; lastKnownFileType = sourcecode.swift; path = SetFaceView.swift; sourceTree = "<group>"; };
		B84CF940066FA505838AC36B /* ActiveSessionView.swift */ = {isa = PBXFileReference; lastKnownFileType = sourcecode.swift; path = ActiveSessionView.swift; sourceTree = "<group>"; };
		BBC81C59915BB058BCC762EF /* IroniqWatch.app */ = {isa = PBXFileReference; explicitFileType = wrapper.application; includeInIndex = 0; path = IroniqWatch.app; sourceTree = BUILT_PRODUCTS_DIR; };
		BCC9EA8970148102DE7FFBA2 /* PerformanceTests.swift */ = {isa = PBXFileReference; lastKnownFileType = sourcecode.swift; path = PerformanceTests.swift; sourceTree = "<group>"; };
		BFB8B6B6B4408BD0F9A1A191 /* Ironiq.app */ = {isa = PBXFileReference; includeInIndex = 0; lastKnownFileType = wrapper.application; path = Ironiq.app; sourceTree = BUILT_PRODUCTS_DIR; };
		C0ADF518040FD9FCBDBDFFE2 /* SessionEngineTests.swift */ = {isa = PBXFileReference; lastKnownFileType = sourcecode.swift; path = SessionEngineTests.swift; sourceTree = "<group>"; };
		C0B5B6F3FD34E843C1EC9361 /* SessionViewModel.swift */ = {isa = PBXFileReference; lastKnownFileType = sourcecode.swift; path = SessionViewModel.swift; sourceTree = "<group>"; };
		C1B8A937908F8160DBAD4D42 /* SettingsViewModel.swift */ = {isa = PBXFileReference; lastKnownFileType = sourcecode.swift; path = SettingsViewModel.swift; sourceTree = "<group>"; };
		C29695A094720E6E96CF4947 /* IroniqUITests.xctest */ = {isa = PBXFileReference; includeInIndex = 0; lastKnownFileType = wrapper.cfbundle; path = IroniqUITests.xctest; sourceTree = BUILT_PRODUCTS_DIR; };
		C2B9093924D899ED1068D9E8 /* OnboardingView.swift */ = {isa = PBXFileReference; lastKnownFileType = sourcecode.swift; path = OnboardingView.swift; sourceTree = "<group>"; };
		C44BCFDDC06302EF5223ACE6 /* HistoryUITests.swift */ = {isa = PBXFileReference; lastKnownFileType = sourcecode.swift; path = HistoryUITests.swift; sourceTree = "<group>"; };
		C7BE5F6CD3CDCCF7BB6A2EA6 /* SessionIntentTests.swift */ = {isa = PBXFileReference; lastKnownFileType = sourcecode.swift; path = SessionIntentTests.swift; sourceTree = "<group>"; };
		C8A345E3C35429430B008A50 /* AccessibilityModifiers.swift */ = {isa = PBXFileReference; lastKnownFileType = sourcecode.swift; path = AccessibilityModifiers.swift; sourceTree = "<group>"; };
		C9C32F9371D92793E080643C /* Enums.swift */ = {isa = PBXFileReference; lastKnownFileType = sourcecode.swift; path = Enums.swift; sourceTree = "<group>"; };
		C9F819B9C9BB2A034F4F7162 /* Exercise.swift */ = {isa = PBXFileReference; lastKnownFileType = sourcecode.swift; path = Exercise.swift; sourceTree = "<group>"; };
		D071584FD49D0024E05D6309 /* SessionEngine.swift */ = {isa = PBXFileReference; lastKnownFileType = sourcecode.swift; path = SessionEngine.swift; sourceTree = "<group>"; };
		D2173740A038C9ECD080D93C /* iCloudServiceTests.swift */ = {isa = PBXFileReference; lastKnownFileType = sourcecode.swift; path = iCloudServiceTests.swift; sourceTree = "<group>"; };
		D3E52A71C34B4834C6B66DDB /* Phase3Tests.swift */ = {isa = PBXFileReference; lastKnownFileType = sourcecode.swift; path = Phase3Tests.swift; sourceTree = "<group>"; };
		D5D05EA76A8E755F92579400 /* WatchInputFaceView.swift */ = {isa = PBXFileReference; lastKnownFileType = sourcecode.swift; path = WatchInputFaceView.swift; sourceTree = "<group>"; };
		D79BE6144853D40CA5D38FD1 /* ExercisePickerView.swift */ = {isa = PBXFileReference; lastKnownFileType = sourcecode.swift; path = ExercisePickerView.swift; sourceTree = "<group>"; };
		D8FA098104B268290ED22CE0 /* ModelContainerFactoryTests.swift */ = {isa = PBXFileReference; lastKnownFileType = sourcecode.swift; path = ModelContainerFactoryTests.swift; sourceTree = "<group>"; };
		D9FC86AE4E161F453D53D743 /* Info.plist */ = {isa = PBXFileReference; lastKnownFileType = text.plist; path = Info.plist; sourceTree = "<group>"; };
		DC4E069FF30AD8D0EE11A0DD /* WorkoutHistoryExport.swift */ = {isa = PBXFileReference; lastKnownFileType = sourcecode.swift; path = WorkoutHistoryExport.swift; sourceTree = "<group>"; };
		DCBD701FE5C97F209A328C9C /* ExerciseRepository.swift */ = {isa = PBXFileReference; lastKnownFileType = sourcecode.swift; path = ExerciseRepository.swift; sourceTree = "<group>"; };
		DF6B1CB7226C0C79D18C8792 /* FeatureGateTests.swift */ = {isa = PBXFileReference; lastKnownFileType = sourcecode.swift; path = FeatureGateTests.swift; sourceTree = "<group>"; };
		E3131A9285BEAB2F4B7965F5 /* WatchPausedView.swift */ = {isa = PBXFileReference; lastKnownFileType = sourcecode.swift; path = WatchPausedView.swift; sourceTree = "<group>"; };
		E35F2324667B2198591F1248 /* TemplateEditorView.swift */ = {isa = PBXFileReference; lastKnownFileType = sourcecode.swift; path = TemplateEditorView.swift; sourceTree = "<group>"; };
		E63A2C5049BCCB616C571DB7 /* Session.swift */ = {isa = PBXFileReference; lastKnownFileType = sourcecode.swift; path = Session.swift; sourceTree = "<group>"; };
		EA02F6F30D96E38D667283D9 /* PausedFaceView.swift */ = {isa = PBXFileReference; lastKnownFileType = sourcecode.swift; path = PausedFaceView.swift; sourceTree = "<group>"; };
		EB86F378B5E04EA4CE1D0869 /* WatchSyncService.swift */ = {isa = PBXFileReference; lastKnownFileType = sourcecode.swift; path = WatchSyncService.swift; sourceTree = "<group>"; };
		EDB80A73183417D034A5D9D2 /* TemplateRepository.swift */ = {isa = PBXFileReference; lastKnownFileType = sourcecode.swift; path = TemplateRepository.swift; sourceTree = "<group>"; };
		EE83FAC75699D62DD467DBB7 /* IroniqNavigationTests.swift */ = {isa = PBXFileReference; lastKnownFileType = sourcecode.swift; path = IroniqNavigationTests.swift; sourceTree = "<group>"; };
		F1ED28655EBA06C0703915B0 /* Data+GZip.swift */ = {isa = PBXFileReference; lastKnownFileType = sourcecode.swift; path = "Data+GZip.swift"; sourceTree = "<group>"; };
		F3C86AD890D5AC68C5F53E84 /* HistoryListView.swift */ = {isa = PBXFileReference; lastKnownFileType = sourcecode.swift; path = HistoryListView.swift; sourceTree = "<group>"; };
		F3FE31D24A6CDD24207C2921 /* CloudPhase2Tests.swift */ = {isa = PBXFileReference; lastKnownFileType = sourcecode.swift; path = CloudPhase2Tests.swift; sourceTree = "<group>"; };
		F7D993ED147696DFD41D7BF9 /* ReviewBeforeSavingView.swift */ = {isa = PBXFileReference; lastKnownFileType = sourcecode.swift; path = ReviewBeforeSavingView.swift; sourceTree = "<group>"; };
		F8297E774BF25DBEE88C81E8 /* SessionRepository.swift */ = {isa = PBXFileReference; lastKnownFileType = sourcecode.swift; path = SessionRepository.swift; sourceTree = "<group>"; };
		F8AFF36F21134564A4743B6F /* IroniqWatchTests.xctest */ = {isa = PBXFileReference; explicitFileType = wrapper.cfbundle; includeInIndex = 0; path = IroniqWatchTests.xctest; sourceTree = BUILT_PRODUCTS_DIR; };
		F98A460DEFEFAC26E10577A2 /* AppModel.swift */ = {isa = PBXFileReference; lastKnownFileType = sourcecode.swift; path = AppModel.swift; sourceTree = "<group>"; };
		FB324F99ED88E10811385E89 /* Ironiq.entitlements */ = {isa = PBXFileReference; lastKnownFileType = text.plist.entitlements; path = Ironiq.entitlements; sourceTree = "<group>"; };
		FEA9519F689ED2E014ADA4F9 /* Assets.xcassets */ = {isa = PBXFileReference; lastKnownFileType = folder.assetcatalog; path = Assets.xcassets; sourceTree = "<group>"; };
		FF5860926739E07C50C6C707 /* SessionExportModel.swift */ = {isa = PBXFileReference; lastKnownFileType = sourcecode.swift; path = SessionExportModel.swift; sourceTree = "<group>"; };
/* End PBXFileReference section */

/* Begin PBXGroup section */
		035E242C31160A0E667A921E /* IroniqTests */ = {
			isa = PBXGroup;
			children = (
				38DE55E09EC5122B2CFA3A5D /* Engine */,
				E5DE89BE9511E8CC8E5709D7 /* FeatureGate */,
				BAF93C1EA6C8DDDA52125B77 /* Intents */,
				BCDBAA9BBA525E327B9F06DD /* Mocks */,
				F97115791BD9AF64053D7E7F /* Models */,
				4D67BE3FEDC9F450CD801D2B /* Performance */,
				2F02E730747F73EF8F359B11 /* Regression */,
				9B7BAFF5E5E16E528C19B291 /* Repositories */,
				C98C84B6A18FDBE5961199FD /* SeedData */,
				42AB887B81F327E12FDF1672 /* Services */,
				C118F5A86CEDFD717E907F9A /* Simulations */,
			);
			path = IroniqTests;
			sourceTree = "<group>";
		};
		046E5CEECC76F1DABBD06C25 /* Services */ = {
			isa = PBXGroup;
			children = (
				26FBCF97A9A747E03EBE0C1F /* CloudRestoreService.swift */,
				891FF4DA0037B8BEB7E604FC /* CloudStorageRouter.swift */,
				5B7DA69825197F97789D3CF9 /* HealthKitService.swift */,
				1361A089FD7C2E49A0E14D60 /* iCloudService.swift */,
				1008033AE101F0DF5A23BB40 /* ModelContainerFactory.swift */,
				3EC4B688F793CE5094CEB2B4 /* PendingExportQueue.swift */,
				A732CB8886C1F9AB3BDCB56D /* SeedDataService.swift */,
				ADF1DA552648ECCD05618F51 /* StoreKitService.swift */,
				EB86F378B5E04EA4CE1D0869 /* WatchSyncService.swift */,
			);
			path = Services;
			sourceTree = "<group>";
		};
		0586B1E161E93FEE60447928 /* Settings */ = {
			isa = PBXGroup;
			children = (
				4A52165A302C4D28A9FA48BA /* SettingsView.swift */,
			);
			path = Settings;
			sourceTree = "<group>";
		};
		07A840A0EA2037A95751B068 /* Extensions */ = {
			isa = PBXGroup;
			children = (
				7457024152949C0C32CA06FF /* Color+Ironiq.swift */,
				4BF3335E1284B9F127380A8B /* TimeInterval+Format.swift */,
			);
			path = Extensions;
			sourceTree = "<group>";
		};
		15749D7FC7A6176215689645 /* Resources */ = {
			isa = PBXGroup;
			children = (
				FEA9519F689ED2E014ADA4F9 /* Assets.xcassets */,
				3B0400050EF952712E894C76 /* IroniqExercises.json */,
				259D3EBDC38D32FA017CE637 /* Products.storekit */,
			);
			path = Resources;
			sourceTree = "<group>";
		};
		204710AE3793D254A5717351 /* UI */ = {
			isa = PBXGroup;
			children = (
				F63B630A3E216627DD5BA470 /* Components */,
				F009ECC1BBD26D4951FE57DD /* History */,
				50CB9F4B07CD32D53EBDAA2D /* Home */,
				6F03A6FC5FAD5A7E0CBE88F4 /* Onboarding */,
				7AC87391342B7BFBE5DDCE61 /* Session */,
				0586B1E161E93FEE60447928 /* Settings */,
				30E5341C2785782B00813ADA /* Templates */,
			);
			path = UI;
			sourceTree = "<group>";
		};
		2AABA04B8DB24B176790B023 /* IroniqWatchComplication */ = {
			isa = PBXGroup;
			children = (
				5480D83564F05ADFF37BF07B /* Info.plist */,
				B2B4D0FCE721C8E5597AC4D4 /* IroniqWidgetBundle.swift */,
			);
			path = IroniqWatchComplication;
			sourceTree = "<group>";
		};
		2B780D4A56E4E4DA62123E07 /* Extensions */ = {
			isa = PBXGroup;
			children = (
				9DBC5B8CBD2E7CDF721301B0 /* Color+Ironiq.swift */,
				F1ED28655EBA06C0703915B0 /* Data+GZip.swift */,
				4D6E30399A165B01368DC4E0 /* TimeInterval+Format.swift */,
				5971FD9B2E205546E1933DE2 /* WeightFormatter.swift */,
			);
			path = Extensions;
			sourceTree = "<group>";
		};
		2F02E730747F73EF8F359B11 /* Regression */ = {
			isa = PBXGroup;
			children = (
				D3E52A71C34B4834C6B66DDB /* Phase3Tests.swift */,
				12611D69D551924D2B7293B4 /* RegressionTests.swift */,
			);
			path = Regression;
			sourceTree = "<group>";
		};
		30E5341C2785782B00813ADA /* Templates */ = {
			isa = PBXGroup;
			children = (
				D79BE6144853D40CA5D38FD1 /* ExercisePickerView.swift */,
				25D2922BE9F0AE4EDED44450 /* TemplateDetailView.swift */,
				E35F2324667B2198591F1248 /* TemplateEditorView.swift */,
				006324428AF2C299AEC89139 /* TemplateListView.swift */,
			);
			path = Templates;
			sourceTree = "<group>";
		};
		3867B8AE393C13359685AE11 /* UI */ = {
			isa = PBXGroup;
			children = (
				A608286A0BABD429EC6D6298 /* Home */,
				EF9381AF2D20F2B8D392643F /* Session */,
			);
			path = UI;
			sourceTree = "<group>";
		};
		38DE55E09EC5122B2CFA3A5D /* Engine */ = {
			isa = PBXGroup;
			children = (
				C0ADF518040FD9FCBDBDFFE2 /* SessionEngineTests.swift */,
				52BAC6D1CD0BB01DDDED61C8 /* TimerSystemTests.swift */,
			);
			path = Engine;
			sourceTree = "<group>";
		};
		3DC49D4774579CE9ED51814F /* IroniqUITests */ = {
			isa = PBXGroup;
			children = (
				C44BCFDDC06302EF5223ACE6 /* HistoryUITests.swift */,
				EE83FAC75699D62DD467DBB7 /* IroniqNavigationTests.swift */,
				56BF140B18843850BCCCEAA7 /* IroniqUITests.swift */,
				8F90BA808FA14C75D5B0A405 /* SessionUITests.swift */,
				2CF5A83B83EC64E6E7C77B26 /* SettingsUITests.swift */,
				7F4AA0354DF0D361840BB57E /* TemplateUITests.swift */,
			);
			path = IroniqUITests;
			sourceTree = "<group>";
		};
		3FCF2FC08A725D1E5817EF8F /* IroniqWatch */ = {
			isa = PBXGroup;
			children = (
				D9FC86AE4E161F453D53D743 /* Info.plist */,
				A09E4ED17D32463BFC13B104 /* App */,
				07A840A0EA2037A95751B068 /* Extensions */,
				9B7A1CEA68D824149C09B036 /* Services */,
				3867B8AE393C13359685AE11 /* UI */,
				74D8C0B9393E1B1BF6651D7F /* ViewModels */,
			);
			path = IroniqWatch;
			sourceTree = "<group>";
		};
		42AB887B81F327E12FDF1672 /* Services */ = {
			isa = PBXGroup;
			children = (
				F3FE31D24A6CDD24207C2921 /* CloudPhase2Tests.swift */,
				4526E5CA05F22113E8F944FE /* HealthKitServiceTests.swift */,
				D2173740A038C9ECD080D93C /* iCloudServiceTests.swift */,
				7F09FB90E86D5ABB374E163C /* WatchSyncServiceTests.swift */,
				BDD73A700569588E759BF7A2 /* StoreKit */,
			);
			path = Services;
			sourceTree = "<group>";
		};
		47CCD1156DFDA3B09A83E3CF /* Intents */ = {
			isa = PBXGroup;
			children = (
				990B3A34E0F62867BC58523D /* SessionIntents.swift */,
			);
			path = Intents;
			sourceTree = "<group>";
		};
		4B25F0DAC4046CD0488B4493 /* Ironiq */ = {
			isa = PBXGroup;
			children = (
				80FDC238EBC39ED54EB3081D /* Info.plist */,
				FB324F99ED88E10811385E89 /* Ironiq.entitlements */,
				8869263E1F545E6B82AB88EA /* App */,
				CD634D2BA5AF511DF6D1725A /* Engine */,
				2B780D4A56E4E4DA62123E07 /* Extensions */,
				47CCD1156DFDA3B09A83E3CF /* Intents */,
				82C25EBAC4E9508B6DE06670 /* Models */,
				81B7931DBA25DB0E12AA4470 /* Repositories */,
				15749D7FC7A6176215689645 /* Resources */,
				046E5CEECC76F1DABBD06C25 /* Services */,
				204710AE3793D254A5717351 /* UI */,
				78542C8D09D93B32C4E7F16C /* ViewModels */,
			);
			path = Ironiq;
			sourceTree = "<group>";
		};
		4D67BE3FEDC9F450CD801D2B /* Performance */ = {
			isa = PBXGroup;
			children = (
				BCC9EA8970148102DE7FFBA2 /* PerformanceTests.swift */,
			);
			path = Performance;
			sourceTree = "<group>";
		};
		50CB9F4B07CD32D53EBDAA2D /* Home */ = {
			isa = PBXGroup;
			children = (
				71DB0A3428F9AA4387C1391B /* HomeView.swift */,
			);
			path = Home;
			sourceTree = "<group>";
		};
		6EF6DFDBE81772892BE87F1F /* Products */ = {
			isa = PBXGroup;
			children = (
				BFB8B6B6B4408BD0F9A1A191 /* Ironiq.app */,
				98CACA57D21DF52EF41C5E37 /* IroniqTests.xctest */,
				C29695A094720E6E96CF4947 /* IroniqUITests.xctest */,
				BBC81C59915BB058BCC762EF /* IroniqWatch.app */,
				13A17665EAC24BA46ADA95FA /* IroniqWatchComplication.appex */,
				F8AFF36F21134564A4743B6F /* IroniqWatchTests.xctest */,
			);
			name = Products;
			sourceTree = "<group>";
		};
		6F03A6FC5FAD5A7E0CBE88F4 /* Onboarding */ = {
			isa = PBXGroup;
			children = (
				C2B9093924D899ED1068D9E8 /* OnboardingView.swift */,
			);
			path = Onboarding;
			sourceTree = "<group>";
		};
		74D8C0B9393E1B1BF6651D7F /* ViewModels */ = {
			isa = PBXGroup;
			children = (
				7DA845306677005381A938C3 /* WatchSessionViewModel.swift */,
			);
			path = ViewModels;
			sourceTree = "<group>";
		};
		76EBEAB9B694A9FF92F1749B = {
			isa = PBXGroup;
			children = (
				4B25F0DAC4046CD0488B4493 /* Ironiq */,
				035E242C31160A0E667A921E /* IroniqTests */,
				3DC49D4774579CE9ED51814F /* IroniqUITests */,
				3FCF2FC08A725D1E5817EF8F /* IroniqWatch */,
				2AABA04B8DB24B176790B023 /* IroniqWatchComplication */,
				8426BF0D2C7BD7027A4BDD80 /* IroniqWatchTests */,
				6EF6DFDBE81772892BE87F1F /* Products */,
			);
			sourceTree = "<group>";
		};
		78542C8D09D93B32C4E7F16C /* ViewModels */ = {
			isa = PBXGroup;
			children = (
				08BEE054C30BD219A381D97F /* HistoryViewModel.swift */,
				C0B5B6F3FD34E843C1EC9361 /* SessionViewModel.swift */,
				C1B8A937908F8160DBAD4D42 /* SettingsViewModel.swift */,
				062DDC3BE39B2F6503A898F0 /* TemplateViewModel.swift */,
			);
			path = ViewModels;
			sourceTree = "<group>";
		};
		7AC87391342B7BFBE5DDCE61 /* Session */ = {
			isa = PBXGroup;
			children = (
				B84CF940066FA505838AC36B /* ActiveSessionView.swift */,
				AF2069B2A7DBA9F15CD2188C /* InputFaceView.swift */,
				EA02F6F30D96E38D667283D9 /* PausedFaceView.swift */,
				864B1ABF402799E5E1502C20 /* RestFaceView.swift */,
				F7D993ED147696DFD41D7BF9 /* ReviewBeforeSavingView.swift */,
				92604713A4B3CA5002B6E30D /* SessionSummaryView.swift */,
				B493452F2DBA400800077F9E /* SetFaceView.swift */,
				33D467FDF6C603EA1DF53970 /* StartView.swift */,
			);
			path = Session;
			sourceTree = "<group>";
		};
		81B7931DBA25DB0E12AA4470 /* Repositories */ = {
			isa = PBXGroup;
			children = (
				DCBD701FE5C97F209A328C9C /* ExerciseRepository.swift */,
				F8297E774BF25DBEE88C81E8 /* SessionRepository.swift */,
				EDB80A73183417D034A5D9D2 /* TemplateRepository.swift */,
			);
			path = Repositories;
			sourceTree = "<group>";
		};
		82C25EBAC4E9508B6DE06670 /* Models */ = {
			isa = PBXGroup;
			children = (
				5B2CDD4379269568F132A7F9 /* DTOs.swift */,
				C9C32F9371D92793E080643C /* Enums.swift */,
				C9F819B9C9BB2A034F4F7162 /* Exercise.swift */,
				E63A2C5049BCCB616C571DB7 /* Session.swift */,
				FF5860926739E07C50C6C707 /* SessionExportModel.swift */,
				853F51012252EB9E1E6F81D2 /* Template.swift */,
				DC4E069FF30AD8D0EE11A0DD /* WorkoutHistoryExport.swift */,
			);
			path = Models;
			sourceTree = "<group>";
		};
		8426BF0D2C7BD7027A4BDD80 /* IroniqWatchTests */ = {
			isa = PBXGroup;
			children = (
				20338929AB8FCA252E0E51EC /* IroniqWatchTests.swift */,
				114A42DC2386CB45870B20E8 /* WatchComplicationTests.swift */,
				9DFB34F5FFA9716C088FD364 /* WatchSessionViewModelTests.swift */,
			);
			path = IroniqWatchTests;
			sourceTree = "<group>";
		};
		8869263E1F545E6B82AB88EA /* App */ = {
			isa = PBXGroup;
			children = (
				F98A460DEFEFAC26E10577A2 /* AppModel.swift */,
				2F8F2C2A811EAA0E2E84A9D0 /* AppState.swift */,
				8BD7455B710EB61F888086FB /* ContentView.swift */,
				6538A217CAF7A4EEA9EBF589 /* IroniqApp.swift */,
			);
			path = App;
			sourceTree = "<group>";
		};
		9B7A1CEA68D824149C09B036 /* Services */ = {
			isa = PBXGroup;
			children = (
				5D578322B0C74C2BBD018EED /* WatchConnectivityService.swift */,
				1DAAC33B02B15B761FC459D5 /* WatchHealthKitService.swift */,
			);
			path = Services;
			sourceTree = "<group>";
		};
		9B7BAFF5E5E16E528C19B291 /* Repositories */ = {
			isa = PBXGroup;
			children = (
				5A3788165789F6DF314DD328 /* ExerciseRepositoryTests.swift */,
				649B6EBD0DE8341177F2577D /* TemplateRepositoryTests.swift */,
			);
			path = Repositories;
			sourceTree = "<group>";
		};
		A09E4ED17D32463BFC13B104 /* App */ = {
			isa = PBXGroup;
			children = (
				2BEED23BFBDFDD0E64B8E727 /* IroniqWatchApp.swift */,
			);
			path = App;
			sourceTree = "<group>";
		};
		A608286A0BABD429EC6D6298 /* Home */ = {
			isa = PBXGroup;
			children = (
				AEB31B0C2445AA248974D000 /* WatchHomeView.swift */,
			);
			path = Home;
			sourceTree = "<group>";
		};
		BAF93C1EA6C8DDDA52125B77 /* Intents */ = {
			isa = PBXGroup;
			children = (
				C7BE5F6CD3CDCCF7BB6A2EA6 /* SessionIntentTests.swift */,
			);
			path = Intents;
			sourceTree = "<group>";
		};
		BCDBAA9BBA525E327B9F06DD /* Mocks */ = {
			isa = PBXGroup;
			children = (
				941CFC5FB06D06236B52970D /* MockRepositories.swift */,
				37E6BEF43B7F1B69B0CE825C /* MockServices.swift */,
			);
			path = Mocks;
			sourceTree = "<group>";
		};
		BDD73A700569588E759BF7A2 /* StoreKit */ = {
			isa = PBXGroup;
			children = (
				05F3214F425729E3A93480AA /* StoreKitServiceTests.swift */,
			);
			path = StoreKit;
			sourceTree = "<group>";
		};
		C118F5A86CEDFD717E907F9A /* Simulations */ = {
			isa = PBXGroup;
			children = (
				78A4CBF76D0A244572B64FB5 /* WorkoutSimulationTests.swift */,
			);
			path = Simulations;
			sourceTree = "<group>";
		};
		C98C84B6A18FDBE5961199FD /* SeedData */ = {
			isa = PBXGroup;
			children = (
				0D7EC7F3E915A6748CBFB80E /* SeedDataTests.swift */,
			);
			path = SeedData;
			sourceTree = "<group>";
		};
		CD634D2BA5AF511DF6D1725A /* Engine */ = {
			isa = PBXGroup;
			children = (
				D071584FD49D0024E05D6309 /* SessionEngine.swift */,
				2C45E6997379F7242C5ACE61 /* TimerSystem.swift */,
			);
			path = Engine;
			sourceTree = "<group>";
		};
		E5DE89BE9511E8CC8E5709D7 /* FeatureGate */ = {
			isa = PBXGroup;
			children = (
				DF6B1CB7226C0C79D18C8792 /* FeatureGateTests.swift */,
			);
			path = FeatureGate;
			sourceTree = "<group>";
		};
		EF9381AF2D20F2B8D392643F /* Session */ = {
			isa = PBXGroup;
			children = (
				390328042A93E5460BF3975F /* WatchActiveSessionView.swift */,
				06974E01DA7399BE55F9B59D /* WatchEndConfirmView.swift */,
				D5D05EA76A8E755F92579400 /* WatchInputFaceView.swift */,
				6901B93667A3C3D9B984366E /* WatchMusicControlsView.swift */,
				E3131A9285BEAB2F4B7965F5 /* WatchPausedView.swift */,
				73ACC37DF11305CC81F4E799 /* WatchRestFaceView.swift */,
				4DEF6DAE67B23F6A04C9957D /* WatchSetFaceView.swift */,
			);
			path = Session;
			sourceTree = "<group>";
		};
		F009ECC1BBD26D4951FE57DD /* History */ = {
			isa = PBXGroup;
			children = (
				2806E3D58E907D5B34C65DE6 /* HistoryCalendarView.swift */,
				F3C86AD890D5AC68C5F53E84 /* HistoryListView.swift */,
				6565D058E37C07C56629E7B2 /* SessionDetailView.swift */,
			);
			path = History;
			sourceTree = "<group>";
		};
		F63B630A3E216627DD5BA470 /* Components */ = {
			isa = PBXGroup;
			children = (
				C8A345E3C35429430B008A50 /* AccessibilityModifiers.swift */,
				6640F45218ADFACEDE0C608B /* ExerciseRowView.swift */,
				5F53A13F015D0D1DCD803095 /* IroniqTabView.swift */,
				123A962B2EC0D8523957DC6C /* PreviewRepositories.swift */,
				07CCE4C69BA908105F220973 /* ProGateView.swift */,
				387251250D1DD666C6844AAC /* TimerView.swift */,
			);
			path = Components;
			sourceTree = "<group>";
		};
		F97115791BD9AF64053D7E7F /* Models */ = {
			isa = PBXGroup;
			children = (
				98D5919D68C63220F6976A58 /* ExerciseModelTests.swift */,
				D8FA098104B268290ED22CE0 /* ModelContainerFactoryTests.swift */,
				005AC8EAD8B038D605BE280D /* SessionModelTests.swift */,
			);
			path = Models;
			sourceTree = "<group>";
		};
/* End PBXGroup section */

/* Begin PBXNativeTarget section */
		1738BF334A62C5C4BD72A940 /* IroniqWatch */ = {
			isa = PBXNativeTarget;
			buildConfigurationList = B88311C0D16A4E2D3AA4FE11 /* Build configuration list for PBXNativeTarget "IroniqWatch" */;
			buildPhases = (
				6422331907DCC61F56E9D11F /* Sources */,
			);
			buildRules = (
			);
			dependencies = (
			);
			name = IroniqWatch;
			packageProductDependencies = (
			);
			productName = IroniqWatch;
			productReference = BBC81C59915BB058BCC762EF /* IroniqWatch.app */;
			productType = "com.apple.product-type.application";
		};
		57992F2F127DBBEE3C8AB2C3 /* IroniqWatchComplication */ = {
			isa = PBXNativeTarget;
			buildConfigurationList = 837FD160A86B93A3FA55F299 /* Build configuration list for PBXNativeTarget "IroniqWatchComplication" */;
			buildPhases = (
				518F1FA015FF83C8E15D658E /* Sources */,
			);
			buildRules = (
			);
			dependencies = (
			);
			name = IroniqWatchComplication;
			packageProductDependencies = (
			);
			productName = IroniqWatchComplication;
			productReference = 13A17665EAC24BA46ADA95FA /* IroniqWatchComplication.appex */;
			productType = "com.apple.product-type.app-extension";
		};
		5C1880E4956898BA553B58CC /* Ironiq */ = {
			isa = PBXNativeTarget;
			buildConfigurationList = 064261CCDEA26CFC2F43515E /* Build configuration list for PBXNativeTarget "Ironiq" */;
			buildPhases = (
				31BAED16B08BEF5821D4C46A /* Sources */,
				BF8EB9F94FAB847B671E127B /* Resources */,
			);
			buildRules = (
			);
			dependencies = (
			);
			name = Ironiq;
			packageProductDependencies = (
			);
			productName = Ironiq;
			productReference = BFB8B6B6B4408BD0F9A1A191 /* Ironiq.app */;
			productType = "com.apple.product-type.application";
		};
		A502202506D43688C5610D9A /* IroniqWatchTests */ = {
			isa = PBXNativeTarget;
			buildConfigurationList = 42FEE9244F1BD25FED9D0791 /* Build configuration list for PBXNativeTarget "IroniqWatchTests" */;
			buildPhases = (
				7E0FE109996600F49DB154A1 /* Sources */,
			);
			buildRules = (
			);
			dependencies = (
				A76A431125ECD74A4938C18A /* PBXTargetDependency */,
			);
			name = IroniqWatchTests;
			packageProductDependencies = (
			);
			productName = IroniqWatchTests;
			productReference = F8AFF36F21134564A4743B6F /* IroniqWatchTests.xctest */;
			productType = "com.apple.product-type.bundle.unit-test";
		};
		E42D978FFCE9E3DDD2507CC8 /* IroniqUITests */ = {
			isa = PBXNativeTarget;
			buildConfigurationList = 53E7A371336BD2A93A4E4E70 /* Build configuration list for PBXNativeTarget "IroniqUITests" */;
			buildPhases = (
				0FBC0FB635242AA300E41485 /* Sources */,
			);
			buildRules = (
			);
			dependencies = (
				1BAB8F5F799D3A2FCC046AA6 /* PBXTargetDependency */,
			);
			name = IroniqUITests;
			packageProductDependencies = (
			);
			productName = IroniqUITests;
			productReference = C29695A094720E6E96CF4947 /* IroniqUITests.xctest */;
			productType = "com.apple.product-type.bundle.ui-testing";
		};
		E71CD805EB3B11CC128256AC /* IroniqTests */ = {
			isa = PBXNativeTarget;
			buildConfigurationList = DBB4129695A11B886BCF54ED /* Build configuration list for PBXNativeTarget "IroniqTests" */;
			buildPhases = (
				9B0A18BB3374E48C26B7F96C /* Sources */,
			);
			buildRules = (
			);
			dependencies = (
				4169E0D74D9457E65E399976 /* PBXTargetDependency */,
			);
			name = IroniqTests;
			packageProductDependencies = (
			);
			productName = IroniqTests;
			productReference = 98CACA57D21DF52EF41C5E37 /* IroniqTests.xctest */;
			productType = "com.apple.product-type.bundle.unit-test";
		};
/* End PBXNativeTarget section */

/* Begin PBXProject section */
		16618C087402DF341C28B176 /* Project object */ = {
			isa = PBXProject;
			attributes = {
				BuildIndependentTargetsInParallel = YES;
				LastUpgradeCheck = 1430;
				TargetAttributes = {
					1738BF334A62C5C4BD72A940 = {
						DevelopmentTeam = "";
					};
					57992F2F127DBBEE3C8AB2C3 = {
						DevelopmentTeam = "";
					};
					5C1880E4956898BA553B58CC = {
						DevelopmentTeam = "";
					};
					E42D978FFCE9E3DDD2507CC8 = {
						TestTargetID = 5C1880E4956898BA553B58CC;
					};
				};
			};
			buildConfigurationList = 4C668B49E914532B69964C02 /* Build configuration list for PBXProject "Ironiq" */;
			developmentRegion = en;
			hasScannedForEncodings = 0;
			knownRegions = (
				Base,
				en,
			);
			mainGroup = 76EBEAB9B694A9FF92F1749B;
			minimizedProjectReferenceProxies = 1;
			preferredProjectObjectVersion = 77;
			productRefGroup = 6EF6DFDBE81772892BE87F1F /* Products */;
			projectDirPath = "";
			projectRoot = "";
			targets = (
				5C1880E4956898BA553B58CC /* Ironiq */,
				E71CD805EB3B11CC128256AC /* IroniqTests */,
				E42D978FFCE9E3DDD2507CC8 /* IroniqUITests */,
				1738BF334A62C5C4BD72A940 /* IroniqWatch */,
				57992F2F127DBBEE3C8AB2C3 /* IroniqWatchComplication */,
				A502202506D43688C5610D9A /* IroniqWatchTests */,
			);
		};
/* End PBXProject section */

/* Begin PBXResourcesBuildPhase section */
		BF8EB9F94FAB847B671E127B /* Resources */ = {
			isa = PBXResourcesBuildPhase;
			buildActionMask = 2147483647;
			files = (
				80355F14E593EC9FB73FCB56 /* Assets.xcassets in Resources */,
				E88337FC30B0EDA9A8EBB8FA /* IroniqExercises.json in Resources */,
				65AD0802D7754F1252717D72 /* Products.storekit in Resources */,
			);
			runOnlyForDeploymentPostprocessing = 0;
		};
/* End PBXResourcesBuildPhase section */

/* Begin PBXSourcesBuildPhase section */
		0FBC0FB635242AA300E41485 /* Sources */ = {
			isa = PBXSourcesBuildPhase;
			buildActionMask = 2147483647;
			files = (
				46135B16308F6A622BA84901 /* HistoryUITests.swift in Sources */,
				7F629806C95DBA49BFEB69E0 /* IroniqNavigationTests.swift in Sources */,
				17432195F5AAA6AE4BEB7943 /* IroniqUITests.swift in Sources */,
				D12386F16B71650DA01B49F7 /* SessionUITests.swift in Sources */,
				AAEBE689394DBCEB15A4DD1C /* SettingsUITests.swift in Sources */,
				59DCB370C96EDB9E594C817E /* TemplateUITests.swift in Sources */,
			);
			runOnlyForDeploymentPostprocessing = 0;
		};
		31BAED16B08BEF5821D4C46A /* Sources */ = {
			isa = PBXSourcesBuildPhase;
			buildActionMask = 2147483647;
			files = (
				9D1A1A072A4211D06686ABC1 /* AccessibilityModifiers.swift in Sources */,
				E43206AC53A0762A29822375 /* ActiveSessionView.swift in Sources */,
				F61DED65C261BC961F2D8C13 /* AppModel.swift in Sources */,
				5B872CBCC9012697230DEBE2 /* AppState.swift in Sources */,
				1C9C979C16DFA2FF6ED9DC23 /* CloudRestoreService.swift in Sources */,
				9C722F90C97ED5C19267C002 /* CloudStorageRouter.swift in Sources */,
				D18BCE1D0E074FF666876472 /* Color+Ironiq.swift in Sources */,
				062B6E6B41EB25488FED4633 /* ContentView.swift in Sources */,
				F9B082819ACA0D1C93E9FD9E /* DTOs.swift in Sources */,
				53CC4B87FC80E1CD61C69638 /* Data+GZip.swift in Sources */,
				50A70766DCBAA13CF6E74187 /* Enums.swift in Sources */,
				44BD42958CF2DB3F7F8E0C00 /* Exercise.swift in Sources */,
				0E664DF9549AF328EB74A573 /* ExercisePickerView.swift in Sources */,
				78BE34BD96271A131C0938C6 /* ExerciseRepository.swift in Sources */,
				C6E361AF60831BE10CD655F2 /* ExerciseRowView.swift in Sources */,
				F0ADEEBDD629835809022896 /* HealthKitService.swift in Sources */,
				DC585CDB1B3A598BE875B51E /* HistoryCalendarView.swift in Sources */,
				0F50DC9198A037F47E361C4A /* HistoryListView.swift in Sources */,
				F54111BBE69A39BC304CF843 /* HistoryViewModel.swift in Sources */,
				B6143733AC57235D9A30E5BD /* HomeView.swift in Sources */,
				5A2340B3AAD9D87EE70FDC1A /* InputFaceView.swift in Sources */,
				A0208896533444A54709965D /* IroniqApp.swift in Sources */,
				B7A9931B07FF59ED08B7C1CC /* IroniqTabView.swift in Sources */,
				6D35E397CA9F8AF63425695B /* ModelContainerFactory.swift in Sources */,
				F17B375EC6CE0909CFB83572 /* OnboardingView.swift in Sources */,
				BA0467C6C15A8465014EF0CA /* PausedFaceView.swift in Sources */,
				3131CBB80BF36F81A196168E /* PendingExportQueue.swift in Sources */,
				8166C8F7E42E5DCF70E8918B /* PreviewRepositories.swift in Sources */,
				4A3EE550FB220CC99030689F /* ProGateView.swift in Sources */,
				E8B8774EBDA56943A5D688A1 /* RestFaceView.swift in Sources */,
				41C83F5CDEA224130E56A4C7 /* ReviewBeforeSavingView.swift in Sources */,
				AC12F4CF98FB58112B7C56E8 /* SeedDataService.swift in Sources */,
				B32B0DB93EFA5D0B783AF4FE /* Session.swift in Sources */,
				04BBBD2BBE8DB272DD5F2FC4 /* SessionDetailView.swift in Sources */,
				1BA76E77E8BC0B70132A3815 /* SessionEngine.swift in Sources */,
				981E3FE7FFD32F272A733070 /* SessionExportModel.swift in Sources */,
				71E66081D24C20BFB94EAE97 /* SessionIntents.swift in Sources */,
				389C1F56AB31C7B1CE0F737E /* SessionRepository.swift in Sources */,
				E5AB4F9E6C969AD80E82A68F /* SessionSummaryView.swift in Sources */,
				348056BA014EBDA5D17D6180 /* SessionViewModel.swift in Sources */,
				8672F6CAE86FFB88BEA97932 /* SetFaceView.swift in Sources */,
				45C4ACC7A86D1D64095CA33C /* SettingsView.swift in Sources */,
				275BADD1E2CA8C9EC5F30D00 /* SettingsViewModel.swift in Sources */,
				A91484DD8A2BF981EB5D0DCB /* StartView.swift in Sources */,
				0C760D8506EBA74648EA1BB4 /* StoreKitService.swift in Sources */,
				B9AAEDC6F28D2229A076C0D4 /* Template.swift in Sources */,
				9D82E11E83617CC304C3EB46 /* TemplateDetailView.swift in Sources */,
				038D33A76FD33375D84DF1F7 /* TemplateEditorView.swift in Sources */,
				54DFCD406754C3CD4178D931 /* TemplateListView.swift in Sources */,
				06FBD7A1F8F1A0FBA3132FBD /* TemplateRepository.swift in Sources */,
				391FC2655DEF887CCCC7687F /* TemplateViewModel.swift in Sources */,
				5C89C9C0BBE12A51489C5E94 /* TimeInterval+Format.swift in Sources */,
				BBE6DA91332CC9A39D3B230C /* TimerSystem.swift in Sources */,
				09BFB0A77ACFC387278D25C5 /* TimerView.swift in Sources */,
				F86536403B290E0F0F838C4D /* WatchSyncService.swift in Sources */,
				5793B18AA8EE8BB2D9BB518F /* WeightFormatter.swift in Sources */,
				40CD44E1B717ECE4CECDF51B /* WorkoutHistoryExport.swift in Sources */,
				153B0343F21920C963816BFE /* iCloudService.swift in Sources */,
			);
			runOnlyForDeploymentPostprocessing = 0;
		};
		518F1FA015FF83C8E15D658E /* Sources */ = {
			isa = PBXSourcesBuildPhase;
			buildActionMask = 2147483647;
			files = (
				81EDF955B1F8493D60A07AAC /* IroniqWidgetBundle.swift in Sources */,
			);
			runOnlyForDeploymentPostprocessing = 0;
		};
		6422331907DCC61F56E9D11F /* Sources */ = {
			isa = PBXSourcesBuildPhase;
			buildActionMask = 2147483647;
			files = (
				7AEDD67AD67F3771DA5ADBC3 /* Color+Ironiq.swift in Sources */,
				A8F763295652F6F6EEBE8248 /* IroniqWatchApp.swift in Sources */,
				D32171B09EF5D0B279CF9E47 /* TimeInterval+Format.swift in Sources */,
				46651DC90DA301610C7DCB33 /* WatchActiveSessionView.swift in Sources */,
				427CC231B313D07435948EAB /* WatchConnectivityService.swift in Sources */,
				AD5F8E16C17EECB94A411AC1 /* WatchEndConfirmView.swift in Sources */,
				91F9A2A93920FFB4965AA62C /* WatchHealthKitService.swift in Sources */,
				D0EADFAD1F1BF99742C438BA /* WatchHomeView.swift in Sources */,
				59A79CC80E9F6D0DE2274043 /* WatchInputFaceView.swift in Sources */,
				0ECE953A0A23DCCCDE44F25A /* WatchMusicControlsView.swift in Sources */,
				9886BEED45205F9D02DDF83F /* WatchPausedView.swift in Sources */,
				290F973AA38C62D94BA3CAD8 /* WatchRestFaceView.swift in Sources */,
				61E21BA186D0E58E6BE0FA28 /* WatchSessionViewModel.swift in Sources */,
				105A27C2A3A69FFF10D627C4 /* WatchSetFaceView.swift in Sources */,
			);
			runOnlyForDeploymentPostprocessing = 0;
		};
		7E0FE109996600F49DB154A1 /* Sources */ = {
			isa = PBXSourcesBuildPhase;
			buildActionMask = 2147483647;
			files = (
				59540898DEE585609E433B35 /* IroniqWatchTests.swift in Sources */,
				6BE1D53B4C5479F5922B4431 /* WatchComplicationTests.swift in Sources */,
				AF74A643E7D16567CFA73D14 /* WatchSessionViewModelTests.swift in Sources */,
			);
			runOnlyForDeploymentPostprocessing = 0;
		};
		9B0A18BB3374E48C26B7F96C /* Sources */ = {
			isa = PBXSourcesBuildPhase;
			buildActionMask = 2147483647;
			files = (
				F3717670996969CBAF88BEBD /* CloudPhase2Tests.swift in Sources */,
				48232E7B17AB997D2D9956FC /* ExerciseModelTests.swift in Sources */,
				E6C43C46833E11D5FC677909 /* ExerciseRepositoryTests.swift in Sources */,
				3A67C1B30A291551D91D441A /* FeatureGateTests.swift in Sources */,
				8E72609F174855891FE56BA0 /* HealthKitServiceTests.swift in Sources */,
				E05B78979AD8E3E5DA4122CE /* MockRepositories.swift in Sources */,
				A234D802F8FB0BA3DE54369A /* MockServices.swift in Sources */,
				8512DA6C7BD5F50A4F3029CA /* ModelContainerFactoryTests.swift in Sources */,
				602573A7D01CA9DF0F0A7C6F /* PerformanceTests.swift in Sources */,
				53F72F244AA268F9B4ED861C /* Phase3Tests.swift in Sources */,
				DD939C654D2C7FA21CD7637A /* RegressionTests.swift in Sources */,
				8E5A80F164D7AEF99919A755 /* SeedDataTests.swift in Sources */,
				B9D24BD183EA62F4B19DF941 /* SessionEngineTests.swift in Sources */,
				FD7236B0A32B3EEFBD73BEA3 /* SessionIntentTests.swift in Sources */,
				5F45AEC97AEBCC50CCA9E6AF /* SessionModelTests.swift in Sources */,
				C9859BD02D60CE852FFA7A9C /* StoreKitServiceTests.swift in Sources */,
				94A93B7A02A21F8365DB9D50 /* TemplateRepositoryTests.swift in Sources */,
				7D7D3DC22CBC68DCB689FA37 /* TimerSystemTests.swift in Sources */,
				F81DE5885764D7D3E27A9C23 /* WatchSyncServiceTests.swift in Sources */,
				16BC10CAD08A56BBD8E8340C /* WorkoutSimulationTests.swift in Sources */,
				DB60CAF0DE2D9B9D1ED4C8BB /* iCloudServiceTests.swift in Sources */,
			);
			runOnlyForDeploymentPostprocessing = 0;
		};
/* End PBXSourcesBuildPhase section */

/* Begin PBXTargetDependency section */
		1BAB8F5F799D3A2FCC046AA6 /* PBXTargetDependency */ = {
			isa = PBXTargetDependency;
			target = 5C1880E4956898BA553B58CC /* Ironiq */;
			targetProxy = DEB1D5E54F0EAA771A844F7D /* PBXContainerItemProxy */;
		};
		4169E0D74D9457E65E399976 /* PBXTargetDependency */ = {
			isa = PBXTargetDependency;
			target = 5C1880E4956898BA553B58CC /* Ironiq */;
			targetProxy = 2263DF1BBE3D9536C1EC572E /* PBXContainerItemProxy */;
		};
		A76A431125ECD74A4938C18A /* PBXTargetDependency */ = {
			isa = PBXTargetDependency;
			target = 1738BF334A62C5C4BD72A940 /* IroniqWatch */;
			targetProxy = 3266154E65685B8CEC1F8EA9 /* PBXContainerItemProxy */;
		};
/* End PBXTargetDependency section */

/* Begin XCBuildConfiguration section */
		1D939A51DA926BEAAC9D783D /* Release */ = {
			isa = XCBuildConfiguration;
			buildSettings = {
				ASSETCATALOG_COMPILER_APPICON_NAME = AppIcon;
				CODE_SIGNING_ALLOWED = NO;
				CODE_SIGNING_REQUIRED = NO;
				CODE_SIGN_IDENTITY = "";
				DEVELOPMENT_TEAM = "";
				INFOPLIST_FILE = IroniqWatch/Info.plist;
				PRODUCT_BUNDLE_IDENTIFIER = com.ir0niq.app.watchkitapp;
				SDKROOT = watchos;
				SKIP_INSTALL = YES;
				TARGETED_DEVICE_FAMILY = 4;
				WATCHOS_DEPLOYMENT_TARGET = 10.0;
			};
			name = Release;
		};
		3AAAC9AB5869E25E01BA9511 /* Debug */ = {
			isa = XCBuildConfiguration;
			buildSettings = {
				BUNDLE_LOADER = "$(TEST_HOST)";
				CODE_SIGNING_ALLOWED = NO;
				CODE_SIGNING_REQUIRED = NO;
				CODE_SIGN_IDENTITY = "";
				LD_RUNPATH_SEARCH_PATHS = (
					"$(inherited)",
					"@executable_path/Frameworks",
					"@loader_path/Frameworks",
				);
				PRODUCT_BUNDLE_IDENTIFIER = com.ir0niq.app.watchtests;
				SDKROOT = watchos;
				SKIP_INSTALL = YES;
				TARGETED_DEVICE_FAMILY = 4;
				TEST_HOST = "$(BUILT_PRODUCTS_DIR)/IroniqWatch.app/IroniqWatch";
				WATCHOS_DEPLOYMENT_TARGET = 10.0;
			};
			name = Debug;
		};
		49846E4E294F582EE621859D /* Release */ = {
			isa = XCBuildConfiguration;
			buildSettings = {
				BUNDLE_LOADER = "$(TEST_HOST)";
				CODE_SIGNING_ALLOWED = NO;
				CODE_SIGNING_REQUIRED = NO;
				CODE_SIGN_IDENTITY = "";
				LD_RUNPATH_SEARCH_PATHS = (
					"$(inherited)",
					"@executable_path/Frameworks",
					"@loader_path/Frameworks",
				);
				PRODUCT_BUNDLE_IDENTIFIER = com.ir0niq.app.watchtests;
				SDKROOT = watchos;
				SKIP_INSTALL = YES;
				TARGETED_DEVICE_FAMILY = 4;
				TEST_HOST = "$(BUILT_PRODUCTS_DIR)/IroniqWatch.app/IroniqWatch";
				WATCHOS_DEPLOYMENT_TARGET = 10.0;
			};
			name = Release;
		};
		5A48CCAFA277762FF45E4106 /* Release */ = {
			isa = XCBuildConfiguration;
			buildSettings = {
				ALWAYS_EMBED_SWIFT_STANDARD_LIBRARIES = YES;
				BUNDLE_LOADER = "$(TEST_HOST)";
				CODE_SIGNING_ALLOWED = NO;
				CODE_SIGNING_REQUIRED = NO;
				CODE_SIGN_IDENTITY = "";
				IPHONEOS_DEPLOYMENT_TARGET = 17.0;
				LD_RUNPATH_SEARCH_PATHS = (
					"$(inherited)",
					"@executable_path/Frameworks",
					"@loader_path/Frameworks",
				);
				PRODUCT_BUNDLE_IDENTIFIER = com.ir0niq.app.tests;
				SDKROOT = iphoneos;
				TARGETED_DEVICE_FAMILY = "1,2";
				TEST_HOST = "$(BUILT_PRODUCTS_DIR)/Ironiq.app/Ironiq";
			};
			name = Release;
		};
		7DA44783326D368572A86916 /* Debug */ = {
			isa = XCBuildConfiguration;
			buildSettings = {
				ALWAYS_EMBED_SWIFT_STANDARD_LIBRARIES = YES;
				BUNDLE_LOADER = "$(TEST_HOST)";
				CODE_SIGNING_ALLOWED = NO;
				CODE_SIGNING_REQUIRED = NO;
				CODE_SIGN_IDENTITY = "";
				IPHONEOS_DEPLOYMENT_TARGET = 17.0;
				LD_RUNPATH_SEARCH_PATHS = (
					"$(inherited)",
					"@executable_path/Frameworks",
					"@loader_path/Frameworks",
				);
				PRODUCT_BUNDLE_IDENTIFIER = com.ir0niq.app.tests;
				SDKROOT = iphoneos;
				TARGETED_DEVICE_FAMILY = "1,2";
				TEST_HOST = "$(BUILT_PRODUCTS_DIR)/Ironiq.app/Ironiq";
			};
			name = Debug;
		};
		B2FA5BF2307104316844EE07 /* Debug */ = {
			isa = XCBuildConfiguration;
			buildSettings = {
				CODE_SIGNING_ALLOWED = NO;
				CODE_SIGNING_REQUIRED = NO;
				CODE_SIGN_IDENTITY = "";
				DEVELOPMENT_TEAM = "";
				INFOPLIST_FILE = IroniqWatchComplication/Info.plist;
				LD_RUNPATH_SEARCH_PATHS = (
					"$(inherited)",
					"@executable_path/Frameworks",
					"@executable_path/../../Frameworks",
				);
				PRODUCT_BUNDLE_IDENTIFIER = com.ir0niq.app.watchkitapp.watchkitextension;
				SDKROOT = watchos;
				SKIP_INSTALL = YES;
				TARGETED_DEVICE_FAMILY = 4;
				WATCHOS_DEPLOYMENT_TARGET = 10.0;
			};
			name = Debug;
		};
		B7EE73DBFC0213A612BC14A0 /* Debug */ = {
			isa = XCBuildConfiguration;
			buildSettings = {
				ASSETCATALOG_COMPILER_APPICON_NAME = AppIcon;
				ASSETCATALOG_COMPILER_GLOBAL_ACCENT_COLOR_NAME = AccentColor;
				CODE_SIGNING_ALLOWED = NO;
				CODE_SIGNING_REQUIRED = NO;
				CODE_SIGN_ENTITLEMENTS = Ironiq/Ironiq.entitlements;
				CODE_SIGN_IDENTITY = "";
				DEVELOPMENT_TEAM = "";
				INFOPLIST_FILE = Ironiq/Info.plist;
				IPHONEOS_DEPLOYMENT_TARGET = 17.0;
				LD_RUNPATH_SEARCH_PATHS = (
					"$(inherited)",
					"@executable_path/Frameworks",
				);
				PRODUCT_BUNDLE_IDENTIFIER = com.ir0niq.app;
				SDKROOT = iphoneos;
				SUPPORTS_MAC_DESIGNED_FOR_IPHONE_IPAD = NO;
				TARGETED_DEVICE_FAMILY = 1;
			};
			name = Debug;
		};
		C6FBAC2505DFE16775481790 /* Debug */ = {
			isa = XCBuildConfiguration;
			buildSettings = {
				ASSETCATALOG_COMPILER_APPICON_NAME = AppIcon;
				CODE_SIGNING_ALLOWED = NO;
				CODE_SIGNING_REQUIRED = NO;
				CODE_SIGN_IDENTITY = "";
				DEVELOPMENT_TEAM = "";
				INFOPLIST_FILE = IroniqWatch/Info.plist;
				PRODUCT_BUNDLE_IDENTIFIER = com.ir0niq.app.watchkitapp;
				SDKROOT = watchos;
				SKIP_INSTALL = YES;
				TARGETED_DEVICE_FAMILY = 4;
				WATCHOS_DEPLOYMENT_TARGET = 10.0;
			};
			name = Debug;
		};
		C708EE02E5FFCC9AD1FDFF44 /* Release */ = {
			isa = XCBuildConfiguration;
			buildSettings = {
				CODE_SIGNING_ALLOWED = NO;
				CODE_SIGNING_REQUIRED = NO;
				CODE_SIGN_IDENTITY = "";
				DEVELOPMENT_TEAM = "";
				INFOPLIST_FILE = IroniqWatchComplication/Info.plist;
				LD_RUNPATH_SEARCH_PATHS = (
					"$(inherited)",
					"@executable_path/Frameworks",
					"@executable_path/../../Frameworks",
				);
				PRODUCT_BUNDLE_IDENTIFIER = com.ir0niq.app.watchkitapp.watchkitextension;
				SDKROOT = watchos;
				SKIP_INSTALL = YES;
				TARGETED_DEVICE_FAMILY = 4;
				WATCHOS_DEPLOYMENT_TARGET = 10.0;
			};
			name = Release;
		};
		C75DF1EF799A9F60CFE0552D /* Release */ = {
			isa = XCBuildConfiguration;
			buildSettings = {
				ASSETCATALOG_COMPILER_APPICON_NAME = AppIcon;
				ASSETCATALOG_COMPILER_GLOBAL_ACCENT_COLOR_NAME = AccentColor;
				CODE_SIGNING_ALLOWED = YES;
				CODE_SIGNING_REQUIRED = YES;
				CODE_SIGN_ENTITLEMENTS = Ironiq/Ironiq.entitlements;
				CODE_SIGN_IDENTITY = "Apple Development";
				CODE_SIGN_STYLE = Automatic;
				DEVELOPMENT_TEAM = "";
				INFOPLIST_FILE = Ironiq/Info.plist;
				IPHONEOS_DEPLOYMENT_TARGET = 17.0;
				LD_RUNPATH_SEARCH_PATHS = (
					"$(inherited)",
					"@executable_path/Frameworks",
				);
				PRODUCT_BUNDLE_IDENTIFIER = com.ir0niq.app;
				SDKROOT = iphoneos;
				SUPPORTS_MAC_DESIGNED_FOR_IPHONE_IPAD = NO;
				TARGETED_DEVICE_FAMILY = 1;
			};
			name = Release;
		};
		C989584BEAA6F12681296B68 /* Debug */ = {
			isa = XCBuildConfiguration;
			buildSettings = {
				ALWAYS_SEARCH_USER_PATHS = NO;
				CLANG_ANALYZER_NONNULL = YES;
				CLANG_ANALYZER_NUMBER_OBJECT_CONVERSION = YES_AGGRESSIVE;
				CLANG_CXX_LANGUAGE_STANDARD = "gnu++14";
				CLANG_CXX_LIBRARY = "libc++";
				CLANG_ENABLE_MODULES = YES;
				CLANG_ENABLE_OBJC_ARC = YES;
				CLANG_ENABLE_OBJC_WEAK = YES;
				CLANG_WARN_BLOCK_CAPTURE_AUTORELEASING = YES;
				CLANG_WARN_BOOL_CONVERSION = YES;
				CLANG_WARN_COMMA = YES;
				CLANG_WARN_CONSTANT_CONVERSION = YES;
				CLANG_WARN_DEPRECATED_OBJC_IMPLEMENTATIONS = YES;
				CLANG_WARN_DIRECT_OBJC_ISA_USAGE = YES_ERROR;
				CLANG_WARN_DOCUMENTATION_COMMENTS = YES;
				CLANG_WARN_EMPTY_BODY = YES;
				CLANG_WARN_ENUM_CONVERSION = YES;
				CLANG_WARN_INFINITE_RECURSION = YES;
				CLANG_WARN_INT_CONVERSION = YES;
				CLANG_WARN_NON_LITERAL_NULL_CONVERSION = YES;
				CLANG_WARN_OBJC_IMPLICIT_RETAIN_SELF = YES;
				CLANG_WARN_OBJC_LITERAL_CONVERSION = YES;
				CLANG_WARN_OBJC_ROOT_CLASS = YES_ERROR;
				CLANG_WARN_QUOTED_INCLUDE_IN_FRAMEWORK_HEADER = YES;
				CLANG_WARN_RANGE_LOOP_ANALYSIS = YES;
				CLANG_WARN_STRICT_PROTOTYPES = YES;
				CLANG_WARN_SUSPICIOUS_MOVE = YES;
				CLANG_WARN_UNGUARDED_AVAILABILITY = YES_AGGRESSIVE;
				CLANG_WARN_UNREACHABLE_CODE = YES;
				CLANG_WARN__DUPLICATE_METHOD_MATCH = YES;
				COPY_PHASE_STRIP = NO;
				CURRENT_PROJECT_VERSION = 35;
				DEBUG_INFORMATION_FORMAT = "dwarf-with-dsym";
				ENABLE_STRICT_OBJC_MSGSEND = YES;
				ENABLE_TESTABILITY = YES;
				GCC_C_LANGUAGE_STANDARD = gnu11;
				GCC_DYNAMIC_NO_PIC = NO;
				GCC_NO_COMMON_BLOCKS = YES;
				GCC_OPTIMIZATION_LEVEL = 0;
				GCC_PREPROCESSOR_DEFINITIONS = (
					"$(inherited)",
					"DEBUG=1",
				);
				GCC_WARN_64_TO_32_BIT_CONVERSION = YES;
				GCC_WARN_ABOUT_RETURN_TYPE = YES_ERROR;
				GCC_WARN_UNDECLARED_SELECTOR = YES;
				GCC_WARN_UNINITIALIZED_AUTOS = YES_AGGRESSIVE;
				GCC_WARN_UNUSED_FUNCTION = YES;
				GCC_WARN_UNUSED_VARIABLE = YES;
				IPHONEOS_DEPLOYMENT_TARGET = 17.0;
				MTL_ENABLE_DEBUG_INFO = INCLUDE_SOURCE;
				MTL_FAST_MATH = YES;
				ONLY_ACTIVE_ARCH = YES;
				PRODUCT_NAME = "$(TARGET_NAME)";
				SWIFT_ACTIVE_COMPILATION_CONDITIONS = DEBUG;
				SWIFT_OPTIMIZATION_LEVEL = "-Onone";
				SWIFT_VERSION = 6.0;
				VERSIONING_SYSTEM = "apple-generic";
				WATCHOS_DEPLOYMENT_TARGET = 10.0;
			};
			name = Debug;
		};
		E49C69DC9CC8C332C17289D3 /* Debug */ = {
			isa = XCBuildConfiguration;
			buildSettings = {
				BUNDLE_LOADER = "$(TEST_HOST)";
				CODE_SIGNING_ALLOWED = NO;
				CODE_SIGNING_REQUIRED = NO;
				CODE_SIGN_IDENTITY = "";
				IPHONEOS_DEPLOYMENT_TARGET = 17.0;
				LD_RUNPATH_SEARCH_PATHS = (
					"$(inherited)",
					"@executable_path/Frameworks",
					"@loader_path/Frameworks",
				);
				PRODUCT_BUNDLE_IDENTIFIER = com.ir0niq.app.uitests;
				SDKROOT = iphoneos;
				TARGETED_DEVICE_FAMILY = "1,2";
				TEST_TARGET_NAME = Ironiq;
			};
			name = Debug;
		};
		E956EE4FA23BB9C75671ECBC /* Release */ = {
			isa = XCBuildConfiguration;
			buildSettings = {
				ALWAYS_SEARCH_USER_PATHS = NO;
				CLANG_ANALYZER_NONNULL = YES;
				CLANG_ANALYZER_NUMBER_OBJECT_CONVERSION = YES_AGGRESSIVE;
				CLANG_CXX_LANGUAGE_STANDARD = "gnu++14";
				CLANG_CXX_LIBRARY = "libc++";
				CLANG_ENABLE_MODULES = YES;
				CLANG_ENABLE_OBJC_ARC = YES;
				CLANG_ENABLE_OBJC_WEAK = YES;
				CLANG_WARN_BLOCK_CAPTURE_AUTORELEASING = YES;
				CLANG_WARN_BOOL_CONVERSION = YES;
				CLANG_WARN_COMMA = YES;
				CLANG_WARN_CONSTANT_CONVERSION = YES;
				CLANG_WARN_DEPRECATED_OBJC_IMPLEMENTATIONS = YES;
				CLANG_WARN_DIRECT_OBJC_ISA_USAGE = YES_ERROR;
				CLANG_WARN_DOCUMENTATION_COMMENTS = YES;
				CLANG_WARN_EMPTY_BODY = YES;
				CLANG_WARN_ENUM_CONVERSION = YES;
				CLANG_WARN_INFINITE_RECURSION = YES;
				CLANG_WARN_INT_CONVERSION = YES;
				CLANG_WARN_NON_LITERAL_NULL_CONVERSION = YES;
				CLANG_WARN_OBJC_IMPLICIT_RETAIN_SELF = YES;
				CLANG_WARN_OBJC_LITERAL_CONVERSION = YES;
				CLANG_WARN_OBJC_ROOT_CLASS = YES_ERROR;
				CLANG_WARN_QUOTED_INCLUDE_IN_FRAMEWORK_HEADER = YES;
				CLANG_WARN_RANGE_LOOP_ANALYSIS = YES;
				CLANG_WARN_STRICT_PROTOTYPES = YES;
				CLANG_WARN_SUSPICIOUS_MOVE = YES;
				CLANG_WARN_UNGUARDED_AVAILABILITY = YES_AGGRESSIVE;
				CLANG_WARN_UNREACHABLE_CODE = YES;
				CLANG_WARN__DUPLICATE_METHOD_MATCH = YES;
				COPY_PHASE_STRIP = NO;
				CURRENT_PROJECT_VERSION = 35;
				DEBUG_INFORMATION_FORMAT = "dwarf-with-dsym";
				ENABLE_NS_ASSERTIONS = NO;
				ENABLE_STRICT_OBJC_MSGSEND = YES;
				GCC_C_LANGUAGE_STANDARD = gnu11;
				GCC_NO_COMMON_BLOCKS = YES;
				GCC_WARN_64_TO_32_BIT_CONVERSION = YES;
				GCC_WARN_ABOUT_RETURN_TYPE = YES_ERROR;
				GCC_WARN_UNDECLARED_SELECTOR = YES;
				GCC_WARN_UNINITIALIZED_AUTOS = YES_AGGRESSIVE;
				GCC_WARN_UNUSED_FUNCTION = YES;
				GCC_WARN_UNUSED_VARIABLE = YES;
				IPHONEOS_DEPLOYMENT_TARGET = 17.0;
				MTL_ENABLE_DEBUG_INFO = NO;
				MTL_FAST_MATH = YES;
				PRODUCT_NAME = "$(TARGET_NAME)";
				SWIFT_COMPILATION_MODE = wholemodule;
				SWIFT_OPTIMIZATION_LEVEL = "-O";
				SWIFT_VERSION = 6.0;
				VERSIONING_SYSTEM = "apple-generic";
				WATCHOS_DEPLOYMENT_TARGET = 10.0;
			};
			name = Release;
		};
		F5AC88DE09D1F5FA89DAE176 /* Release */ = {
			isa = XCBuildConfiguration;
			buildSettings = {
				BUNDLE_LOADER = "$(TEST_HOST)";
				CODE_SIGNING_ALLOWED = NO;
				CODE_SIGNING_REQUIRED = NO;
				CODE_SIGN_IDENTITY = "";
				IPHONEOS_DEPLOYMENT_TARGET = 17.0;
				LD_RUNPATH_SEARCH_PATHS = (
					"$(inherited)",
					"@executable_path/Frameworks",
					"@loader_path/Frameworks",
				);
				PRODUCT_BUNDLE_IDENTIFIER = com.ir0niq.app.uitests;
				SDKROOT = iphoneos;
				TARGETED_DEVICE_FAMILY = "1,2";
				TEST_TARGET_NAME = Ironiq;
			};
			name = Release;
		};
/* End XCBuildConfiguration section */

/* Begin XCConfigurationList section */
		064261CCDEA26CFC2F43515E /* Build configuration list for PBXNativeTarget "Ironiq" */ = {
			isa = XCConfigurationList;
			buildConfigurations = (
				B7EE73DBFC0213A612BC14A0 /* Debug */,
				C75DF1EF799A9F60CFE0552D /* Release */,
			);
			defaultConfigurationIsVisible = 0;
			defaultConfigurationName = Debug;
		};
		42FEE9244F1BD25FED9D0791 /* Build configuration list for PBXNativeTarget "IroniqWatchTests" */ = {
			isa = XCConfigurationList;
			buildConfigurations = (
				3AAAC9AB5869E25E01BA9511 /* Debug */,
				49846E4E294F582EE621859D /* Release */,
			);
			defaultConfigurationIsVisible = 0;
			defaultConfigurationName = Debug;
		};
		4C668B49E914532B69964C02 /* Build configuration list for PBXProject "Ironiq" */ = {
			isa = XCConfigurationList;
			buildConfigurations = (
				C989584BEAA6F12681296B68 /* Debug */,
				E956EE4FA23BB9C75671ECBC /* Release */,
			);
			defaultConfigurationIsVisible = 0;
			defaultConfigurationName = Debug;
		};
		53E7A371336BD2A93A4E4E70 /* Build configuration list for PBXNativeTarget "IroniqUITests" */ = {
			isa = XCConfigurationList;
			buildConfigurations = (
				E49C69DC9CC8C332C17289D3 /* Debug */,
				F5AC88DE09D1F5FA89DAE176 /* Release */,
			);
			defaultConfigurationIsVisible = 0;
			defaultConfigurationName = Debug;
		};
		837FD160A86B93A3FA55F299 /* Build configuration list for PBXNativeTarget "IroniqWatchComplication" */ = {
			isa = XCConfigurationList;
			buildConfigurations = (
				B2FA5BF2307104316844EE07 /* Debug */,
				C708EE02E5FFCC9AD1FDFF44 /* Release */,
			);
			defaultConfigurationIsVisible = 0;
			defaultConfigurationName = Debug;
		};
		B88311C0D16A4E2D3AA4FE11 /* Build configuration list for PBXNativeTarget "IroniqWatch" */ = {
			isa = XCConfigurationList;
			buildConfigurations = (
				C6FBAC2505DFE16775481790 /* Debug */,
				1D939A51DA926BEAAC9D783D /* Release */,
			);
			defaultConfigurationIsVisible = 0;
			defaultConfigurationName = Debug;
		};
		DBB4129695A11B886BCF54ED /* Build configuration list for PBXNativeTarget "IroniqTests" */ = {
			isa = XCConfigurationList;
			buildConfigurations = (
				7DA44783326D368572A86916 /* Debug */,
				5A48CCAFA277762FF45E4106 /* Release */,
			);
			defaultConfigurationIsVisible = 0;
			defaultConfigurationName = Debug;
		};
/* End XCConfigurationList section */
	};
	rootObject = 16618C087402DF341C28B176 /* Project object */;
}
