// !$*UTF8*$!
{
	archiveVersion = 1;
	classes = {
	};
	objectVersion = 77;
	objects = {

/* Begin PBXBuildFile section */
		008DED0E9E24BCCACE83127F /* TimeInterval+Format.swift in Sources */ = {isa = PBXBuildFile; fileRef = EC8B8E59288C5C63792EA9C4 /* TimeInterval+Format.swift */; };
		0457AEA94EA3415D13E1D445 /* WatchEndConfirmView.swift in Sources */ = {isa = PBXBuildFile; fileRef = 61F6046C6715B9E969C28687 /* WatchEndConfirmView.swift */; };
		056F161DB88BF30E0E668824 /* HomeView.swift in Sources */ = {isa = PBXBuildFile; fileRef = 3A93D068E7C8931BB782294A /* HomeView.swift */; };
		079FF20133B639B12B142222 /* HistoryListView.swift in Sources */ = {isa = PBXBuildFile; fileRef = BCDC49EFD94C3B77419CE981 /* HistoryListView.swift */; };
		096F3F000E2D5E8458653DEC /* TimerSystem.swift in Sources */ = {isa = PBXBuildFile; fileRef = D5BB74C3B77E1A654F02E2C0 /* TimerSystem.swift */; };
		09ADE64480CF43024B267706 /* HealthKitServiceTests.swift in Sources */ = {isa = PBXBuildFile; fileRef = 3D8D073F9CA2AC54BB9B7614 /* HealthKitServiceTests.swift */; };
		12A7422BDEE0762762D252E0 /* Exercise.swift in Sources */ = {isa = PBXBuildFile; fileRef = 3874711DD55440559919564A /* Exercise.swift */; };
		13886E213022500DDE6F5BAC /* WatchHealthKitService.swift in Sources */ = {isa = PBXBuildFile; fileRef = 81BD26D517141CB790279F0E /* WatchHealthKitService.swift */; };
		1407A2D6298B4DEA2661A4B9 /* Products.storekit in Resources */ = {isa = PBXBuildFile; fileRef = 600FF361ED77CFCF51144D2F /* Products.storekit */; };
		14DFFBBFFA930D61600D0F3D /* ExerciseModelTests.swift in Sources */ = {isa = PBXBuildFile; fileRef = D88D7A980A9DCFC9FABD1717 /* ExerciseModelTests.swift */; };
		1771E8252A800362F2E1FE2A /* OnboardingView.swift in Sources */ = {isa = PBXBuildFile; fileRef = 3229B3590F7176F73C016BCE /* OnboardingView.swift */; };
		1834C36DBB2761656914DBA1 /* HistoryUITests.swift in Sources */ = {isa = PBXBuildFile; fileRef = E29D61439612CC96ABE04AF6 /* HistoryUITests.swift */; };
		1B60EE4ED07BC595D177042D /* SessionUITests.swift in Sources */ = {isa = PBXBuildFile; fileRef = 44EA388DEE82739E740BB422 /* SessionUITests.swift */; };
		218A62D7ED3AA2B6885A8795 /* WorkoutSimulationTests.swift in Sources */ = {isa = PBXBuildFile; fileRef = 32892BA4FFC12FC7D050AD48 /* WorkoutSimulationTests.swift */; };
		23848703B4494886123F095C /* PausedFaceView.swift in Sources */ = {isa = PBXBuildFile; fileRef = 8C6008C903630957C7EC7EB8 /* PausedFaceView.swift */; };
		23C454AB11A7E777C571ED1D /* ForgeApp.swift in Sources */ = {isa = PBXBuildFile; fileRef = 9CAF136A2212C7BAAD8461CD /* ForgeApp.swift */; };
		2DE546C87551BF1D5E8BA430 /* ActiveSessionView.swift in Sources */ = {isa = PBXBuildFile; fileRef = 1CAC8D0DAA4974CB1385A73E /* ActiveSessionView.swift */; };
		34AB9941EA76CA5DD9CFA4D9 /* Template.swift in Sources */ = {isa = PBXBuildFile; fileRef = 3A0157A9AF6A9C201CFA5D51 /* Template.swift */; };
		3699495803E642E855F58DE5 /* StoreKitService.swift in Sources */ = {isa = PBXBuildFile; fileRef = 1D1A086A1FED45C448D72780 /* StoreKitService.swift */; };
		36B7B4634DF545B365D9A509 /* Color+Forge.swift in Sources */ = {isa = PBXBuildFile; fileRef = 7AB5E2C8A941D7048B7953BE /* Color+Forge.swift */; };
		37060F45914AA2E4F59323F6 /* RegressionTests.swift in Sources */ = {isa = PBXBuildFile; fileRef = EFA06A7FD33F088C57DFD1F4 /* RegressionTests.swift */; };
		372585CB154B6E8FB36974B9 /* iCloudService.swift in Sources */ = {isa = PBXBuildFile; fileRef = 426E1F93D943EB5E426E89D2 /* iCloudService.swift */; };
		3C70A54064CE25974EBF4BC3 /* SessionEngine.swift in Sources */ = {isa = PBXBuildFile; fileRef = EB5AE8A52DF8668D58DDBB1E /* SessionEngine.swift */; };
		3DBDA83CB3480DC759ADF508 /* ForgeTabView.swift in Sources */ = {isa = PBXBuildFile; fileRef = 458FDD96879F38C9C5F8FCD2 /* ForgeTabView.swift */; };
		3F51C210A611770472B3943B /* WatchPausedView.swift in Sources */ = {isa = PBXBuildFile; fileRef = EC85A81B8E1F7A929D18B110 /* WatchPausedView.swift */; };
		442D3C8B00AD82DDE3AB1204 /* TimeInterval+Format.swift in Sources */ = {isa = PBXBuildFile; fileRef = 5FB6245B83DF4162338B326C /* TimeInterval+Format.swift */; };
		45CAE51053B95E56F5606AD8 /* ExerciseRepositoryTests.swift in Sources */ = {isa = PBXBuildFile; fileRef = 95D217612E0E345AF0D86B23 /* ExerciseRepositoryTests.swift */; };
		4681AC26973231CC698CC6BB /* WatchSyncServiceTests.swift in Sources */ = {isa = PBXBuildFile; fileRef = BF9FCCAAB31A38D9E46A98F1 /* WatchSyncServiceTests.swift */; };
		479DB8172FA674CB5AC9D7C3 /* WatchSessionViewModelTests.swift in Sources */ = {isa = PBXBuildFile; fileRef = 4D6863F6F8412332CDAB9FEF /* WatchSessionViewModelTests.swift */; };
		490CA7BB509288EE2AB4204D /* WatchSyncService.swift in Sources */ = {isa = PBXBuildFile; fileRef = 623B3E8B1981D5C8A1FD827C /* WatchSyncService.swift */; };
		4A2ED58C4731B9F8D037AFA6 /* Data+GZip.swift in Sources */ = {isa = PBXBuildFile; fileRef = AEA7FDF56329B5273A332186 /* Data+GZip.swift */; };
		4A7317A41424CA32506CB57A /* InputFaceView.swift in Sources */ = {isa = PBXBuildFile; fileRef = ACA5CFDE0AA96D0BF56559A9 /* InputFaceView.swift */; };
		502E7E2ACCA51C0C78C1C1DB /* AppState.swift in Sources */ = {isa = PBXBuildFile; fileRef = 521DA2F35106996D8C88AE6D /* AppState.swift */; };
		51AC924B398B9B481E9FB2EF /* HistoryCalendarView.swift in Sources */ = {isa = PBXBuildFile; fileRef = 26D2437C2211D5F2DC462ABC /* HistoryCalendarView.swift */; };
		52C860449F67BD88233A70A2 /* HistoryViewModel.swift in Sources */ = {isa = PBXBuildFile; fileRef = A2576F712CF749F77CCFF968 /* HistoryViewModel.swift */; };
		52EA6CC1911853CA6ADD40FD /* ContentView.swift in Sources */ = {isa = PBXBuildFile; fileRef = 05290DDC05DE21433C241D01 /* ContentView.swift */; };
		547891B2CC5A07844F4EEA30 /* PerformanceTests.swift in Sources */ = {isa = PBXBuildFile; fileRef = B4DADD5BD972DDC014A490E1 /* PerformanceTests.swift */; };
		56F9A8B1C65257FC3E9F12EC /* WatchHomeView.swift in Sources */ = {isa = PBXBuildFile; fileRef = 5B6896AFE79E054968A2A58C /* WatchHomeView.swift */; };
		5E5A66C6AF583A192C16D2BB /* DTOs.swift in Sources */ = {isa = PBXBuildFile; fileRef = 2330235FE8484DE072437B83 /* DTOs.swift */; };
		6254F41F885E3051B42433B3 /* SessionSummaryView.swift in Sources */ = {isa = PBXBuildFile; fileRef = EDB05252C3385290E46CD28B /* SessionSummaryView.swift */; };
		6A37B31F22189A871CADEF9A /* SeedDataTests.swift in Sources */ = {isa = PBXBuildFile; fileRef = EB351FBEA8AA6FC931BA0513 /* SeedDataTests.swift */; };
		6A4634063766D1B56A326601 /* TemplateViewModel.swift in Sources */ = {isa = PBXBuildFile; fileRef = B14F64D7B97C9EE6A562B96D /* TemplateViewModel.swift */; };
		6ADF6F42A9F42473196B96DF /* ForgeWatchTests.swift in Sources */ = {isa = PBXBuildFile; fileRef = AE49A2B4E6387B2ECA68E7E9 /* ForgeWatchTests.swift */; };
		6AFF785A9CA15269A4CD7CC3 /* TemplateListView.swift in Sources */ = {isa = PBXBuildFile; fileRef = 0B0EA6A40A5DF0933DD1EAB3 /* TemplateListView.swift */; };
		6E6641904BB967C41713F698 /* SessionIntentTests.swift in Sources */ = {isa = PBXBuildFile; fileRef = 1383B496616DC59EEED7780B /* SessionIntentTests.swift */; };
		7085DF134BE923C9A28B18F1 /* SessionDetailView.swift in Sources */ = {isa = PBXBuildFile; fileRef = CFEC2ABC5DDA13137949DB11 /* SessionDetailView.swift */; };
		736BC6F7AFB54E683D051A0B /* SessionViewModel.swift in Sources */ = {isa = PBXBuildFile; fileRef = 39B3160A8356665EB3812E4E /* SessionViewModel.swift */; };
		78F820082201DB7953331DE0 /* ForgeWidgetBundle.swift in Sources */ = {isa = PBXBuildFile; fileRef = D091FFD3FCA054955C7906DD /* ForgeWidgetBundle.swift */; };
		79AD6D817D345AFCCA17449C /* SessionRepository.swift in Sources */ = {isa = PBXBuildFile; fileRef = 75CB1816405B045486A7434B /* SessionRepository.swift */; };
		7ABDD2B532D569F135F1A74B /* SettingsView.swift in Sources */ = {isa = PBXBuildFile; fileRef = 95DA534E6F179E8BE7F8B92A /* SettingsView.swift */; };
		7B83BBD465B4CAD9D8AB7488 /* iCloudServiceTests.swift in Sources */ = {isa = PBXBuildFile; fileRef = 144291A5F24427C4A40B431B /* iCloudServiceTests.swift */; };
		7BC65E03CE1AA4155F148CFE /* PreviewRepositories.swift in Sources */ = {isa = PBXBuildFile; fileRef = 8F4BE9EB736FCAF9DAC643C4 /* PreviewRepositories.swift */; };
		7E31E7B43DFCCBA75C2468C0 /* ModelContainerFactory.swift in Sources */ = {isa = PBXBuildFile; fileRef = DB6CC01840EAACA4A5083775 /* ModelContainerFactory.swift */; };
		7E5A907D48506BE363D955FE /* SessionIntents.swift in Sources */ = {isa = PBXBuildFile; fileRef = AB4FB7CB7FABA790ACECF3AC /* SessionIntents.swift */; };
		81E39742A0D3CB02B894392E /* SettingsUITests.swift in Sources */ = {isa = PBXBuildFile; fileRef = 53F06232AF84AD46C1872648 /* SettingsUITests.swift */; };
		825C62825E0BB8C209EFCF7A /* WatchComplicationTests.swift in Sources */ = {isa = PBXBuildFile; fileRef = 56570F6CEB477226AADCC768 /* WatchComplicationTests.swift */; };
		8331B6F4A284C181F13EC359 /* WatchConnectivityService.swift in Sources */ = {isa = PBXBuildFile; fileRef = D76F106CD291B532B8CE07D4 /* WatchConnectivityService.swift */; };
		858842D1084669F6191F1E35 /* Color+Forge.swift in Sources */ = {isa = PBXBuildFile; fileRef = 84F35DB38C58EC71A5A3AED8 /* Color+Forge.swift */; };
		85A0575586CEBD8C092FAA84 /* ReviewBeforeSavingView.swift in Sources */ = {isa = PBXBuildFile; fileRef = 7070F07F593894978FE18104 /* ReviewBeforeSavingView.swift */; };
		862A030C2A6D8B2E07060DC6 /* TemplateRepositoryTests.swift in Sources */ = {isa = PBXBuildFile; fileRef = 4325168E15F637F9B2453332 /* TemplateRepositoryTests.swift */; };
		8E124C61D61CE1B5F5BD47E4 /* AppModel.swift in Sources */ = {isa = PBXBuildFile; fileRef = 98F6EACE0D45A6701E1C8ADF /* AppModel.swift */; };
		8E9980CA774581C1FA0C8666 /* AccessibilityModifiers.swift in Sources */ = {isa = PBXBuildFile; fileRef = F31154E735A546935FB203FE /* AccessibilityModifiers.swift */; };
		958D685F04AC67142230BEBE /* WatchActiveSessionView.swift in Sources */ = {isa = PBXBuildFile; fileRef = D7C0F4F5230B2AD368810570 /* WatchActiveSessionView.swift */; };
		9818A5E7EFE415730DA6FFDB /* TimerView.swift in Sources */ = {isa = PBXBuildFile; fileRef = 725DE6FDAFC7CDEC9D1C3421 /* TimerView.swift */; };
		988509AE275D00809A152C30 /* TemplateEditorView.swift in Sources */ = {isa = PBXBuildFile; fileRef = 9AB3E122A14418E845FBEE38 /* TemplateEditorView.swift */; };
		99BC94C5D8DD8C85CD08AAD2 /* MockRepositories.swift in Sources */ = {isa = PBXBuildFile; fileRef = 9FC6DDFE8845917F50E28983 /* MockRepositories.swift */; };
		9B8D4727D02E64F1CCC37C38 /* WeightFormatter.swift in Sources */ = {isa = PBXBuildFile; fileRef = A60DCF0AEE8996BB6FB68F89 /* WeightFormatter.swift */; };
		A07A73F41D0DE539E5143AF2 /* ProGateView.swift in Sources */ = {isa = PBXBuildFile; fileRef = ADFBFD0481AD48CE8A0D55D3 /* ProGateView.swift */; };
		A309D2EBDBBAD0C94F69657D /* ForgeWatchApp.swift in Sources */ = {isa = PBXBuildFile; fileRef = 49FC536A90E73F46CE47AA78 /* ForgeWatchApp.swift */; };
		A53E8E3F3C1F44ED2F17A32A /* HealthKitService.swift in Sources */ = {isa = PBXBuildFile; fileRef = 79BF794FC325C51FD549F2EC /* HealthKitService.swift */; };
		A5B0F277EF753D089494CC23 /* WatchSessionViewModel.swift in Sources */ = {isa = PBXBuildFile; fileRef = 2362947FADA756F895E55A97 /* WatchSessionViewModel.swift */; };
		A7C5ADB138BDE117F3A79907 /* MockServices.swift in Sources */ = {isa = PBXBuildFile; fileRef = 501EEB01923D005D49F7E817 /* MockServices.swift */; };
		AE1C5BA1C5698824C6108A6B /* TimerSystemTests.swift in Sources */ = {isa = PBXBuildFile; fileRef = 9BBFCBDBF4958CB77BB6CC8E /* TimerSystemTests.swift */; };
		AEA97EF9D4224BF7CBF09E09 /* Enums.swift in Sources */ = {isa = PBXBuildFile; fileRef = C6D3586764518A83A7291E8E /* Enums.swift */; };
		B0F84419293D0589D16BBA18 /* RestFaceView.swift in Sources */ = {isa = PBXBuildFile; fileRef = 654D2EAD76768757989D73E9 /* RestFaceView.swift */; };
		B13FDE6E9B7E9C3D38BAB56C /* TemplateRepository.swift in Sources */ = {isa = PBXBuildFile; fileRef = 17131A1643027FADAB1345F4 /* TemplateRepository.swift */; };
		B188AB7A0EB352D15D6E561E /* TemplateUITests.swift in Sources */ = {isa = PBXBuildFile; fileRef = 71D6D962F152A12CB9B847EA /* TemplateUITests.swift */; };
		BA513D0B4ADCC2002F387D10 /* ExercisePickerView.swift in Sources */ = {isa = PBXBuildFile; fileRef = 70A9A4229AECBF00099C4B5C /* ExercisePickerView.swift */; };
		BC3F3F588AA10D1A88812D1A /* StoreKitServiceTests.swift in Sources */ = {isa = PBXBuildFile; fileRef = 14D23950C87306380BDC38AD /* StoreKitServiceTests.swift */; };
		BF1CD5C5EE1E9BB0B5A1868C /* SetFaceView.swift in Sources */ = {isa = PBXBuildFile; fileRef = EEC1F0ACDA8DDBFDAFD1704B /* SetFaceView.swift */; };
		C1BDCB8FC57C049791754503 /* WatchMusicControlsView.swift in Sources */ = {isa = PBXBuildFile; fileRef = 5D202D7F456977ACCCC080B4 /* WatchMusicControlsView.swift */; };
		C83CE9A1A89CAA5855346736 /* ForgeUITests.swift in Sources */ = {isa = PBXBuildFile; fileRef = 6A398D2245F77D45641AB920 /* ForgeUITests.swift */; };
		C8C00BA250859C9DE6D95950 /* WatchRestFaceView.swift in Sources */ = {isa = PBXBuildFile; fileRef = 181D03B0C288D474E680BAB9 /* WatchRestFaceView.swift */; };
		C977D88FAF9877B4815F234F /* SessionExportModel.swift in Sources */ = {isa = PBXBuildFile; fileRef = 49AAB56ABE94FC3EFDCFF65D /* SessionExportModel.swift */; };
		CAD175B30AB98CCA298BE708 /* ForgeExercises.json in Resources */ = {isa = PBXBuildFile; fileRef = 6BEBDDE289E2587F6AA4F309 /* ForgeExercises.json */; };
		CC2E8D75383425A502FAC908 /* WatchSetFaceView.swift in Sources */ = {isa = PBXBuildFile; fileRef = F88C23ED00BDC3B9F902D2C7 /* WatchSetFaceView.swift */; };
		D08CE90D55F267F6BBC1513C /* ExerciseRowView.swift in Sources */ = {isa = PBXBuildFile; fileRef = 235CDAF768C95558E0653D3A /* ExerciseRowView.swift */; };
		D7732239A0C576EB199C33B3 /* Session.swift in Sources */ = {isa = PBXBuildFile; fileRef = C8456B3DC1C848D273B6C1C9 /* Session.swift */; };
		E1819D1B27401DF6CA36451A /* ExerciseRepository.swift in Sources */ = {isa = PBXBuildFile; fileRef = FB5C9B09411D200757B680E9 /* ExerciseRepository.swift */; };
		ED848D9C8DBDF83FED2BBB6D /* SessionModelTests.swift in Sources */ = {isa = PBXBuildFile; fileRef = 6421B44BEF04DFCAC458EF10 /* SessionModelTests.swift */; };
		EE0D298CC762A427794496D1 /* TemplateDetailView.swift in Sources */ = {isa = PBXBuildFile; fileRef = 0A7B02841858F084B7526AD0 /* TemplateDetailView.swift */; };
		EF7A9136C49E18139DACC4B2 /* WatchInputFaceView.swift in Sources */ = {isa = PBXBuildFile; fileRef = B4DFC42C5841737676A8F895 /* WatchInputFaceView.swift */; };
		F3E83C6F49C8FC8F4ABF3059 /* SessionEngineTests.swift in Sources */ = {isa = PBXBuildFile; fileRef = A925E022D694E583251C362C /* SessionEngineTests.swift */; };
		F620DD0A9B62965E7D9F3681 /* ForgeNavigationTests.swift in Sources */ = {isa = PBXBuildFile; fileRef = 741A4DA61604D1C9D1D5FD63 /* ForgeNavigationTests.swift */; };
		F6664B8AFB322537B9C3FA69 /* SeedDataService.swift in Sources */ = {isa = PBXBuildFile; fileRef = 454E747EFE01E4F56058A6DA /* SeedDataService.swift */; };
		F68AF271C512EF0D88A04CB0 /* FeatureGateTests.swift in Sources */ = {isa = PBXBuildFile; fileRef = BA1E6AAD56D4D72A5D6F8A19 /* FeatureGateTests.swift */; };
		F8840B11EA17EE7FBBC3AFD5 /* SettingsViewModel.swift in Sources */ = {isa = PBXBuildFile; fileRef = 4AD094723BDFD580DEE226D0 /* SettingsViewModel.swift */; };
/* End PBXBuildFile section */

/* Begin PBXContainerItemProxy section */
		1853ED7F177D7138E479E34C /* PBXContainerItemProxy */ = {
			isa = PBXContainerItemProxy;
			containerPortal = DD0290201C0E580E7A86156E /* Project object */;
			proxyType = 1;
			remoteGlobalIDString = B86A17B415789897E93F9B10;
			remoteInfo = Forge;
		};
		3CCC01E0491824D759E4FCDD /* PBXContainerItemProxy */ = {
			isa = PBXContainerItemProxy;
			containerPortal = DD0290201C0E580E7A86156E /* Project object */;
			proxyType = 1;
			remoteGlobalIDString = B86A17B415789897E93F9B10;
			remoteInfo = Forge;
		};
		F23DA84766C653E80720EF9C /* PBXContainerItemProxy */ = {
			isa = PBXContainerItemProxy;
			containerPortal = DD0290201C0E580E7A86156E /* Project object */;
			proxyType = 1;
			remoteGlobalIDString = BE45730CD0210B553EA333A3;
			remoteInfo = ForgeWatch;
		};
/* End PBXContainerItemProxy section */

/* Begin PBXFileReference section */
		05290DDC05DE21433C241D01 /* ContentView.swift */ = {isa = PBXFileReference; lastKnownFileType = sourcecode.swift; path = ContentView.swift; sourceTree = "<group>"; };
		083616D473CEA14CCE83E1B6 /* ForgeTests.xctest */ = {isa = PBXFileReference; includeInIndex = 0; lastKnownFileType = wrapper.cfbundle; path = ForgeTests.xctest; sourceTree = BUILT_PRODUCTS_DIR; };
		0A7B02841858F084B7526AD0 /* TemplateDetailView.swift */ = {isa = PBXFileReference; lastKnownFileType = sourcecode.swift; path = TemplateDetailView.swift; sourceTree = "<group>"; };
		0B0EA6A40A5DF0933DD1EAB3 /* TemplateListView.swift */ = {isa = PBXFileReference; lastKnownFileType = sourcecode.swift; path = TemplateListView.swift; sourceTree = "<group>"; };
		1383B496616DC59EEED7780B /* SessionIntentTests.swift */ = {isa = PBXFileReference; lastKnownFileType = sourcecode.swift; path = SessionIntentTests.swift; sourceTree = "<group>"; };
		144291A5F24427C4A40B431B /* iCloudServiceTests.swift */ = {isa = PBXFileReference; lastKnownFileType = sourcecode.swift; path = iCloudServiceTests.swift; sourceTree = "<group>"; };
		14D23950C87306380BDC38AD /* StoreKitServiceTests.swift */ = {isa = PBXFileReference; lastKnownFileType = sourcecode.swift; path = StoreKitServiceTests.swift; sourceTree = "<group>"; };
		16F5654DD636EB5E24C2AA11 /* Info.plist */ = {isa = PBXFileReference; lastKnownFileType = text.plist; path = Info.plist; sourceTree = "<group>"; };
		17131A1643027FADAB1345F4 /* TemplateRepository.swift */ = {isa = PBXFileReference; lastKnownFileType = sourcecode.swift; path = TemplateRepository.swift; sourceTree = "<group>"; };
		181D03B0C288D474E680BAB9 /* WatchRestFaceView.swift */ = {isa = PBXFileReference; lastKnownFileType = sourcecode.swift; path = WatchRestFaceView.swift; sourceTree = "<group>"; };
		1CAC8D0DAA4974CB1385A73E /* ActiveSessionView.swift */ = {isa = PBXFileReference; lastKnownFileType = sourcecode.swift; path = ActiveSessionView.swift; sourceTree = "<group>"; };
		1D1A086A1FED45C448D72780 /* StoreKitService.swift */ = {isa = PBXFileReference; lastKnownFileType = sourcecode.swift; path = StoreKitService.swift; sourceTree = "<group>"; };
		2330235FE8484DE072437B83 /* DTOs.swift */ = {isa = PBXFileReference; lastKnownFileType = sourcecode.swift; path = DTOs.swift; sourceTree = "<group>"; };
		235CDAF768C95558E0653D3A /* ExerciseRowView.swift */ = {isa = PBXFileReference; lastKnownFileType = sourcecode.swift; path = ExerciseRowView.swift; sourceTree = "<group>"; };
		2362947FADA756F895E55A97 /* WatchSessionViewModel.swift */ = {isa = PBXFileReference; lastKnownFileType = sourcecode.swift; path = WatchSessionViewModel.swift; sourceTree = "<group>"; };
		26D2437C2211D5F2DC462ABC /* HistoryCalendarView.swift */ = {isa = PBXFileReference; lastKnownFileType = sourcecode.swift; path = HistoryCalendarView.swift; sourceTree = "<group>"; };
		31685D47D31E3DDDC140AB5A /* ForgeUITests.xctest */ = {isa = PBXFileReference; includeInIndex = 0; lastKnownFileType = wrapper.cfbundle; path = ForgeUITests.xctest; sourceTree = BUILT_PRODUCTS_DIR; };
		3229B3590F7176F73C016BCE /* OnboardingView.swift */ = {isa = PBXFileReference; lastKnownFileType = sourcecode.swift; path = OnboardingView.swift; sourceTree = "<group>"; };
		32892BA4FFC12FC7D050AD48 /* WorkoutSimulationTests.swift */ = {isa = PBXFileReference; lastKnownFileType = sourcecode.swift; path = WorkoutSimulationTests.swift; sourceTree = "<group>"; };
		32CD955AB86A1396DA9D8CC4 /* ForgeWatch.app */ = {isa = PBXFileReference; explicitFileType = wrapper.application; includeInIndex = 0; path = ForgeWatch.app; sourceTree = BUILT_PRODUCTS_DIR; };
		3874711DD55440559919564A /* Exercise.swift */ = {isa = PBXFileReference; lastKnownFileType = sourcecode.swift; path = Exercise.swift; sourceTree = "<group>"; };
		39B3160A8356665EB3812E4E /* SessionViewModel.swift */ = {isa = PBXFileReference; lastKnownFileType = sourcecode.swift; path = SessionViewModel.swift; sourceTree = "<group>"; };
		3A0157A9AF6A9C201CFA5D51 /* Template.swift */ = {isa = PBXFileReference; lastKnownFileType = sourcecode.swift; path = Template.swift; sourceTree = "<group>"; };
		3A93D068E7C8931BB782294A /* HomeView.swift */ = {isa = PBXFileReference; lastKnownFileType = sourcecode.swift; path = HomeView.swift; sourceTree = "<group>"; };
		3D8D073F9CA2AC54BB9B7614 /* HealthKitServiceTests.swift */ = {isa = PBXFileReference; lastKnownFileType = sourcecode.swift; path = HealthKitServiceTests.swift; sourceTree = "<group>"; };
		426E1F93D943EB5E426E89D2 /* iCloudService.swift */ = {isa = PBXFileReference; lastKnownFileType = sourcecode.swift; path = iCloudService.swift; sourceTree = "<group>"; };
		4325168E15F637F9B2453332 /* TemplateRepositoryTests.swift */ = {isa = PBXFileReference; lastKnownFileType = sourcecode.swift; path = TemplateRepositoryTests.swift; sourceTree = "<group>"; };
		44EA388DEE82739E740BB422 /* SessionUITests.swift */ = {isa = PBXFileReference; lastKnownFileType = sourcecode.swift; path = SessionUITests.swift; sourceTree = "<group>"; };
		454E747EFE01E4F56058A6DA /* SeedDataService.swift */ = {isa = PBXFileReference; lastKnownFileType = sourcecode.swift; path = SeedDataService.swift; sourceTree = "<group>"; };
		458FDD96879F38C9C5F8FCD2 /* ForgeTabView.swift */ = {isa = PBXFileReference; lastKnownFileType = sourcecode.swift; path = ForgeTabView.swift; sourceTree = "<group>"; };
		49AAB56ABE94FC3EFDCFF65D /* SessionExportModel.swift */ = {isa = PBXFileReference; lastKnownFileType = sourcecode.swift; path = SessionExportModel.swift; sourceTree = "<group>"; };
		49FC536A90E73F46CE47AA78 /* ForgeWatchApp.swift */ = {isa = PBXFileReference; lastKnownFileType = sourcecode.swift; path = ForgeWatchApp.swift; sourceTree = "<group>"; };
		4AD094723BDFD580DEE226D0 /* SettingsViewModel.swift */ = {isa = PBXFileReference; lastKnownFileType = sourcecode.swift; path = SettingsViewModel.swift; sourceTree = "<group>"; };
		4D6863F6F8412332CDAB9FEF /* WatchSessionViewModelTests.swift */ = {isa = PBXFileReference; lastKnownFileType = sourcecode.swift; path = WatchSessionViewModelTests.swift; sourceTree = "<group>"; };
		501EEB01923D005D49F7E817 /* MockServices.swift */ = {isa = PBXFileReference; lastKnownFileType = sourcecode.swift; path = MockServices.swift; sourceTree = "<group>"; };
		521DA2F35106996D8C88AE6D /* AppState.swift */ = {isa = PBXFileReference; lastKnownFileType = sourcecode.swift; path = AppState.swift; sourceTree = "<group>"; };
		53F06232AF84AD46C1872648 /* SettingsUITests.swift */ = {isa = PBXFileReference; lastKnownFileType = sourcecode.swift; path = SettingsUITests.swift; sourceTree = "<group>"; };
		53F96C2CB60B7F19408717F1 /* Info.plist */ = {isa = PBXFileReference; lastKnownFileType = text.plist; path = Info.plist; sourceTree = "<group>"; };
		56570F6CEB477226AADCC768 /* WatchComplicationTests.swift */ = {isa = PBXFileReference; lastKnownFileType = sourcecode.swift; path = WatchComplicationTests.swift; sourceTree = "<group>"; };
		5B6896AFE79E054968A2A58C /* WatchHomeView.swift */ = {isa = PBXFileReference; lastKnownFileType = sourcecode.swift; path = WatchHomeView.swift; sourceTree = "<group>"; };
		5D202D7F456977ACCCC080B4 /* WatchMusicControlsView.swift */ = {isa = PBXFileReference; lastKnownFileType = sourcecode.swift; path = WatchMusicControlsView.swift; sourceTree = "<group>"; };
		5FB6245B83DF4162338B326C /* TimeInterval+Format.swift */ = {isa = PBXFileReference; lastKnownFileType = sourcecode.swift; path = "TimeInterval+Format.swift"; sourceTree = "<group>"; };
		5FDA55941BDB098A23EAE9CF /* Info.plist */ = {isa = PBXFileReference; lastKnownFileType = text.plist; path = Info.plist; sourceTree = "<group>"; };
		600FF361ED77CFCF51144D2F /* Products.storekit */ = {isa = PBXFileReference; path = Products.storekit; sourceTree = "<group>"; };
		61F6046C6715B9E969C28687 /* WatchEndConfirmView.swift */ = {isa = PBXFileReference; lastKnownFileType = sourcecode.swift; path = WatchEndConfirmView.swift; sourceTree = "<group>"; };
		623B3E8B1981D5C8A1FD827C /* WatchSyncService.swift */ = {isa = PBXFileReference; lastKnownFileType = sourcecode.swift; path = WatchSyncService.swift; sourceTree = "<group>"; };
		6421B44BEF04DFCAC458EF10 /* SessionModelTests.swift */ = {isa = PBXFileReference; lastKnownFileType = sourcecode.swift; path = SessionModelTests.swift; sourceTree = "<group>"; };
		654D2EAD76768757989D73E9 /* RestFaceView.swift */ = {isa = PBXFileReference; lastKnownFileType = sourcecode.swift; path = RestFaceView.swift; sourceTree = "<group>"; };
		6A398D2245F77D45641AB920 /* ForgeUITests.swift */ = {isa = PBXFileReference; lastKnownFileType = sourcecode.swift; path = ForgeUITests.swift; sourceTree = "<group>"; };
		6BEBDDE289E2587F6AA4F309 /* ForgeExercises.json */ = {isa = PBXFileReference; lastKnownFileType = text.json; path = ForgeExercises.json; sourceTree = "<group>"; };
		7070F07F593894978FE18104 /* ReviewBeforeSavingView.swift */ = {isa = PBXFileReference; lastKnownFileType = sourcecode.swift; path = ReviewBeforeSavingView.swift; sourceTree = "<group>"; };
		70A9A4229AECBF00099C4B5C /* ExercisePickerView.swift */ = {isa = PBXFileReference; lastKnownFileType = sourcecode.swift; path = ExercisePickerView.swift; sourceTree = "<group>"; };
		71D6D962F152A12CB9B847EA /* TemplateUITests.swift */ = {isa = PBXFileReference; lastKnownFileType = sourcecode.swift; path = TemplateUITests.swift; sourceTree = "<group>"; };
		725DE6FDAFC7CDEC9D1C3421 /* TimerView.swift */ = {isa = PBXFileReference; lastKnownFileType = sourcecode.swift; path = TimerView.swift; sourceTree = "<group>"; };
		741A4DA61604D1C9D1D5FD63 /* ForgeNavigationTests.swift */ = {isa = PBXFileReference; lastKnownFileType = sourcecode.swift; path = ForgeNavigationTests.swift; sourceTree = "<group>"; };
		75CB1816405B045486A7434B /* SessionRepository.swift */ = {isa = PBXFileReference; lastKnownFileType = sourcecode.swift; path = SessionRepository.swift; sourceTree = "<group>"; };
		79BF794FC325C51FD549F2EC /* HealthKitService.swift */ = {isa = PBXFileReference; lastKnownFileType = sourcecode.swift; path = HealthKitService.swift; sourceTree = "<group>"; };
		7AB5E2C8A941D7048B7953BE /* Color+Forge.swift */ = {isa = PBXFileReference; lastKnownFileType = sourcecode.swift; path = "Color+Forge.swift"; sourceTree = "<group>"; };
		81BD26D517141CB790279F0E /* WatchHealthKitService.swift */ = {isa = PBXFileReference; lastKnownFileType = sourcecode.swift; path = WatchHealthKitService.swift; sourceTree = "<group>"; };
		84F35DB38C58EC71A5A3AED8 /* Color+Forge.swift */ = {isa = PBXFileReference; lastKnownFileType = sourcecode.swift; path = "Color+Forge.swift"; sourceTree = "<group>"; };
		8C6008C903630957C7EC7EB8 /* PausedFaceView.swift */ = {isa = PBXFileReference; lastKnownFileType = sourcecode.swift; path = PausedFaceView.swift; sourceTree = "<group>"; };
		8E3AF32C2E810FA815CBE58E /* ForgeWatchComplication.appex */ = {isa = PBXFileReference; explicitFileType = "wrapper.app-extension"; includeInIndex = 0; path = ForgeWatchComplication.appex; sourceTree = BUILT_PRODUCTS_DIR; };
		8F4BE9EB736FCAF9DAC643C4 /* PreviewRepositories.swift */ = {isa = PBXFileReference; lastKnownFileType = sourcecode.swift; path = PreviewRepositories.swift; sourceTree = "<group>"; };
		95D217612E0E345AF0D86B23 /* ExerciseRepositoryTests.swift */ = {isa = PBXFileReference; lastKnownFileType = sourcecode.swift; path = ExerciseRepositoryTests.swift; sourceTree = "<group>"; };
		95DA534E6F179E8BE7F8B92A /* SettingsView.swift */ = {isa = PBXFileReference; lastKnownFileType = sourcecode.swift; path = SettingsView.swift; sourceTree = "<group>"; };
		98F6EACE0D45A6701E1C8ADF /* AppModel.swift */ = {isa = PBXFileReference; lastKnownFileType = sourcecode.swift; path = AppModel.swift; sourceTree = "<group>"; };
		9AB3E122A14418E845FBEE38 /* TemplateEditorView.swift */ = {isa = PBXFileReference; lastKnownFileType = sourcecode.swift; path = TemplateEditorView.swift; sourceTree = "<group>"; };
		9BBFCBDBF4958CB77BB6CC8E /* TimerSystemTests.swift */ = {isa = PBXFileReference; lastKnownFileType = sourcecode.swift; path = TimerSystemTests.swift; sourceTree = "<group>"; };
		9CAF136A2212C7BAAD8461CD /* ForgeApp.swift */ = {isa = PBXFileReference; lastKnownFileType = sourcecode.swift; path = ForgeApp.swift; sourceTree = "<group>"; };
		9FC6DDFE8845917F50E28983 /* MockRepositories.swift */ = {isa = PBXFileReference; lastKnownFileType = sourcecode.swift; path = MockRepositories.swift; sourceTree = "<group>"; };
		A2576F712CF749F77CCFF968 /* HistoryViewModel.swift */ = {isa = PBXFileReference; lastKnownFileType = sourcecode.swift; path = HistoryViewModel.swift; sourceTree = "<group>"; };
		A60DCF0AEE8996BB6FB68F89 /* WeightFormatter.swift */ = {isa = PBXFileReference; lastKnownFileType = sourcecode.swift; path = WeightFormatter.swift; sourceTree = "<group>"; };
		A925E022D694E583251C362C /* SessionEngineTests.swift */ = {isa = PBXFileReference; lastKnownFileType = sourcecode.swift; path = SessionEngineTests.swift; sourceTree = "<group>"; };
		AB4FB7CB7FABA790ACECF3AC /* SessionIntents.swift */ = {isa = PBXFileReference; lastKnownFileType = sourcecode.swift; path = SessionIntents.swift; sourceTree = "<group>"; };
		ACA5CFDE0AA96D0BF56559A9 /* InputFaceView.swift */ = {isa = PBXFileReference; lastKnownFileType = sourcecode.swift; path = InputFaceView.swift; sourceTree = "<group>"; };
		ADFBFD0481AD48CE8A0D55D3 /* ProGateView.swift */ = {isa = PBXFileReference; lastKnownFileType = sourcecode.swift; path = ProGateView.swift; sourceTree = "<group>"; };
		AE49A2B4E6387B2ECA68E7E9 /* ForgeWatchTests.swift */ = {isa = PBXFileReference; lastKnownFileType = sourcecode.swift; path = ForgeWatchTests.swift; sourceTree = "<group>"; };
		AEA7FDF56329B5273A332186 /* Data+GZip.swift */ = {isa = PBXFileReference; lastKnownFileType = sourcecode.swift; path = "Data+GZip.swift"; sourceTree = "<group>"; };
		B14F64D7B97C9EE6A562B96D /* TemplateViewModel.swift */ = {isa = PBXFileReference; lastKnownFileType = sourcecode.swift; path = TemplateViewModel.swift; sourceTree = "<group>"; };
		B4DADD5BD972DDC014A490E1 /* PerformanceTests.swift */ = {isa = PBXFileReference; lastKnownFileType = sourcecode.swift; path = PerformanceTests.swift; sourceTree = "<group>"; };
		B4DFC42C5841737676A8F895 /* WatchInputFaceView.swift */ = {isa = PBXFileReference; lastKnownFileType = sourcecode.swift; path = WatchInputFaceView.swift; sourceTree = "<group>"; };
		B8C9A59E5B07C7D1B2F352E1 /* Forge.entitlements */ = {isa = PBXFileReference; lastKnownFileType = text.plist.entitlements; path = Forge.entitlements; sourceTree = "<group>"; };
		BA1E6AAD56D4D72A5D6F8A19 /* FeatureGateTests.swift */ = {isa = PBXFileReference; lastKnownFileType = sourcecode.swift; path = FeatureGateTests.swift; sourceTree = "<group>"; };
		BCDC49EFD94C3B77419CE981 /* HistoryListView.swift */ = {isa = PBXFileReference; lastKnownFileType = sourcecode.swift; path = HistoryListView.swift; sourceTree = "<group>"; };
		BF9FCCAAB31A38D9E46A98F1 /* WatchSyncServiceTests.swift */ = {isa = PBXFileReference; lastKnownFileType = sourcecode.swift; path = WatchSyncServiceTests.swift; sourceTree = "<group>"; };
		C6D3586764518A83A7291E8E /* Enums.swift */ = {isa = PBXFileReference; lastKnownFileType = sourcecode.swift; path = Enums.swift; sourceTree = "<group>"; };
		C8456B3DC1C848D273B6C1C9 /* Session.swift */ = {isa = PBXFileReference; lastKnownFileType = sourcecode.swift; path = Session.swift; sourceTree = "<group>"; };
		CEB26223EFA8DC9D74FDC778 /* ForgeWatchTests.xctest */ = {isa = PBXFileReference; explicitFileType = wrapper.cfbundle; includeInIndex = 0; path = ForgeWatchTests.xctest; sourceTree = BUILT_PRODUCTS_DIR; };
		CFEC2ABC5DDA13137949DB11 /* SessionDetailView.swift */ = {isa = PBXFileReference; lastKnownFileType = sourcecode.swift; path = SessionDetailView.swift; sourceTree = "<group>"; };
		D091FFD3FCA054955C7906DD /* ForgeWidgetBundle.swift */ = {isa = PBXFileReference; lastKnownFileType = sourcecode.swift; path = ForgeWidgetBundle.swift; sourceTree = "<group>"; };
		D5BB74C3B77E1A654F02E2C0 /* TimerSystem.swift */ = {isa = PBXFileReference; lastKnownFileType = sourcecode.swift; path = TimerSystem.swift; sourceTree = "<group>"; };
		D76F106CD291B532B8CE07D4 /* WatchConnectivityService.swift */ = {isa = PBXFileReference; lastKnownFileType = sourcecode.swift; path = WatchConnectivityService.swift; sourceTree = "<group>"; };
		D7C0F4F5230B2AD368810570 /* WatchActiveSessionView.swift */ = {isa = PBXFileReference; lastKnownFileType = sourcecode.swift; path = WatchActiveSessionView.swift; sourceTree = "<group>"; };
		D88D7A980A9DCFC9FABD1717 /* ExerciseModelTests.swift */ = {isa = PBXFileReference; lastKnownFileType = sourcecode.swift; path = ExerciseModelTests.swift; sourceTree = "<group>"; };
		DB6CC01840EAACA4A5083775 /* ModelContainerFactory.swift */ = {isa = PBXFileReference; lastKnownFileType = sourcecode.swift; path = ModelContainerFactory.swift; sourceTree = "<group>"; };
		E29D61439612CC96ABE04AF6 /* HistoryUITests.swift */ = {isa = PBXFileReference; lastKnownFileType = sourcecode.swift; path = HistoryUITests.swift; sourceTree = "<group>"; };
		EAD57FE43439B2C292022C07 /* Forge.app */ = {isa = PBXFileReference; includeInIndex = 0; lastKnownFileType = wrapper.application; path = Forge.app; sourceTree = BUILT_PRODUCTS_DIR; };
		EB351FBEA8AA6FC931BA0513 /* SeedDataTests.swift */ = {isa = PBXFileReference; lastKnownFileType = sourcecode.swift; path = SeedDataTests.swift; sourceTree = "<group>"; };
		EB5AE8A52DF8668D58DDBB1E /* SessionEngine.swift */ = {isa = PBXFileReference; lastKnownFileType = sourcecode.swift; path = SessionEngine.swift; sourceTree = "<group>"; };
		EC85A81B8E1F7A929D18B110 /* WatchPausedView.swift */ = {isa = PBXFileReference; lastKnownFileType = sourcecode.swift; path = WatchPausedView.swift; sourceTree = "<group>"; };
		EC8B8E59288C5C63792EA9C4 /* TimeInterval+Format.swift */ = {isa = PBXFileReference; lastKnownFileType = sourcecode.swift; path = "TimeInterval+Format.swift"; sourceTree = "<group>"; };
		EDB05252C3385290E46CD28B /* SessionSummaryView.swift */ = {isa = PBXFileReference; lastKnownFileType = sourcecode.swift; path = SessionSummaryView.swift; sourceTree = "<group>"; };
		EEC1F0ACDA8DDBFDAFD1704B /* SetFaceView.swift */ = {isa = PBXFileReference; lastKnownFileType = sourcecode.swift; path = SetFaceView.swift; sourceTree = "<group>"; };
		EFA06A7FD33F088C57DFD1F4 /* RegressionTests.swift */ = {isa = PBXFileReference; lastKnownFileType = sourcecode.swift; path = RegressionTests.swift; sourceTree = "<group>"; };
		F31154E735A546935FB203FE /* AccessibilityModifiers.swift */ = {isa = PBXFileReference; lastKnownFileType = sourcecode.swift; path = AccessibilityModifiers.swift; sourceTree = "<group>"; };
		F88C23ED00BDC3B9F902D2C7 /* WatchSetFaceView.swift */ = {isa = PBXFileReference; lastKnownFileType = sourcecode.swift; path = WatchSetFaceView.swift; sourceTree = "<group>"; };
		FB5C9B09411D200757B680E9 /* ExerciseRepository.swift */ = {isa = PBXFileReference; lastKnownFileType = sourcecode.swift; path = ExerciseRepository.swift; sourceTree = "<group>"; };
/* End PBXFileReference section */

/* Begin PBXGroup section */
		13A9E88B45B1CC22B280557B /* Repositories */ = {
			isa = PBXGroup;
			children = (
				FB5C9B09411D200757B680E9 /* ExerciseRepository.swift */,
				75CB1816405B045486A7434B /* SessionRepository.swift */,
				17131A1643027FADAB1345F4 /* TemplateRepository.swift */,
			);
			path = Repositories;
			sourceTree = "<group>";
		};
		1922A1C44C7907E55CC62E97 /* Models */ = {
			isa = PBXGroup;
			children = (
				2330235FE8484DE072437B83 /* DTOs.swift */,
				C6D3586764518A83A7291E8E /* Enums.swift */,
				3874711DD55440559919564A /* Exercise.swift */,
				C8456B3DC1C848D273B6C1C9 /* Session.swift */,
				49AAB56ABE94FC3EFDCFF65D /* SessionExportModel.swift */,
				3A0157A9AF6A9C201CFA5D51 /* Template.swift */,
			);
			path = Models;
			sourceTree = "<group>";
		};
		2188F5033639C002B6002515 /* ForgeWatchComplication */ = {
			isa = PBXGroup;
			children = (
				D091FFD3FCA054955C7906DD /* ForgeWidgetBundle.swift */,
				53F96C2CB60B7F19408717F1 /* Info.plist */,
			);
			path = ForgeWatchComplication;
			sourceTree = "<group>";
		};
		2F8FF9B645AC6534CCDB290F /* Services */ = {
			isa = PBXGroup;
			children = (
				D76F106CD291B532B8CE07D4 /* WatchConnectivityService.swift */,
				81BD26D517141CB790279F0E /* WatchHealthKitService.swift */,
			);
			path = Services;
			sourceTree = "<group>";
		};
		311E2051DADBE1F837046D13 /* Settings */ = {
			isa = PBXGroup;
			children = (
				95DA534E6F179E8BE7F8B92A /* SettingsView.swift */,
			);
			path = Settings;
			sourceTree = "<group>";
		};
		374E0D6FC3590273C23804EB /* Repositories */ = {
			isa = PBXGroup;
			children = (
				95D217612E0E345AF0D86B23 /* ExerciseRepositoryTests.swift */,
				4325168E15F637F9B2453332 /* TemplateRepositoryTests.swift */,
			);
			path = Repositories;
			sourceTree = "<group>";
		};
		3896B4A3B1C740AC89B3D7B6 /* UI */ = {
			isa = PBXGroup;
			children = (
				79FD657D9ED00652E96104F1 /* Components */,
				A2D33D6070E0A78DC30AAF33 /* History */,
				B5BAF3AF05AA9F93C061B8A3 /* Home */,
				E38B7C246E90A1AA6A584E14 /* Onboarding */,
				F5607479C9204628D9AB8EC9 /* Session */,
				311E2051DADBE1F837046D13 /* Settings */,
				62ACE3B8C95A750EACB18B96 /* Templates */,
			);
			path = UI;
			sourceTree = "<group>";
		};
		3AED6A18EF01D7826E9D2488 /* Simulations */ = {
			isa = PBXGroup;
			children = (
				32892BA4FFC12FC7D050AD48 /* WorkoutSimulationTests.swift */,
			);
			path = Simulations;
			sourceTree = "<group>";
		};
		3F51DAC50C5F13D78BE52884 /* Performance */ = {
			isa = PBXGroup;
			children = (
				B4DADD5BD972DDC014A490E1 /* PerformanceTests.swift */,
			);
			path = Performance;
			sourceTree = "<group>";
		};
		41C0AEC32001AE1EA2640441 /* Resources */ = {
			isa = PBXGroup;
			children = (
				6BEBDDE289E2587F6AA4F309 /* ForgeExercises.json */,
				600FF361ED77CFCF51144D2F /* Products.storekit */,
			);
			path = Resources;
			sourceTree = "<group>";
		};
		4D92E0C67E2F7B85FC426E2E /* Products */ = {
			isa = PBXGroup;
			children = (
				EAD57FE43439B2C292022C07 /* Forge.app */,
				083616D473CEA14CCE83E1B6 /* ForgeTests.xctest */,
				31685D47D31E3DDDC140AB5A /* ForgeUITests.xctest */,
				32CD955AB86A1396DA9D8CC4 /* ForgeWatch.app */,
				8E3AF32C2E810FA815CBE58E /* ForgeWatchComplication.appex */,
				CEB26223EFA8DC9D74FDC778 /* ForgeWatchTests.xctest */,
			);
			name = Products;
			sourceTree = "<group>";
		};
		54A49080973A2245DC20BDD6 /* SeedData */ = {
			isa = PBXGroup;
			children = (
				EB351FBEA8AA6FC931BA0513 /* SeedDataTests.swift */,
			);
			path = SeedData;
			sourceTree = "<group>";
		};
		62ACE3B8C95A750EACB18B96 /* Templates */ = {
			isa = PBXGroup;
			children = (
				70A9A4229AECBF00099C4B5C /* ExercisePickerView.swift */,
				0A7B02841858F084B7526AD0 /* TemplateDetailView.swift */,
				9AB3E122A14418E845FBEE38 /* TemplateEditorView.swift */,
				0B0EA6A40A5DF0933DD1EAB3 /* TemplateListView.swift */,
			);
			path = Templates;
			sourceTree = "<group>";
		};
		63788AC99C321C33D154557D /* App */ = {
			isa = PBXGroup;
			children = (
				49FC536A90E73F46CE47AA78 /* ForgeWatchApp.swift */,
			);
			path = App;
			sourceTree = "<group>";
		};
		6F31778C3CB3BD016D24F8F8 /* Services */ = {
			isa = PBXGroup;
			children = (
				3D8D073F9CA2AC54BB9B7614 /* HealthKitServiceTests.swift */,
				144291A5F24427C4A40B431B /* iCloudServiceTests.swift */,
				BF9FCCAAB31A38D9E46A98F1 /* WatchSyncServiceTests.swift */,
				AAB1042BC17EE30C9A0D9D33 /* StoreKit */,
			);
			path = Services;
			sourceTree = "<group>";
		};
		79FD657D9ED00652E96104F1 /* Components */ = {
			isa = PBXGroup;
			children = (
				F31154E735A546935FB203FE /* AccessibilityModifiers.swift */,
				235CDAF768C95558E0653D3A /* ExerciseRowView.swift */,
				458FDD96879F38C9C5F8FCD2 /* ForgeTabView.swift */,
				8F4BE9EB736FCAF9DAC643C4 /* PreviewRepositories.swift */,
				ADFBFD0481AD48CE8A0D55D3 /* ProGateView.swift */,
				725DE6FDAFC7CDEC9D1C3421 /* TimerView.swift */,
			);
			path = Components;
			sourceTree = "<group>";
		};
		945741943784186FA0144CBC /* Engine */ = {
			isa = PBXGroup;
			children = (
				A925E022D694E583251C362C /* SessionEngineTests.swift */,
				9BBFCBDBF4958CB77BB6CC8E /* TimerSystemTests.swift */,
			);
			path = Engine;
			sourceTree = "<group>";
		};
		9875522809C4F9E012E929ED /* Extensions */ = {
			isa = PBXGroup;
			children = (
				84F35DB38C58EC71A5A3AED8 /* Color+Forge.swift */,
				EC8B8E59288C5C63792EA9C4 /* TimeInterval+Format.swift */,
			);
			path = Extensions;
			sourceTree = "<group>";
		};
		99F168C2C16AB9A3376B1D23 /* Extensions */ = {
			isa = PBXGroup;
			children = (
				7AB5E2C8A941D7048B7953BE /* Color+Forge.swift */,
				AEA7FDF56329B5273A332186 /* Data+GZip.swift */,
				5FB6245B83DF4162338B326C /* TimeInterval+Format.swift */,
				A60DCF0AEE8996BB6FB68F89 /* WeightFormatter.swift */,
			);
			path = Extensions;
			sourceTree = "<group>";
		};
		9CECBD1B460C270262779922 /* Engine */ = {
			isa = PBXGroup;
			children = (
				EB5AE8A52DF8668D58DDBB1E /* SessionEngine.swift */,
				D5BB74C3B77E1A654F02E2C0 /* TimerSystem.swift */,
			);
			path = Engine;
			sourceTree = "<group>";
		};
		A013EAC9A7AB0C01DF6CD058 /* UI */ = {
			isa = PBXGroup;
			children = (
				D9E2ECD7396CBC96746F9A31 /* Home */,
				F707CB07877DFACDA4B4BEB9 /* Session */,
			);
			path = UI;
			sourceTree = "<group>";
		};
		A2D33D6070E0A78DC30AAF33 /* History */ = {
			isa = PBXGroup;
			children = (
				26D2437C2211D5F2DC462ABC /* HistoryCalendarView.swift */,
				BCDC49EFD94C3B77419CE981 /* HistoryListView.swift */,
				CFEC2ABC5DDA13137949DB11 /* SessionDetailView.swift */,
			);
			path = History;
			sourceTree = "<group>";
		};
		A8EDD928972BE9F7AD6E8768 /* ForgeTests */ = {
			isa = PBXGroup;
			children = (
				945741943784186FA0144CBC /* Engine */,
				C95C22F97BF75133DFA25548 /* FeatureGate */,
				D927E07EAE7D1A03D08951BD /* Intents */,
				C8869BC2300006AB6BF1739B /* Mocks */,
				B6043756902B980E3C616B34 /* Models */,
				3F51DAC50C5F13D78BE52884 /* Performance */,
				EA498E121A23E0F8C3F42548 /* Regression */,
				374E0D6FC3590273C23804EB /* Repositories */,
				54A49080973A2245DC20BDD6 /* SeedData */,
				6F31778C3CB3BD016D24F8F8 /* Services */,
				3AED6A18EF01D7826E9D2488 /* Simulations */,
			);
			path = ForgeTests;
			sourceTree = "<group>";
		};
		A8FA4B33DB3985A509CBE0A1 /* ViewModels */ = {
			isa = PBXGroup;
			children = (
				A2576F712CF749F77CCFF968 /* HistoryViewModel.swift */,
				39B3160A8356665EB3812E4E /* SessionViewModel.swift */,
				4AD094723BDFD580DEE226D0 /* SettingsViewModel.swift */,
				B14F64D7B97C9EE6A562B96D /* TemplateViewModel.swift */,
			);
			path = ViewModels;
			sourceTree = "<group>";
		};
		A93B036E8903DAFDA386EB91 /* ForgeWatch */ = {
			isa = PBXGroup;
			children = (
				16F5654DD636EB5E24C2AA11 /* Info.plist */,
				63788AC99C321C33D154557D /* App */,
				9875522809C4F9E012E929ED /* Extensions */,
				2F8FF9B645AC6534CCDB290F /* Services */,
				A013EAC9A7AB0C01DF6CD058 /* UI */,
				F01367E3C1A9725B0E3495E2 /* ViewModels */,
			);
			path = ForgeWatch;
			sourceTree = "<group>";
		};
		AAB1042BC17EE30C9A0D9D33 /* StoreKit */ = {
			isa = PBXGroup;
			children = (
				14D23950C87306380BDC38AD /* StoreKitServiceTests.swift */,
			);
			path = StoreKit;
			sourceTree = "<group>";
		};
		B5BAF3AF05AA9F93C061B8A3 /* Home */ = {
			isa = PBXGroup;
			children = (
				3A93D068E7C8931BB782294A /* HomeView.swift */,
			);
			path = Home;
			sourceTree = "<group>";
		};
		B6043756902B980E3C616B34 /* Models */ = {
			isa = PBXGroup;
			children = (
				D88D7A980A9DCFC9FABD1717 /* ExerciseModelTests.swift */,
				6421B44BEF04DFCAC458EF10 /* SessionModelTests.swift */,
			);
			path = Models;
			sourceTree = "<group>";
		};
		C31349E3F02EFC1031777538 /* ForgeUITests */ = {
			isa = PBXGroup;
			children = (
				741A4DA61604D1C9D1D5FD63 /* ForgeNavigationTests.swift */,
				6A398D2245F77D45641AB920 /* ForgeUITests.swift */,
				E29D61439612CC96ABE04AF6 /* HistoryUITests.swift */,
				44EA388DEE82739E740BB422 /* SessionUITests.swift */,
				53F06232AF84AD46C1872648 /* SettingsUITests.swift */,
				71D6D962F152A12CB9B847EA /* TemplateUITests.swift */,
			);
			path = ForgeUITests;
			sourceTree = "<group>";
		};
		C8869BC2300006AB6BF1739B /* Mocks */ = {
			isa = PBXGroup;
			children = (
				9FC6DDFE8845917F50E28983 /* MockRepositories.swift */,
				501EEB01923D005D49F7E817 /* MockServices.swift */,
			);
			path = Mocks;
			sourceTree = "<group>";
		};
		C95C22F97BF75133DFA25548 /* FeatureGate */ = {
			isa = PBXGroup;
			children = (
				BA1E6AAD56D4D72A5D6F8A19 /* FeatureGateTests.swift */,
			);
			path = FeatureGate;
			sourceTree = "<group>";
		};
		D1F2D80870EE39D59801AAE9 /* ForgeWatchTests */ = {
			isa = PBXGroup;
			children = (
				AE49A2B4E6387B2ECA68E7E9 /* ForgeWatchTests.swift */,
				56570F6CEB477226AADCC768 /* WatchComplicationTests.swift */,
				4D6863F6F8412332CDAB9FEF /* WatchSessionViewModelTests.swift */,
			);
			path = ForgeWatchTests;
			sourceTree = "<group>";
		};
		D927E07EAE7D1A03D08951BD /* Intents */ = {
			isa = PBXGroup;
			children = (
				1383B496616DC59EEED7780B /* SessionIntentTests.swift */,
			);
			path = Intents;
			sourceTree = "<group>";
		};
		D9E2ECD7396CBC96746F9A31 /* Home */ = {
			isa = PBXGroup;
			children = (
				5B6896AFE79E054968A2A58C /* WatchHomeView.swift */,
			);
			path = Home;
			sourceTree = "<group>";
		};
		DD5E2466335F3E5F02761415 /* Forge */ = {
			isa = PBXGroup;
			children = (
				B8C9A59E5B07C7D1B2F352E1 /* Forge.entitlements */,
				5FDA55941BDB098A23EAE9CF /* Info.plist */,
				F58E162190EDFBD34CC2D4B6 /* App */,
				9CECBD1B460C270262779922 /* Engine */,
				99F168C2C16AB9A3376B1D23 /* Extensions */,
				FA3AEFF93C717A13528242E7 /* Intents */,
				1922A1C44C7907E55CC62E97 /* Models */,
				13A9E88B45B1CC22B280557B /* Repositories */,
				41C0AEC32001AE1EA2640441 /* Resources */,
				F3C76A1B3595A87855E241B2 /* Services */,
				3896B4A3B1C740AC89B3D7B6 /* UI */,
				A8FA4B33DB3985A509CBE0A1 /* ViewModels */,
			);
			path = Forge;
			sourceTree = "<group>";
		};
		E38B7C246E90A1AA6A584E14 /* Onboarding */ = {
			isa = PBXGroup;
			children = (
				3229B3590F7176F73C016BCE /* OnboardingView.swift */,
			);
			path = Onboarding;
			sourceTree = "<group>";
		};
		EA498E121A23E0F8C3F42548 /* Regression */ = {
			isa = PBXGroup;
			children = (
				EFA06A7FD33F088C57DFD1F4 /* RegressionTests.swift */,
			);
			path = Regression;
			sourceTree = "<group>";
		};
		EFCB33EBE3812EE38333409F = {
			isa = PBXGroup;
			children = (
				DD5E2466335F3E5F02761415 /* Forge */,
				A8EDD928972BE9F7AD6E8768 /* ForgeTests */,
				C31349E3F02EFC1031777538 /* ForgeUITests */,
				A93B036E8903DAFDA386EB91 /* ForgeWatch */,
				2188F5033639C002B6002515 /* ForgeWatchComplication */,
				D1F2D80870EE39D59801AAE9 /* ForgeWatchTests */,
				4D92E0C67E2F7B85FC426E2E /* Products */,
			);
			sourceTree = "<group>";
		};
		F01367E3C1A9725B0E3495E2 /* ViewModels */ = {
			isa = PBXGroup;
			children = (
				2362947FADA756F895E55A97 /* WatchSessionViewModel.swift */,
			);
			path = ViewModels;
			sourceTree = "<group>";
		};
		F3C76A1B3595A87855E241B2 /* Services */ = {
			isa = PBXGroup;
			children = (
				79BF794FC325C51FD549F2EC /* HealthKitService.swift */,
				426E1F93D943EB5E426E89D2 /* iCloudService.swift */,
				DB6CC01840EAACA4A5083775 /* ModelContainerFactory.swift */,
				454E747EFE01E4F56058A6DA /* SeedDataService.swift */,
				1D1A086A1FED45C448D72780 /* StoreKitService.swift */,
				623B3E8B1981D5C8A1FD827C /* WatchSyncService.swift */,
			);
			path = Services;
			sourceTree = "<group>";
		};
		F5607479C9204628D9AB8EC9 /* Session */ = {
			isa = PBXGroup;
			children = (
				1CAC8D0DAA4974CB1385A73E /* ActiveSessionView.swift */,
				ACA5CFDE0AA96D0BF56559A9 /* InputFaceView.swift */,
				8C6008C903630957C7EC7EB8 /* PausedFaceView.swift */,
				654D2EAD76768757989D73E9 /* RestFaceView.swift */,
				7070F07F593894978FE18104 /* ReviewBeforeSavingView.swift */,
				EDB05252C3385290E46CD28B /* SessionSummaryView.swift */,
				EEC1F0ACDA8DDBFDAFD1704B /* SetFaceView.swift */,
			);
			path = Session;
			sourceTree = "<group>";
		};
		F58E162190EDFBD34CC2D4B6 /* App */ = {
			isa = PBXGroup;
			children = (
				98F6EACE0D45A6701E1C8ADF /* AppModel.swift */,
				521DA2F35106996D8C88AE6D /* AppState.swift */,
				05290DDC05DE21433C241D01 /* ContentView.swift */,
				9CAF136A2212C7BAAD8461CD /* ForgeApp.swift */,
			);
			path = App;
			sourceTree = "<group>";
		};
		F707CB07877DFACDA4B4BEB9 /* Session */ = {
			isa = PBXGroup;
			children = (
				D7C0F4F5230B2AD368810570 /* WatchActiveSessionView.swift */,
				61F6046C6715B9E969C28687 /* WatchEndConfirmView.swift */,
				B4DFC42C5841737676A8F895 /* WatchInputFaceView.swift */,
				5D202D7F456977ACCCC080B4 /* WatchMusicControlsView.swift */,
				EC85A81B8E1F7A929D18B110 /* WatchPausedView.swift */,
				181D03B0C288D474E680BAB9 /* WatchRestFaceView.swift */,
				F88C23ED00BDC3B9F902D2C7 /* WatchSetFaceView.swift */,
			);
			path = Session;
			sourceTree = "<group>";
		};
		FA3AEFF93C717A13528242E7 /* Intents */ = {
			isa = PBXGroup;
			children = (
				AB4FB7CB7FABA790ACECF3AC /* SessionIntents.swift */,
			);
			path = Intents;
			sourceTree = "<group>";
		};
/* End PBXGroup section */

/* Begin PBXNativeTarget section */
		048EF5FF280B1128083FAB7B /* ForgeUITests */ = {
			isa = PBXNativeTarget;
			buildConfigurationList = 6BC4550D616EC74797620FCA /* Build configuration list for PBXNativeTarget "ForgeUITests" */;
			buildPhases = (
				F3113D6B5AD30C2FC45B1C87 /* Sources */,
			);
			buildRules = (
			);
			dependencies = (
				D3E0091C3B64DA6AF6FB0103 /* PBXTargetDependency */,
			);
			name = ForgeUITests;
			packageProductDependencies = (
			);
			productName = ForgeUITests;
			productReference = 31685D47D31E3DDDC140AB5A /* ForgeUITests.xctest */;
			productType = "com.apple.product-type.bundle.ui-testing";
		};
		5F22C4BF243CADE3796BFB9B /* ForgeWatchComplication */ = {
			isa = PBXNativeTarget;
			buildConfigurationList = 11C24DE654E2895C29312610 /* Build configuration list for PBXNativeTarget "ForgeWatchComplication" */;
			buildPhases = (
				A81477D8725B033830593051 /* Sources */,
			);
			buildRules = (
			);
			dependencies = (
			);
			name = ForgeWatchComplication;
			packageProductDependencies = (
			);
			productName = ForgeWatchComplication;
			productReference = 8E3AF32C2E810FA815CBE58E /* ForgeWatchComplication.appex */;
			productType = "com.apple.product-type.app-extension";
		};
		7F9BE0FCA95F530B2BDC1CF4 /* ForgeWatchTests */ = {
			isa = PBXNativeTarget;
			buildConfigurationList = 4E7572EBAC64FE95B762F556 /* Build configuration list for PBXNativeTarget "ForgeWatchTests" */;
			buildPhases = (
				BC40CD008743A23893369475 /* Sources */,
			);
			buildRules = (
			);
			dependencies = (
				C3D45110B1827096C5200B4B /* PBXTargetDependency */,
			);
			name = ForgeWatchTests;
			packageProductDependencies = (
			);
			productName = ForgeWatchTests;
			productReference = CEB26223EFA8DC9D74FDC778 /* ForgeWatchTests.xctest */;
			productType = "com.apple.product-type.bundle.unit-test";
		};
		B86A17B415789897E93F9B10 /* Forge */ = {
			isa = PBXNativeTarget;
			buildConfigurationList = 14C3B2F58A3E154141422499 /* Build configuration list for PBXNativeTarget "Forge" */;
			buildPhases = (
				54A6215C61489CB2E4C48797 /* Sources */,
				A16CEC7F4CECFBE8099E0D0C /* Resources */,
			);
			buildRules = (
			);
			dependencies = (
			);
			name = Forge;
			packageProductDependencies = (
			);
			productName = Forge;
			productReference = EAD57FE43439B2C292022C07 /* Forge.app */;
			productType = "com.apple.product-type.application";
		};
		BE45730CD0210B553EA333A3 /* ForgeWatch */ = {
			isa = PBXNativeTarget;
			buildConfigurationList = 9119696ABF2DAAFBCA9AABD1 /* Build configuration list for PBXNativeTarget "ForgeWatch" */;
			buildPhases = (
				E4C6E3503E0533234FD159DB /* Sources */,
			);
			buildRules = (
			);
			dependencies = (
			);
			name = ForgeWatch;
			packageProductDependencies = (
			);
			productName = ForgeWatch;
			productReference = 32CD955AB86A1396DA9D8CC4 /* ForgeWatch.app */;
			productType = "com.apple.product-type.application";
		};
		E67681C8A3FB60D1A136A1E4 /* ForgeTests */ = {
			isa = PBXNativeTarget;
			buildConfigurationList = FEAA56CCDEB51C2BA172EB8E /* Build configuration list for PBXNativeTarget "ForgeTests" */;
			buildPhases = (
				0F3390C797B685858251930A /* Sources */,
			);
			buildRules = (
			);
			dependencies = (
				EEE0D85C94E4F1E6D58FDEBB /* PBXTargetDependency */,
			);
			name = ForgeTests;
			packageProductDependencies = (
			);
			productName = ForgeTests;
			productReference = 083616D473CEA14CCE83E1B6 /* ForgeTests.xctest */;
			productType = "com.apple.product-type.bundle.unit-test";
		};
/* End PBXNativeTarget section */

/* Begin PBXProject section */
		DD0290201C0E580E7A86156E /* Project object */ = {
			isa = PBXProject;
			attributes = {
				BuildIndependentTargetsInParallel = YES;
				LastUpgradeCheck = 1430;
				TargetAttributes = {
					048EF5FF280B1128083FAB7B = {
						TestTargetID = B86A17B415789897E93F9B10;
					};
					5F22C4BF243CADE3796BFB9B = {
						DevelopmentTeam = "";
					};
					BE45730CD0210B553EA333A3 = {
						DevelopmentTeam = "";
					};
				};
			};
			buildConfigurationList = 6CD494A99F804B5C2D6C9DD2 /* Build configuration list for PBXProject "Forge" */;
			developmentRegion = en;
			hasScannedForEncodings = 0;
			knownRegions = (
				Base,
				en,
			);
			mainGroup = EFCB33EBE3812EE38333409F;
			minimizedProjectReferenceProxies = 1;
			preferredProjectObjectVersion = 77;
			productRefGroup = 4D92E0C67E2F7B85FC426E2E /* Products */;
			projectDirPath = "";
			projectRoot = "";
			targets = (
				B86A17B415789897E93F9B10 /* Forge */,
				E67681C8A3FB60D1A136A1E4 /* ForgeTests */,
				048EF5FF280B1128083FAB7B /* ForgeUITests */,
				BE45730CD0210B553EA333A3 /* ForgeWatch */,
				5F22C4BF243CADE3796BFB9B /* ForgeWatchComplication */,
				7F9BE0FCA95F530B2BDC1CF4 /* ForgeWatchTests */,
			);
		};
/* End PBXProject section */

/* Begin PBXResourcesBuildPhase section */
		A16CEC7F4CECFBE8099E0D0C /* Resources */ = {
			isa = PBXResourcesBuildPhase;
			buildActionMask = 2147483647;
			files = (
				CAD175B30AB98CCA298BE708 /* ForgeExercises.json in Resources */,
				1407A2D6298B4DEA2661A4B9 /* Products.storekit in Resources */,
			);
			runOnlyForDeploymentPostprocessing = 0;
		};
/* End PBXResourcesBuildPhase section */

/* Begin PBXSourcesBuildPhase section */
		0F3390C797B685858251930A /* Sources */ = {
			isa = PBXSourcesBuildPhase;
			buildActionMask = 2147483647;
			files = (
				14DFFBBFFA930D61600D0F3D /* ExerciseModelTests.swift in Sources */,
				45CAE51053B95E56F5606AD8 /* ExerciseRepositoryTests.swift in Sources */,
				F68AF271C512EF0D88A04CB0 /* FeatureGateTests.swift in Sources */,
				09ADE64480CF43024B267706 /* HealthKitServiceTests.swift in Sources */,
				99BC94C5D8DD8C85CD08AAD2 /* MockRepositories.swift in Sources */,
				A7C5ADB138BDE117F3A79907 /* MockServices.swift in Sources */,
				547891B2CC5A07844F4EEA30 /* PerformanceTests.swift in Sources */,
				37060F45914AA2E4F59323F6 /* RegressionTests.swift in Sources */,
				6A37B31F22189A871CADEF9A /* SeedDataTests.swift in Sources */,
				F3E83C6F49C8FC8F4ABF3059 /* SessionEngineTests.swift in Sources */,
				6E6641904BB967C41713F698 /* SessionIntentTests.swift in Sources */,
				ED848D9C8DBDF83FED2BBB6D /* SessionModelTests.swift in Sources */,
				BC3F3F588AA10D1A88812D1A /* StoreKitServiceTests.swift in Sources */,
				862A030C2A6D8B2E07060DC6 /* TemplateRepositoryTests.swift in Sources */,
				AE1C5BA1C5698824C6108A6B /* TimerSystemTests.swift in Sources */,
				4681AC26973231CC698CC6BB /* WatchSyncServiceTests.swift in Sources */,
				218A62D7ED3AA2B6885A8795 /* WorkoutSimulationTests.swift in Sources */,
				7B83BBD465B4CAD9D8AB7488 /* iCloudServiceTests.swift in Sources */,
			);
			runOnlyForDeploymentPostprocessing = 0;
		};
		54A6215C61489CB2E4C48797 /* Sources */ = {
			isa = PBXSourcesBuildPhase;
			buildActionMask = 2147483647;
			files = (
				8E9980CA774581C1FA0C8666 /* AccessibilityModifiers.swift in Sources */,
				2DE546C87551BF1D5E8BA430 /* ActiveSessionView.swift in Sources */,
				8E124C61D61CE1B5F5BD47E4 /* AppModel.swift in Sources */,
				502E7E2ACCA51C0C78C1C1DB /* AppState.swift in Sources */,
				36B7B4634DF545B365D9A509 /* Color+Forge.swift in Sources */,
				52EA6CC1911853CA6ADD40FD /* ContentView.swift in Sources */,
				5E5A66C6AF583A192C16D2BB /* DTOs.swift in Sources */,
				4A2ED58C4731B9F8D037AFA6 /* Data+GZip.swift in Sources */,
				AEA97EF9D4224BF7CBF09E09 /* Enums.swift in Sources */,
				12A7422BDEE0762762D252E0 /* Exercise.swift in Sources */,
				BA513D0B4ADCC2002F387D10 /* ExercisePickerView.swift in Sources */,
				E1819D1B27401DF6CA36451A /* ExerciseRepository.swift in Sources */,
				D08CE90D55F267F6BBC1513C /* ExerciseRowView.swift in Sources */,
				23C454AB11A7E777C571ED1D /* ForgeApp.swift in Sources */,
				3DBDA83CB3480DC759ADF508 /* ForgeTabView.swift in Sources */,
				A53E8E3F3C1F44ED2F17A32A /* HealthKitService.swift in Sources */,
				51AC924B398B9B481E9FB2EF /* HistoryCalendarView.swift in Sources */,
				079FF20133B639B12B142222 /* HistoryListView.swift in Sources */,
				52C860449F67BD88233A70A2 /* HistoryViewModel.swift in Sources */,
				056F161DB88BF30E0E668824 /* HomeView.swift in Sources */,
				4A7317A41424CA32506CB57A /* InputFaceView.swift in Sources */,
				7E31E7B43DFCCBA75C2468C0 /* ModelContainerFactory.swift in Sources */,
				1771E8252A800362F2E1FE2A /* OnboardingView.swift in Sources */,
				23848703B4494886123F095C /* PausedFaceView.swift in Sources */,
				7BC65E03CE1AA4155F148CFE /* PreviewRepositories.swift in Sources */,
				A07A73F41D0DE539E5143AF2 /* ProGateView.swift in Sources */,
				B0F84419293D0589D16BBA18 /* RestFaceView.swift in Sources */,
				85A0575586CEBD8C092FAA84 /* ReviewBeforeSavingView.swift in Sources */,
				F6664B8AFB322537B9C3FA69 /* SeedDataService.swift in Sources */,
				D7732239A0C576EB199C33B3 /* Session.swift in Sources */,
				7085DF134BE923C9A28B18F1 /* SessionDetailView.swift in Sources */,
				3C70A54064CE25974EBF4BC3 /* SessionEngine.swift in Sources */,
				C977D88FAF9877B4815F234F /* SessionExportModel.swift in Sources */,
				7E5A907D48506BE363D955FE /* SessionIntents.swift in Sources */,
				79AD6D817D345AFCCA17449C /* SessionRepository.swift in Sources */,
				6254F41F885E3051B42433B3 /* SessionSummaryView.swift in Sources */,
				736BC6F7AFB54E683D051A0B /* SessionViewModel.swift in Sources */,
				BF1CD5C5EE1E9BB0B5A1868C /* SetFaceView.swift in Sources */,
				7ABDD2B532D569F135F1A74B /* SettingsView.swift in Sources */,
				F8840B11EA17EE7FBBC3AFD5 /* SettingsViewModel.swift in Sources */,
				3699495803E642E855F58DE5 /* StoreKitService.swift in Sources */,
				34AB9941EA76CA5DD9CFA4D9 /* Template.swift in Sources */,
				EE0D298CC762A427794496D1 /* TemplateDetailView.swift in Sources */,
				988509AE275D00809A152C30 /* TemplateEditorView.swift in Sources */,
				6AFF785A9CA15269A4CD7CC3 /* TemplateListView.swift in Sources */,
				B13FDE6E9B7E9C3D38BAB56C /* TemplateRepository.swift in Sources */,
				6A4634063766D1B56A326601 /* TemplateViewModel.swift in Sources */,
				442D3C8B00AD82DDE3AB1204 /* TimeInterval+Format.swift in Sources */,
				096F3F000E2D5E8458653DEC /* TimerSystem.swift in Sources */,
				9818A5E7EFE415730DA6FFDB /* TimerView.swift in Sources */,
				490CA7BB509288EE2AB4204D /* WatchSyncService.swift in Sources */,
				9B8D4727D02E64F1CCC37C38 /* WeightFormatter.swift in Sources */,
				372585CB154B6E8FB36974B9 /* iCloudService.swift in Sources */,
			);
			runOnlyForDeploymentPostprocessing = 0;
		};
		A81477D8725B033830593051 /* Sources */ = {
			isa = PBXSourcesBuildPhase;
			buildActionMask = 2147483647;
			files = (
				78F820082201DB7953331DE0 /* ForgeWidgetBundle.swift in Sources */,
			);
			runOnlyForDeploymentPostprocessing = 0;
		};
		BC40CD008743A23893369475 /* Sources */ = {
			isa = PBXSourcesBuildPhase;
			buildActionMask = 2147483647;
			files = (
				6ADF6F42A9F42473196B96DF /* ForgeWatchTests.swift in Sources */,
				825C62825E0BB8C209EFCF7A /* WatchComplicationTests.swift in Sources */,
				479DB8172FA674CB5AC9D7C3 /* WatchSessionViewModelTests.swift in Sources */,
			);
			runOnlyForDeploymentPostprocessing = 0;
		};
		E4C6E3503E0533234FD159DB /* Sources */ = {
			isa = PBXSourcesBuildPhase;
			buildActionMask = 2147483647;
			files = (
				858842D1084669F6191F1E35 /* Color+Forge.swift in Sources */,
				A309D2EBDBBAD0C94F69657D /* ForgeWatchApp.swift in Sources */,
				008DED0E9E24BCCACE83127F /* TimeInterval+Format.swift in Sources */,
				958D685F04AC67142230BEBE /* WatchActiveSessionView.swift in Sources */,
				8331B6F4A284C181F13EC359 /* WatchConnectivityService.swift in Sources */,
				0457AEA94EA3415D13E1D445 /* WatchEndConfirmView.swift in Sources */,
				13886E213022500DDE6F5BAC /* WatchHealthKitService.swift in Sources */,
				56F9A8B1C65257FC3E9F12EC /* WatchHomeView.swift in Sources */,
				EF7A9136C49E18139DACC4B2 /* WatchInputFaceView.swift in Sources */,
				C1BDCB8FC57C049791754503 /* WatchMusicControlsView.swift in Sources */,
				3F51C210A611770472B3943B /* WatchPausedView.swift in Sources */,
				C8C00BA250859C9DE6D95950 /* WatchRestFaceView.swift in Sources */,
				A5B0F277EF753D089494CC23 /* WatchSessionViewModel.swift in Sources */,
				CC2E8D75383425A502FAC908 /* WatchSetFaceView.swift in Sources */,
			);
			runOnlyForDeploymentPostprocessing = 0;
		};
		F3113D6B5AD30C2FC45B1C87 /* Sources */ = {
			isa = PBXSourcesBuildPhase;
			buildActionMask = 2147483647;
			files = (
				F620DD0A9B62965E7D9F3681 /* ForgeNavigationTests.swift in Sources */,
				C83CE9A1A89CAA5855346736 /* ForgeUITests.swift in Sources */,
				1834C36DBB2761656914DBA1 /* HistoryUITests.swift in Sources */,
				1B60EE4ED07BC595D177042D /* SessionUITests.swift in Sources */,
				81E39742A0D3CB02B894392E /* SettingsUITests.swift in Sources */,
				B188AB7A0EB352D15D6E561E /* TemplateUITests.swift in Sources */,
			);
			runOnlyForDeploymentPostprocessing = 0;
		};
/* End PBXSourcesBuildPhase section */

/* Begin PBXTargetDependency section */
		C3D45110B1827096C5200B4B /* PBXTargetDependency */ = {
			isa = PBXTargetDependency;
			target = BE45730CD0210B553EA333A3 /* ForgeWatch */;
			targetProxy = F23DA84766C653E80720EF9C /* PBXContainerItemProxy */;
		};
		D3E0091C3B64DA6AF6FB0103 /* PBXTargetDependency */ = {
			isa = PBXTargetDependency;
			target = B86A17B415789897E93F9B10 /* Forge */;
			targetProxy = 3CCC01E0491824D759E4FCDD /* PBXContainerItemProxy */;
		};
		EEE0D85C94E4F1E6D58FDEBB /* PBXTargetDependency */ = {
			isa = PBXTargetDependency;
			target = B86A17B415789897E93F9B10 /* Forge */;
			targetProxy = 1853ED7F177D7138E479E34C /* PBXContainerItemProxy */;
		};
/* End PBXTargetDependency section */

/* Begin XCBuildConfiguration section */
		0F14B5D8D05C5B219B66A144 /* Release */ = {
			isa = XCBuildConfiguration;
			buildSettings = {
				BUNDLE_LOADER = "$(TEST_HOST)";
				CODE_SIGNING_ALLOWED = NO;
				CODE_SIGNING_REQUIRED = NO;
				CODE_SIGN_IDENTITY = "";
				LD_RUNPATH_SEARCH_PATHS = (
					"$(inherited)",
					"@executable_path/Frameworks",
					"@loader_path/Frameworks",
				);
				PRODUCT_BUNDLE_IDENTIFIER = com.forgegym.app.watchtests;
				SDKROOT = watchos;
				SKIP_INSTALL = YES;
				TARGETED_DEVICE_FAMILY = 4;
				TEST_HOST = "$(BUILT_PRODUCTS_DIR)/ForgeWatch.app/ForgeWatch";
				WATCHOS_DEPLOYMENT_TARGET = 10.0;
			};
			name = Release;
		};
		275F1B62694CF106F98B4CC6 /* Debug */ = {
			isa = XCBuildConfiguration;
			buildSettings = {
				BUNDLE_LOADER = "$(TEST_HOST)";
				CODE_SIGNING_ALLOWED = NO;
				CODE_SIGNING_REQUIRED = NO;
				CODE_SIGN_IDENTITY = "";
				LD_RUNPATH_SEARCH_PATHS = (
					"$(inherited)",
					"@executable_path/Frameworks",
					"@loader_path/Frameworks",
				);
				PRODUCT_BUNDLE_IDENTIFIER = com.forgegym.app.watchtests;
				SDKROOT = watchos;
				SKIP_INSTALL = YES;
				TARGETED_DEVICE_FAMILY = 4;
				TEST_HOST = "$(BUILT_PRODUCTS_DIR)/ForgeWatch.app/ForgeWatch";
				WATCHOS_DEPLOYMENT_TARGET = 10.0;
			};
			name = Debug;
		};
		37237D8E2CB2E31D541748FB /* Debug */ = {
			isa = XCBuildConfiguration;
			buildSettings = {
				BUNDLE_LOADER = "$(TEST_HOST)";
				CODE_SIGNING_ALLOWED = NO;
				CODE_SIGNING_REQUIRED = NO;
				CODE_SIGN_IDENTITY = "";
				IPHONEOS_DEPLOYMENT_TARGET = 17.0;
				LD_RUNPATH_SEARCH_PATHS = (
					"$(inherited)",
					"@executable_path/Frameworks",
					"@loader_path/Frameworks",
				);
				PRODUCT_BUNDLE_IDENTIFIER = com.forgegym.app.uitests;
				SDKROOT = iphoneos;
				TARGETED_DEVICE_FAMILY = "1,2";
				TEST_TARGET_NAME = Forge;
			};
			name = Debug;
		};
		442FDACF09C5FC0D7B846F4F /* Debug */ = {
			isa = XCBuildConfiguration;
			buildSettings = {
				ASSETCATALOG_COMPILER_APPICON_NAME = AppIcon;
				CODE_SIGN_ENTITLEMENTS = Forge/Forge.entitlements;
				CODE_SIGN_IDENTITY = "iPhone Developer";
				INFOPLIST_FILE = Forge/Info.plist;
				IPHONEOS_DEPLOYMENT_TARGET = 17.0;
				LD_RUNPATH_SEARCH_PATHS = (
					"$(inherited)",
					"@executable_path/Frameworks",
				);
				PRODUCT_BUNDLE_IDENTIFIER = com.forgegym.Forge;
				SDKROOT = iphoneos;
				TARGETED_DEVICE_FAMILY = "1,2";
			};
			name = Debug;
		};
		5F3EE62C5E2894F15CF4C802 /* Debug */ = {
			isa = XCBuildConfiguration;
			buildSettings = {
				ASSETCATALOG_COMPILER_APPICON_NAME = AppIcon;
				CODE_SIGNING_ALLOWED = NO;
				CODE_SIGNING_REQUIRED = NO;
				CODE_SIGN_IDENTITY = "";
				DEVELOPMENT_TEAM = "";
				INFOPLIST_FILE = ForgeWatch/Info.plist;
				PRODUCT_BUNDLE_IDENTIFIER = com.forgegym.app.watchkitapp;
				SDKROOT = watchos;
				SKIP_INSTALL = YES;
				TARGETED_DEVICE_FAMILY = 4;
				WATCHOS_DEPLOYMENT_TARGET = 10.0;
			};
			name = Debug;
		};
		6161F1C8570A23B93DE3C5C6 /* Release */ = {
			isa = XCBuildConfiguration;
			buildSettings = {
				ALWAYS_EMBED_SWIFT_STANDARD_LIBRARIES = YES;
				BUNDLE_LOADER = "$(TEST_HOST)";
				CODE_SIGNING_ALLOWED = NO;
				CODE_SIGNING_REQUIRED = NO;
				CODE_SIGN_IDENTITY = "";
				IPHONEOS_DEPLOYMENT_TARGET = 17.0;
				LD_RUNPATH_SEARCH_PATHS = (
					"$(inherited)",
					"@executable_path/Frameworks",
					"@loader_path/Frameworks",
				);
				PRODUCT_BUNDLE_IDENTIFIER = com.forgegym.app.tests;
				SDKROOT = iphoneos;
				TARGETED_DEVICE_FAMILY = "1,2";
				TEST_HOST = "$(BUILT_PRODUCTS_DIR)/Forge.app/Forge";
			};
			name = Release;
		};
		774CB535E210D2DCFF91892B /* Debug */ = {
			isa = XCBuildConfiguration;
			buildSettings = {
				CODE_SIGNING_ALLOWED = NO;
				CODE_SIGNING_REQUIRED = NO;
				CODE_SIGN_IDENTITY = "";
				DEVELOPMENT_TEAM = "";
				INFOPLIST_FILE = ForgeWatchComplication/Info.plist;
				LD_RUNPATH_SEARCH_PATHS = (
					"$(inherited)",
					"@executable_path/Frameworks",
					"@executable_path/../../Frameworks",
				);
				PRODUCT_BUNDLE_IDENTIFIER = com.forgegym.app.watchkitapp.complication;
				SDKROOT = watchos;
				SKIP_INSTALL = YES;
				TARGETED_DEVICE_FAMILY = 4;
				WATCHOS_DEPLOYMENT_TARGET = 10.0;
			};
			name = Debug;
		};
		ADFDCA4C5D72A86C4098208A /* Debug */ = {
			isa = XCBuildConfiguration;
			buildSettings = {
				ALWAYS_EMBED_SWIFT_STANDARD_LIBRARIES = YES;
				BUNDLE_LOADER = "$(TEST_HOST)";
				CODE_SIGNING_ALLOWED = NO;
				CODE_SIGNING_REQUIRED = NO;
				CODE_SIGN_IDENTITY = "";
				IPHONEOS_DEPLOYMENT_TARGET = 17.0;
				LD_RUNPATH_SEARCH_PATHS = (
					"$(inherited)",
					"@executable_path/Frameworks",
					"@loader_path/Frameworks",
				);
				PRODUCT_BUNDLE_IDENTIFIER = com.forgegym.app.tests;
				SDKROOT = iphoneos;
				TARGETED_DEVICE_FAMILY = "1,2";
				TEST_HOST = "$(BUILT_PRODUCTS_DIR)/Forge.app/Forge";
			};
			name = Debug;
		};
		AF7B7C6608444234562BD549 /* Release */ = {
			isa = XCBuildConfiguration;
			buildSettings = {
				ALWAYS_SEARCH_USER_PATHS = NO;
				CLANG_ANALYZER_NONNULL = YES;
				CLANG_ANALYZER_NUMBER_OBJECT_CONVERSION = YES_AGGRESSIVE;
				CLANG_CXX_LANGUAGE_STANDARD = "gnu++14";
				CLANG_CXX_LIBRARY = "libc++";
				CLANG_ENABLE_MODULES = YES;
				CLANG_ENABLE_OBJC_ARC = YES;
				CLANG_ENABLE_OBJC_WEAK = YES;
				CLANG_WARN_BLOCK_CAPTURE_AUTORELEASING = YES;
				CLANG_WARN_BOOL_CONVERSION = YES;
				CLANG_WARN_COMMA = YES;
				CLANG_WARN_CONSTANT_CONVERSION = YES;
				CLANG_WARN_DEPRECATED_OBJC_IMPLEMENTATIONS = YES;
				CLANG_WARN_DIRECT_OBJC_ISA_USAGE = YES_ERROR;
				CLANG_WARN_DOCUMENTATION_COMMENTS = YES;
				CLANG_WARN_EMPTY_BODY = YES;
				CLANG_WARN_ENUM_CONVERSION = YES;
				CLANG_WARN_INFINITE_RECURSION = YES;
				CLANG_WARN_INT_CONVERSION = YES;
				CLANG_WARN_NON_LITERAL_NULL_CONVERSION = YES;
				CLANG_WARN_OBJC_IMPLICIT_RETAIN_SELF = YES;
				CLANG_WARN_OBJC_LITERAL_CONVERSION = YES;
				CLANG_WARN_OBJC_ROOT_CLASS = YES_ERROR;
				CLANG_WARN_QUOTED_INCLUDE_IN_FRAMEWORK_HEADER = YES;
				CLANG_WARN_RANGE_LOOP_ANALYSIS = YES;
				CLANG_WARN_STRICT_PROTOTYPES = YES;
				CLANG_WARN_SUSPICIOUS_MOVE = YES;
				CLANG_WARN_UNGUARDED_AVAILABILITY = YES_AGGRESSIVE;
				CLANG_WARN_UNREACHABLE_CODE = YES;
				CLANG_WARN__DUPLICATE_METHOD_MATCH = YES;
				COPY_PHASE_STRIP = NO;
				DEBUG_INFORMATION_FORMAT = "dwarf-with-dsym";
				ENABLE_NS_ASSERTIONS = NO;
				ENABLE_STRICT_OBJC_MSGSEND = YES;
				GCC_C_LANGUAGE_STANDARD = gnu11;
				GCC_NO_COMMON_BLOCKS = YES;
				GCC_WARN_64_TO_32_BIT_CONVERSION = YES;
				GCC_WARN_ABOUT_RETURN_TYPE = YES_ERROR;
				GCC_WARN_UNDECLARED_SELECTOR = YES;
				GCC_WARN_UNINITIALIZED_AUTOS = YES_AGGRESSIVE;
				GCC_WARN_UNUSED_FUNCTION = YES;
				GCC_WARN_UNUSED_VARIABLE = YES;
				IPHONEOS_DEPLOYMENT_TARGET = 17.0;
				MTL_ENABLE_DEBUG_INFO = NO;
				MTL_FAST_MATH = YES;
				PRODUCT_NAME = "$(TARGET_NAME)";
				SWIFT_COMPILATION_MODE = wholemodule;
				SWIFT_OPTIMIZATION_LEVEL = "-O";
				SWIFT_VERSION = 6.0;
				WATCHOS_DEPLOYMENT_TARGET = 10.0;
			};
			name = Release;
		};
		BABE6FBABB009ABC6B5201BA /* Release */ = {
			isa = XCBuildConfiguration;
			buildSettings = {
				BUNDLE_LOADER = "$(TEST_HOST)";
				CODE_SIGNING_ALLOWED = NO;
				CODE_SIGNING_REQUIRED = NO;
				CODE_SIGN_IDENTITY = "";
				IPHONEOS_DEPLOYMENT_TARGET = 17.0;
				LD_RUNPATH_SEARCH_PATHS = (
					"$(inherited)",
					"@executable_path/Frameworks",
					"@loader_path/Frameworks",
				);
				PRODUCT_BUNDLE_IDENTIFIER = com.forgegym.app.uitests;
				SDKROOT = iphoneos;
				TARGETED_DEVICE_FAMILY = "1,2";
				TEST_TARGET_NAME = Forge;
			};
			name = Release;
		};
		CA5431A0961D90652011889D /* Release */ = {
			isa = XCBuildConfiguration;
			buildSettings = {
				ASSETCATALOG_COMPILER_APPICON_NAME = AppIcon;
				CODE_SIGN_ENTITLEMENTS = Forge/Forge.entitlements;
				CODE_SIGN_IDENTITY = "iPhone Developer";
				INFOPLIST_FILE = Forge/Info.plist;
				IPHONEOS_DEPLOYMENT_TARGET = 17.0;
				LD_RUNPATH_SEARCH_PATHS = (
					"$(inherited)",
					"@executable_path/Frameworks",
				);
				PRODUCT_BUNDLE_IDENTIFIER = com.forgegym.Forge;
				SDKROOT = iphoneos;
				TARGETED_DEVICE_FAMILY = "1,2";
			};
			name = Release;
		};
		DCC2F712BBF791A5AA4F603C /* Debug */ = {
			isa = XCBuildConfiguration;
			buildSettings = {
				ALWAYS_SEARCH_USER_PATHS = NO;
				CLANG_ANALYZER_NONNULL = YES;
				CLANG_ANALYZER_NUMBER_OBJECT_CONVERSION = YES_AGGRESSIVE;
				CLANG_CXX_LANGUAGE_STANDARD = "gnu++14";
				CLANG_CXX_LIBRARY = "libc++";
				CLANG_ENABLE_MODULES = YES;
				CLANG_ENABLE_OBJC_ARC = YES;
				CLANG_ENABLE_OBJC_WEAK = YES;
				CLANG_WARN_BLOCK_CAPTURE_AUTORELEASING = YES;
				CLANG_WARN_BOOL_CONVERSION = YES;
				CLANG_WARN_COMMA = YES;
				CLANG_WARN_CONSTANT_CONVERSION = YES;
				CLANG_WARN_DEPRECATED_OBJC_IMPLEMENTATIONS = YES;
				CLANG_WARN_DIRECT_OBJC_ISA_USAGE = YES_ERROR;
				CLANG_WARN_DOCUMENTATION_COMMENTS = YES;
				CLANG_WARN_EMPTY_BODY = YES;
				CLANG_WARN_ENUM_CONVERSION = YES;
				CLANG_WARN_INFINITE_RECURSION = YES;
				CLANG_WARN_INT_CONVERSION = YES;
				CLANG_WARN_NON_LITERAL_NULL_CONVERSION = YES;
				CLANG_WARN_OBJC_IMPLICIT_RETAIN_SELF = YES;
				CLANG_WARN_OBJC_LITERAL_CONVERSION = YES;
				CLANG_WARN_OBJC_ROOT_CLASS = YES_ERROR;
				CLANG_WARN_QUOTED_INCLUDE_IN_FRAMEWORK_HEADER = YES;
				CLANG_WARN_RANGE_LOOP_ANALYSIS = YES;
				CLANG_WARN_STRICT_PROTOTYPES = YES;
				CLANG_WARN_SUSPICIOUS_MOVE = YES;
				CLANG_WARN_UNGUARDED_AVAILABILITY = YES_AGGRESSIVE;
				CLANG_WARN_UNREACHABLE_CODE = YES;
				CLANG_WARN__DUPLICATE_METHOD_MATCH = YES;
				COPY_PHASE_STRIP = NO;
				DEBUG_INFORMATION_FORMAT = "dwarf-with-dsym";
				ENABLE_STRICT_OBJC_MSGSEND = YES;
				ENABLE_TESTABILITY = YES;
				GCC_C_LANGUAGE_STANDARD = gnu11;
				GCC_DYNAMIC_NO_PIC = NO;
				GCC_NO_COMMON_BLOCKS = YES;
				GCC_OPTIMIZATION_LEVEL = 0;
				GCC_PREPROCESSOR_DEFINITIONS = (
					"$(inherited)",
					"DEBUG=1",
				);
				GCC_WARN_64_TO_32_BIT_CONVERSION = YES;
				GCC_WARN_ABOUT_RETURN_TYPE = YES_ERROR;
				GCC_WARN_UNDECLARED_SELECTOR = YES;
				GCC_WARN_UNINITIALIZED_AUTOS = YES_AGGRESSIVE;
				GCC_WARN_UNUSED_FUNCTION = YES;
				GCC_WARN_UNUSED_VARIABLE = YES;
				IPHONEOS_DEPLOYMENT_TARGET = 17.0;
				MTL_ENABLE_DEBUG_INFO = INCLUDE_SOURCE;
				MTL_FAST_MATH = YES;
				ONLY_ACTIVE_ARCH = YES;
				PRODUCT_NAME = "$(TARGET_NAME)";
				SWIFT_ACTIVE_COMPILATION_CONDITIONS = DEBUG;
				SWIFT_OPTIMIZATION_LEVEL = "-Onone";
				SWIFT_VERSION = 6.0;
				WATCHOS_DEPLOYMENT_TARGET = 10.0;
			};
			name = Debug;
		};
		F1809181D75CD3F8AB5E73C0 /* Release */ = {
			isa = XCBuildConfiguration;
			buildSettings = {
				CODE_SIGNING_ALLOWED = NO;
				CODE_SIGNING_REQUIRED = NO;
				CODE_SIGN_IDENTITY = "";
				DEVELOPMENT_TEAM = "";
				INFOPLIST_FILE = ForgeWatchComplication/Info.plist;
				LD_RUNPATH_SEARCH_PATHS = (
					"$(inherited)",
					"@executable_path/Frameworks",
					"@executable_path/../../Frameworks",
				);
				PRODUCT_BUNDLE_IDENTIFIER = com.forgegym.app.watchkitapp.complication;
				SDKROOT = watchos;
				SKIP_INSTALL = YES;
				TARGETED_DEVICE_FAMILY = 4;
				WATCHOS_DEPLOYMENT_TARGET = 10.0;
			};
			name = Release;
		};
		FBAD726A8ECB20A7F2AEF884 /* Release */ = {
			isa = XCBuildConfiguration;
			buildSettings = {
				ASSETCATALOG_COMPILER_APPICON_NAME = AppIcon;
				CODE_SIGNING_ALLOWED = NO;
				CODE_SIGNING_REQUIRED = NO;
				CODE_SIGN_IDENTITY = "";
				DEVELOPMENT_TEAM = "";
				INFOPLIST_FILE = ForgeWatch/Info.plist;
				PRODUCT_BUNDLE_IDENTIFIER = com.forgegym.app.watchkitapp;
				SDKROOT = watchos;
				SKIP_INSTALL = YES;
				TARGETED_DEVICE_FAMILY = 4;
				WATCHOS_DEPLOYMENT_TARGET = 10.0;
			};
			name = Release;
		};
/* End XCBuildConfiguration section */

/* Begin XCConfigurationList section */
		11C24DE654E2895C29312610 /* Build configuration list for PBXNativeTarget "ForgeWatchComplication" */ = {
			isa = XCConfigurationList;
			buildConfigurations = (
				774CB535E210D2DCFF91892B /* Debug */,
				F1809181D75CD3F8AB5E73C0 /* Release */,
			);
			defaultConfigurationIsVisible = 0;
			defaultConfigurationName = Debug;
		};
		14C3B2F58A3E154141422499 /* Build configuration list for PBXNativeTarget "Forge" */ = {
			isa = XCConfigurationList;
			buildConfigurations = (
				442FDACF09C5FC0D7B846F4F /* Debug */,
				CA5431A0961D90652011889D /* Release */,
			);
			defaultConfigurationIsVisible = 0;
			defaultConfigurationName = Debug;
		};
		4E7572EBAC64FE95B762F556 /* Build configuration list for PBXNativeTarget "ForgeWatchTests" */ = {
			isa = XCConfigurationList;
			buildConfigurations = (
				275F1B62694CF106F98B4CC6 /* Debug */,
				0F14B5D8D05C5B219B66A144 /* Release */,
			);
			defaultConfigurationIsVisible = 0;
			defaultConfigurationName = Debug;
		};
		6BC4550D616EC74797620FCA /* Build configuration list for PBXNativeTarget "ForgeUITests" */ = {
			isa = XCConfigurationList;
			buildConfigurations = (
				37237D8E2CB2E31D541748FB /* Debug */,
				BABE6FBABB009ABC6B5201BA /* Release */,
			);
			defaultConfigurationIsVisible = 0;
			defaultConfigurationName = Debug;
		};
		6CD494A99F804B5C2D6C9DD2 /* Build configuration list for PBXProject "Forge" */ = {
			isa = XCConfigurationList;
			buildConfigurations = (
				DCC2F712BBF791A5AA4F603C /* Debug */,
				AF7B7C6608444234562BD549 /* Release */,
			);
			defaultConfigurationIsVisible = 0;
			defaultConfigurationName = Debug;
		};
		9119696ABF2DAAFBCA9AABD1 /* Build configuration list for PBXNativeTarget "ForgeWatch" */ = {
			isa = XCConfigurationList;
			buildConfigurations = (
				5F3EE62C5E2894F15CF4C802 /* Debug */,
				FBAD726A8ECB20A7F2AEF884 /* Release */,
			);
			defaultConfigurationIsVisible = 0;
			defaultConfigurationName = Debug;
		};
		FEAA56CCDEB51C2BA172EB8E /* Build configuration list for PBXNativeTarget "ForgeTests" */ = {
			isa = XCConfigurationList;
			buildConfigurations = (
				ADFDCA4C5D72A86C4098208A /* Debug */,
				6161F1C8570A23B93DE3C5C6 /* Release */,
			);
			defaultConfigurationIsVisible = 0;
			defaultConfigurationName = Debug;
		};
/* End XCConfigurationList section */
	};
	rootObject = DD0290201C0E580E7A86156E /* Project object */;
}
